// !$*UTF8*$!
{
	archiveVersion = 1;
	classes = {
	};
	objectVersion = 46;
	objects = {

/* Begin PBXBuildFile section */
		0C0E589C1A83CD540072D7E8 /* PackageMapController.mm in Sources */ = {isa = PBXBuildFile; fileRef = 0C0E589B1A83CD540072D7E8 /* PackageMapController.mm */; };
		0C1CF0651B134D27001A64AD /* HillshadeSampleController.mm in Sources */ = {isa = PBXBuildFile; fileRef = 0C1CF0641B134D27001A64AD /* HillshadeSampleController.mm */; };
		0C97CC471C09B26000336DF7 /* OfflineRoutingController.mm in Sources */ = {isa = PBXBuildFile; fileRef = 0C97CC461C09B26000336DF7 /* OfflineRoutingController.mm */; };
		2A319B43187C4F8F0004A3CB /* Foundation.framework in Frameworks */ = {isa = PBXBuildFile; fileRef = 2A319B42187C4F8F0004A3CB /* Foundation.framework */; };
		2A319B45187C4F8F0004A3CB /* CoreGraphics.framework in Frameworks */ = {isa = PBXBuildFile; fileRef = 2A319B44187C4F8F0004A3CB /* CoreGraphics.framework */; };
		2A319B47187C4F8F0004A3CB /* UIKit.framework in Frameworks */ = {isa = PBXBuildFile; fileRef = 2A319B46187C4F8F0004A3CB /* UIKit.framework */; };
		2AC270581941EFF9000CA859 /* MyMergedRasterTileDataSource.mm in Sources */ = {isa = PBXBuildFile; fileRef = 2AC270571941EFF9000CA859 /* MyMergedRasterTileDataSource.mm */; };
		2AD24F7518FEDAA6000969F4 /* AppDelegate.m in Sources */ = {isa = PBXBuildFile; fileRef = 2AD24F6A18FEDAA6000969F4 /* AppDelegate.m */; };
		2AD24F7918FEDAA6000969F4 /* main.m in Sources */ = {isa = PBXBuildFile; fileRef = 2AD24F6E18FEDAA6000969F4 /* main.m */; };
		2AD24F7A18FEDAA6000969F4 /* MyMapEventListener.mm in Sources */ = {isa = PBXBuildFile; fileRef = 2AD24F7018FEDAA6000969F4 /* MyMapEventListener.mm */; };
		2AD24F8518FEDB89000969F4 /* Images.xcassets in Resources */ = {isa = PBXBuildFile; fileRef = 2AD24F8418FEDB89000969F4 /* Images.xcassets */; };
		4D13E2801A6EB72600FA74DC /* CustomPopupSampleController.mm in Sources */ = {isa = PBXBuildFile; fileRef = 4D13E27F1A6EB72600FA74DC /* CustomPopupSampleController.mm */; };
		4D13E2831A6EB80200FA74DC /* MyCustomPopupHandler.mm in Sources */ = {isa = PBXBuildFile; fileRef = 4D13E2821A6EB80200FA74DC /* MyCustomPopupHandler.mm */; };
		4D2BE7091A52F86F0013ABB3 /* MapSampleBaseController.mm in Sources */ = {isa = PBXBuildFile; fileRef = 4D2BE7081A52F86F0013ABB3 /* MapSampleBaseController.mm */; };
		4D4B1F221D018B8D001C2F30 /* UITableContract.png in Resources */ = {isa = PBXBuildFile; fileRef = 4D4B1F191D018B8D001C2F30 /* UITableContract.png */; };
		4D4B1F231D018B8D001C2F30 /* UITableContract@2x.png in Resources */ = {isa = PBXBuildFile; fileRef = 4D4B1F1A1D018B8D001C2F30 /* UITableContract@2x.png */; };
		4D4B1F241D018B8D001C2F30 /* UITableExpand.png in Resources */ = {isa = PBXBuildFile; fileRef = 4D4B1F1B1D018B8D001C2F30 /* UITableExpand.png */; };
		4D4B1F251D018B8D001C2F30 /* UITableExpand@2x.png in Resources */ = {isa = PBXBuildFile; fileRef = 4D4B1F1C1D018B8D001C2F30 /* UITableExpand@2x.png */; };
		4D4B1F261D018B8D001C2F30 /* VPPDropDown.m in Sources */ = {isa = PBXBuildFile; fileRef = 4D4B1F1E1D018B8D001C2F30 /* VPPDropDown.m */; };
		4D4B1F271D018B8D001C2F30 /* VPPDropDownElement.m in Sources */ = {isa = PBXBuildFile; fileRef = 4D4B1F211D018B8D001C2F30 /* VPPDropDownElement.m */; };
		4D4B1F601D018C2A001C2F30 /* libz.tbd in Frameworks */ = {isa = PBXBuildFile; fileRef = 4D4B1F5F1D018C2A001C2F30 /* libz.tbd */; };
		4D4B1F621D01C37B001C2F30 /* MyVectorElementEventListener.mm in Sources */ = {isa = PBXBuildFile; fileRef = 4D4B1F611D01C37B001C2F30 /* MyVectorElementEventListener.mm */; };
		4D5749A51D8A856300387B2B /* BaseMapInteractivitySampleController.mm in Sources */ = {isa = PBXBuildFile; fileRef = 4D5749A41D8A856300387B2B /* BaseMapInteractivitySampleController.mm */; };
		4D94545E1A80E48D00D37B3B /* PackageManagerController.mm in Sources */ = {isa = PBXBuildFile; fileRef = 4D94545D1A80E48D00D37B3B /* PackageManagerController.mm */; };
		4DAF41AF1AD3C307004E7092 /* GroundOverlaySampleController.mm in Sources */ = {isa = PBXBuildFile; fileRef = 4DAF41AE1AD3C307004E7092 /* GroundOverlaySampleController.mm */; };
		4DC850081A0E718100C5124F /* LauncherListController.mm in Sources */ = {isa = PBXBuildFile; fileRef = 4DC850071A0E718100C5124F /* LauncherListController.mm */; };
		4DC8500C1A0E77CA00C5124F /* VectorMapSampleBaseController.mm in Sources */ = {isa = PBXBuildFile; fileRef = 4DC8500B1A0E77CA00C5124F /* VectorMapSampleBaseController.mm */; };
		4DC850101A0E7A5100C5124F /* PinSampleController.mm in Sources */ = {isa = PBXBuildFile; fileRef = 4DC8500F1A0E7A5100C5124F /* PinSampleController.mm */; };
		4DC850121A0E7DC500C5124F /* CustomRasterDataSourceSampleController.mm in Sources */ = {isa = PBXBuildFile; fileRef = 4DC850111A0E7DC500C5124F /* CustomRasterDataSourceSampleController.mm */; };
		4DEB06D01A10BDB7003D111C /* Overlays2DSampleController.mm in Sources */ = {isa = PBXBuildFile; fileRef = 4DEB06CF1A10BDB7003D111C /* Overlays2DSampleController.mm */; };
		4DEB06D21A10C103003D111C /* Overlays3DSampleController.mm in Sources */ = {isa = PBXBuildFile; fileRef = 4DEB06D11A10C103003D111C /* Overlays3DSampleController.mm */; };
		4DEB06D41A10C904003D111C /* MapListenerSampleController.mm in Sources */ = {isa = PBXBuildFile; fileRef = 4DEB06D31A10C904003D111C /* MapListenerSampleController.mm */; };
		4DEB06D81A10CDC0003D111C /* OfflineVectorMapSampleController.mm in Sources */ = {isa = PBXBuildFile; fileRef = 4DEB06D71A10CDC0003D111C /* OfflineVectorMapSampleController.mm */; };
		4DEB06DA1A10D3D1003D111C /* AerialMapSampleController.mm in Sources */ = {isa = PBXBuildFile; fileRef = 4DEB06D91A10D3D1003D111C /* AerialMapSampleController.mm */; };
		4DFC6C651B62235100AF8E06 /* ClusteredGeoJsonController.mm in Sources */ = {isa = PBXBuildFile; fileRef = 4DFC6C641B62235100AF8E06 /* ClusteredGeoJsonController.mm */; };
		4DFC6C6D1B6224D300AF8E06 /* ClusteredRandomPointsController.mm in Sources */ = {isa = PBXBuildFile; fileRef = 4DFC6C6C1B6224D300AF8E06 /* ClusteredRandomPointsController.mm */; };
		9A2A46DC69277B2945334956 /* libPods-AdvancedMap.Objective-C.a in Frameworks */ = {isa = PBXBuildFile; fileRef = B16806BB0D561BC919810AEC /* libPods-AdvancedMap.Objective-C.a */; };
		AD7A5D1F1D9ABE0700F5EE4E /* GLKit.framework in Frameworks */ = {isa = PBXBuildFile; fileRef = AD7A5D1D1D9ABE0700F5EE4E /* GLKit.framework */; };
		ADED5F141D92A31800AB2D13 /* 852-map-toolbar.png in Resources */ = {isa = PBXBuildFile; fileRef = ADED5EF51D92A31800AB2D13 /* 852-map-toolbar.png */; };
		ADED5F151D92A31800AB2D13 /* 852-map-toolbar@2x.png in Resources */ = {isa = PBXBuildFile; fileRef = ADED5EF61D92A31800AB2D13 /* 852-map-toolbar@2x.png */; };
		ADED5F161D92A31800AB2D13 /* 852-map-toolbar@3x.png in Resources */ = {isa = PBXBuildFile; fileRef = ADED5EF71D92A31800AB2D13 /* 852-map-toolbar@3x.png */; };
		ADED5F171D92A31800AB2D13 /* arrow.png in Resources */ = {isa = PBXBuildFile; fileRef = ADED5EF81D92A31800AB2D13 /* arrow.png */; };
		ADED5F181D92A31800AB2D13 /* arrow@2x.png in Resources */ = {isa = PBXBuildFile; fileRef = ADED5EF91D92A31800AB2D13 /* arrow@2x.png */; };
		ADED5F191D92A31800AB2D13 /* basic.zip in Resources */ = {isa = PBXBuildFile; fileRef = ADED5EFA1D92A31800AB2D13 /* basic.zip */; };
		ADED5F1A1D92A31800AB2D13 /* capitals_3857.geojson in Resources */ = {isa = PBXBuildFile; fileRef = ADED5EFB1D92A31800AB2D13 /* capitals_3857.geojson */; };
		ADED5F1B1D92A31800AB2D13 /* carto-fonts.zip in Resources */ = {isa = PBXBuildFile; fileRef = ADED5EFC1D92A31800AB2D13 /* carto-fonts.zip */; };
		ADED5F1C1D92A31800AB2D13 /* cartodark.zip in Resources */ = {isa = PBXBuildFile; fileRef = ADED5EFD1D92A31800AB2D13 /* cartodark.zip */; };
		ADED5F1D1D92A31800AB2D13 /* direction_down.png in Resources */ = {isa = PBXBuildFile; fileRef = ADED5EFE1D92A31800AB2D13 /* direction_down.png */; };
		ADED5F1E1D92A31800AB2D13 /* direction_up.png in Resources */ = {isa = PBXBuildFile; fileRef = ADED5EFF1D92A31800AB2D13 /* direction_up.png */; };
		ADED5F1F1D92A31800AB2D13 /* direction_upthenleft.png in Resources */ = {isa = PBXBuildFile; fileRef = ADED5F001D92A31800AB2D13 /* direction_upthenleft.png */; };
		ADED5F201D92A31800AB2D13 /* direction_upthenright.png in Resources */ = {isa = PBXBuildFile; fileRef = ADED5F011D92A31800AB2D13 /* direction_upthenright.png */; };
		ADED5F211D92A31800AB2D13 /* fcd_auto.nml in Resources */ = {isa = PBXBuildFile; fileRef = ADED5F021D92A31800AB2D13 /* fcd_auto.nml */; };
		ADED5F221D92A31800AB2D13 /* info.png in Resources */ = {isa = PBXBuildFile; fileRef = ADED5F031D92A31800AB2D13 /* info.png */; };
		ADED5F231D92A31800AB2D13 /* info@2x.png in Resources */ = {isa = PBXBuildFile; fileRef = ADED5F041D92A31800AB2D13 /* info@2x.png */; };
		ADED5F241D92A31800AB2D13 /* jefferson-building-ground-floor.jpg in Resources */ = {isa = PBXBuildFile; fileRef = ADED5F051D92A31800AB2D13 /* jefferson-building-ground-floor.jpg */; };
		ADED5F251D92A31800AB2D13 /* looseleaf.zip in Resources */ = {isa = PBXBuildFile; fileRef = ADED5F061D92A31800AB2D13 /* looseleaf.zip */; };
		ADED5F261D92A31800AB2D13 /* mapzen.zip in Resources */ = {isa = PBXBuildFile; fileRef = ADED5F071D92A31800AB2D13 /* mapzen.zip */; };
		ADED5F271D92A31800AB2D13 /* marker_black.png in Resources */ = {isa = PBXBuildFile; fileRef = ADED5F081D92A31800AB2D13 /* marker_black.png */; };
		ADED5F281D92A31800AB2D13 /* marker_red.png in Resources */ = {isa = PBXBuildFile; fileRef = ADED5F091D92A31800AB2D13 /* marker_red.png */; };
		ADED5F291D92A31800AB2D13 /* marker.png in Resources */ = {isa = PBXBuildFile; fileRef = ADED5F0A1D92A31800AB2D13 /* marker.png */; };
		ADED5F2A1D92A31800AB2D13 /* menu.png in Resources */ = {isa = PBXBuildFile; fileRef = ADED5F0B1D92A31800AB2D13 /* menu.png */; };
		ADED5F2B1D92A31800AB2D13 /* menu@2x.png in Resources */ = {isa = PBXBuildFile; fileRef = ADED5F0C1D92A31800AB2D13 /* menu@2x.png */; };
		ADED5F2C1D92A31800AB2D13 /* milktruck.nml in Resources */ = {isa = PBXBuildFile; fileRef = ADED5F0D1D92A31800AB2D13 /* milktruck.nml */; };
		ADED5F2D1D92A31800AB2D13 /* nutibright-contourstyle.zip in Resources */ = {isa = PBXBuildFile; fileRef = ADED5F0E1D92A31800AB2D13 /* nutibright-contourstyle.zip */; };
		ADED5F2E1D92A31800AB2D13 /* nutibright-v3.zip in Resources */ = {isa = PBXBuildFile; fileRef = ADED5F0F1D92A31800AB2D13 /* nutibright-v3.zip */; };
		ADED5F2F1D92A31800AB2D13 /* nutiteq-dark.zip in Resources */ = {isa = PBXBuildFile; fileRef = ADED5F101D92A31800AB2D13 /* nutiteq-dark.zip */; };
		ADED5F301D92A31800AB2D13 /* positron.zip in Resources */ = {isa = PBXBuildFile; fileRef = ADED5F111D92A31800AB2D13 /* positron.zip */; };
		ADED5F311D92A31800AB2D13 /* rome_ntvt.mbtiles in Resources */ = {isa = PBXBuildFile; fileRef = ADED5F121D92A31800AB2D13 /* rome_ntvt.mbtiles */; };
/* End PBXBuildFile section */

/* Begin PBXFileReference section */
		0C0E589B1A83CD540072D7E8 /* PackageMapController.mm */ = {isa = PBXFileReference; fileEncoding = 4; lastKnownFileType = sourcecode.cpp.objcpp; name = PackageMapController.mm; path = AdvancedMap/PackageMapController.mm; sourceTree = SOURCE_ROOT; };
		0C0E589D1A83CFD30072D7E8 /* PackageMapController.h */ = {isa = PBXFileReference; fileEncoding = 4; lastKnownFileType = sourcecode.c.h; name = PackageMapController.h; path = AdvancedMap/PackageMapController.h; sourceTree = SOURCE_ROOT; };
		0C1CF0641B134D27001A64AD /* HillshadeSampleController.mm */ = {isa = PBXFileReference; fileEncoding = 4; lastKnownFileType = sourcecode.cpp.objcpp; name = HillshadeSampleController.mm; path = AdvancedMap/HillshadeSampleController.mm; sourceTree = SOURCE_ROOT; };
		0C97CC461C09B26000336DF7 /* OfflineRoutingController.mm */ = {isa = PBXFileReference; fileEncoding = 4; lastKnownFileType = sourcecode.cpp.objcpp; name = OfflineRoutingController.mm; path = AdvancedMap/OfflineRoutingController.mm; sourceTree = SOURCE_ROOT; };
		2A319B3F187C4F8F0004A3CB /* AdvancedMap.Objective-C.app */ = {isa = PBXFileReference; explicitFileType = wrapper.application; includeInIndex = 0; path = "AdvancedMap.Objective-C.app"; sourceTree = BUILT_PRODUCTS_DIR; };
		2A319B42187C4F8F0004A3CB /* Foundation.framework */ = {isa = PBXFileReference; lastKnownFileType = wrapper.framework; name = Foundation.framework; path = System/Library/Frameworks/Foundation.framework; sourceTree = SDKROOT; };
		2A319B44187C4F8F0004A3CB /* CoreGraphics.framework */ = {isa = PBXFileReference; lastKnownFileType = wrapper.framework; name = CoreGraphics.framework; path = System/Library/Frameworks/CoreGraphics.framework; sourceTree = SDKROOT; };
		2A319B46187C4F8F0004A3CB /* UIKit.framework */ = {isa = PBXFileReference; lastKnownFileType = wrapper.framework; name = UIKit.framework; path = System/Library/Frameworks/UIKit.framework; sourceTree = SDKROOT; };
		2AC270561941EFF9000CA859 /* MyMergedRasterTileDataSource.h */ = {isa = PBXFileReference; fileEncoding = 4; lastKnownFileType = sourcecode.c.h; name = MyMergedRasterTileDataSource.h; path = AdvancedMap/MyMergedRasterTileDataSource.h; sourceTree = SOURCE_ROOT; };
		2AC270571941EFF9000CA859 /* MyMergedRasterTileDataSource.mm */ = {isa = PBXFileReference; fileEncoding = 4; lastKnownFileType = sourcecode.cpp.objcpp; name = MyMergedRasterTileDataSource.mm; path = AdvancedMap/MyMergedRasterTileDataSource.mm; sourceTree = SOURCE_ROOT; };
		2AD24F6918FEDAA6000969F4 /* AppDelegate.h */ = {isa = PBXFileReference; fileEncoding = 4; lastKnownFileType = sourcecode.c.h; name = AppDelegate.h; path = AdvancedMap/AppDelegate.h; sourceTree = SOURCE_ROOT; };
		2AD24F6A18FEDAA6000969F4 /* AppDelegate.m */ = {isa = PBXFileReference; fileEncoding = 4; lastKnownFileType = sourcecode.c.objc; name = AppDelegate.m; path = AdvancedMap/AppDelegate.m; sourceTree = SOURCE_ROOT; };
		2AD24F6E18FEDAA6000969F4 /* main.m */ = {isa = PBXFileReference; fileEncoding = 4; lastKnownFileType = sourcecode.c.objc; name = main.m; path = AdvancedMap/main.m; sourceTree = SOURCE_ROOT; };
		2AD24F6F18FEDAA6000969F4 /* MyMapEventListener.h */ = {isa = PBXFileReference; fileEncoding = 4; lastKnownFileType = sourcecode.c.h; name = MyMapEventListener.h; path = AdvancedMap/MyMapEventListener.h; sourceTree = SOURCE_ROOT; };
		2AD24F7018FEDAA6000969F4 /* MyMapEventListener.mm */ = {isa = PBXFileReference; fileEncoding = 4; lastKnownFileType = sourcecode.cpp.objcpp; name = MyMapEventListener.mm; path = AdvancedMap/MyMapEventListener.mm; sourceTree = SOURCE_ROOT; };
		2AD24F7318FEDAA6000969F4 /* AdvancedMap.Objective-C-Info.plist */ = {isa = PBXFileReference; fileEncoding = 4; lastKnownFileType = text.plist.xml; name = "AdvancedMap.Objective-C-Info.plist"; path = "AdvancedMap/AdvancedMap.Objective-C-Info.plist"; sourceTree = SOURCE_ROOT; };
		2AD24F7F18FEDB5C000969F4 /* en */ = {isa = PBXFileReference; lastKnownFileType = text.plist.strings; name = en; path = AdvancedMap/en.lproj/InfoPlist.strings; sourceTree = SOURCE_ROOT; };
		2AD24F8418FEDB89000969F4 /* Images.xcassets */ = {isa = PBXFileReference; lastKnownFileType = folder.assetcatalog; name = Images.xcassets; path = AdvancedMap/Images.xcassets; sourceTree = SOURCE_ROOT; };
		434F72035F7288C218D7B435 /* Pods-AdvancedMap.Objective-C.debug.xcconfig */ = {isa = PBXFileReference; includeInIndex = 1; lastKnownFileType = text.xcconfig; name = "Pods-AdvancedMap.Objective-C.debug.xcconfig"; path = "Pods/Target Support Files/Pods-AdvancedMap.Objective-C/Pods-AdvancedMap.Objective-C.debug.xcconfig"; sourceTree = "<group>"; };
		4D13E27F1A6EB72600FA74DC /* CustomPopupSampleController.mm */ = {isa = PBXFileReference; fileEncoding = 4; lastKnownFileType = sourcecode.cpp.objcpp; name = CustomPopupSampleController.mm; path = AdvancedMap/CustomPopupSampleController.mm; sourceTree = SOURCE_ROOT; };
		4D13E2821A6EB80200FA74DC /* MyCustomPopupHandler.mm */ = {isa = PBXFileReference; fileEncoding = 4; lastKnownFileType = sourcecode.cpp.objcpp; name = MyCustomPopupHandler.mm; path = AdvancedMap/MyCustomPopupHandler.mm; sourceTree = SOURCE_ROOT; };
		4D13E2841A6EB82600FA74DC /* MyCustomPopupHandler.h */ = {isa = PBXFileReference; fileEncoding = 4; lastKnownFileType = sourcecode.c.h; name = MyCustomPopupHandler.h; path = AdvancedMap/MyCustomPopupHandler.h; sourceTree = SOURCE_ROOT; };
		4D2BE7081A52F86F0013ABB3 /* MapSampleBaseController.mm */ = {isa = PBXFileReference; fileEncoding = 4; lastKnownFileType = sourcecode.cpp.objcpp; name = MapSampleBaseController.mm; path = AdvancedMap/MapSampleBaseController.mm; sourceTree = SOURCE_ROOT; };
		4D2BE70A1A52F89C0013ABB3 /* MapSampleBaseController.h */ = {isa = PBXFileReference; fileEncoding = 4; lastKnownFileType = sourcecode.c.h; name = MapSampleBaseController.h; path = AdvancedMap/MapSampleBaseController.h; sourceTree = SOURCE_ROOT; };
		4D4B1F191D018B8D001C2F30 /* UITableContract.png */ = {isa = PBXFileReference; lastKnownFileType = image.png; name = UITableContract.png; path = VPPDropDown/UITableContract.png; sourceTree = SOURCE_ROOT; };
		4D4B1F1A1D018B8D001C2F30 /* UITableContract@2x.png */ = {isa = PBXFileReference; lastKnownFileType = image.png; name = "UITableContract@2x.png"; path = "VPPDropDown/UITableContract@2x.png"; sourceTree = SOURCE_ROOT; };
		4D4B1F1B1D018B8D001C2F30 /* UITableExpand.png */ = {isa = PBXFileReference; lastKnownFileType = image.png; name = UITableExpand.png; path = VPPDropDown/UITableExpand.png; sourceTree = SOURCE_ROOT; };
		4D4B1F1C1D018B8D001C2F30 /* UITableExpand@2x.png */ = {isa = PBXFileReference; lastKnownFileType = image.png; name = "UITableExpand@2x.png"; path = "VPPDropDown/UITableExpand@2x.png"; sourceTree = SOURCE_ROOT; };
		4D4B1F1D1D018B8D001C2F30 /* VPPDropDown.h */ = {isa = PBXFileReference; fileEncoding = 4; lastKnownFileType = sourcecode.c.h; name = VPPDropDown.h; path = VPPDropDown/VPPDropDown.h; sourceTree = SOURCE_ROOT; };
		4D4B1F1E1D018B8D001C2F30 /* VPPDropDown.m */ = {isa = PBXFileReference; fileEncoding = 4; lastKnownFileType = sourcecode.c.objc; name = VPPDropDown.m; path = VPPDropDown/VPPDropDown.m; sourceTree = SOURCE_ROOT; };
		4D4B1F1F1D018B8D001C2F30 /* VPPDropDownDelegate.h */ = {isa = PBXFileReference; fileEncoding = 4; lastKnownFileType = sourcecode.c.h; name = VPPDropDownDelegate.h; path = VPPDropDown/VPPDropDownDelegate.h; sourceTree = SOURCE_ROOT; };
		4D4B1F201D018B8D001C2F30 /* VPPDropDownElement.h */ = {isa = PBXFileReference; fileEncoding = 4; lastKnownFileType = sourcecode.c.h; name = VPPDropDownElement.h; path = VPPDropDown/VPPDropDownElement.h; sourceTree = SOURCE_ROOT; };
		4D4B1F211D018B8D001C2F30 /* VPPDropDownElement.m */ = {isa = PBXFileReference; fileEncoding = 4; lastKnownFileType = sourcecode.c.objc; name = VPPDropDownElement.m; path = VPPDropDown/VPPDropDownElement.m; sourceTree = SOURCE_ROOT; };
		4D4B1F5F1D018C2A001C2F30 /* libz.tbd */ = {isa = PBXFileReference; lastKnownFileType = "sourcecode.text-based-dylib-definition"; name = libz.tbd; path = usr/lib/libz.tbd; sourceTree = SDKROOT; };
		4D4B1F611D01C37B001C2F30 /* MyVectorElementEventListener.mm */ = {isa = PBXFileReference; fileEncoding = 4; lastKnownFileType = sourcecode.cpp.objcpp; name = MyVectorElementEventListener.mm; path = AdvancedMap/MyVectorElementEventListener.mm; sourceTree = SOURCE_ROOT; };
		4D4B1F631D01C3BB001C2F30 /* MyVectorElementEventListener.h */ = {isa = PBXFileReference; lastKnownFileType = sourcecode.c.h; name = MyVectorElementEventListener.h; path = AdvancedMap/MyVectorElementEventListener.h; sourceTree = SOURCE_ROOT; };
		4D5749A41D8A856300387B2B /* BaseMapInteractivitySampleController.mm */ = {isa = PBXFileReference; fileEncoding = 4; lastKnownFileType = sourcecode.cpp.objcpp; name = BaseMapInteractivitySampleController.mm; path = AdvancedMap/BaseMapInteractivitySampleController.mm; sourceTree = SOURCE_ROOT; };
		4D94545D1A80E48D00D37B3B /* PackageManagerController.mm */ = {isa = PBXFileReference; fileEncoding = 4; lastKnownFileType = sourcecode.cpp.objcpp; name = PackageManagerController.mm; path = AdvancedMap/PackageManagerController.mm; sourceTree = SOURCE_ROOT; };
		4DAF41AE1AD3C307004E7092 /* GroundOverlaySampleController.mm */ = {isa = PBXFileReference; fileEncoding = 4; lastKnownFileType = sourcecode.cpp.objcpp; name = GroundOverlaySampleController.mm; path = AdvancedMap/GroundOverlaySampleController.mm; sourceTree = SOURCE_ROOT; };
		4DC850071A0E718100C5124F /* LauncherListController.mm */ = {isa = PBXFileReference; fileEncoding = 4; lastKnownFileType = sourcecode.cpp.objcpp; name = LauncherListController.mm; path = AdvancedMap/LauncherListController.mm; sourceTree = SOURCE_ROOT; };
		4DC8500A1A0E778900C5124F /* VectorMapSampleBaseController.h */ = {isa = PBXFileReference; fileEncoding = 4; lastKnownFileType = sourcecode.c.h; name = VectorMapSampleBaseController.h; path = AdvancedMap/VectorMapSampleBaseController.h; sourceTree = SOURCE_ROOT; };
		4DC8500B1A0E77CA00C5124F /* VectorMapSampleBaseController.mm */ = {isa = PBXFileReference; fileEncoding = 4; lastKnownFileType = sourcecode.cpp.objcpp; name = VectorMapSampleBaseController.mm; path = AdvancedMap/VectorMapSampleBaseController.mm; sourceTree = SOURCE_ROOT; };
		4DC8500F1A0E7A5100C5124F /* PinSampleController.mm */ = {isa = PBXFileReference; fileEncoding = 4; lastKnownFileType = sourcecode.cpp.objcpp; name = PinSampleController.mm; path = AdvancedMap/PinSampleController.mm; sourceTree = SOURCE_ROOT; };
		4DC850111A0E7DC500C5124F /* CustomRasterDataSourceSampleController.mm */ = {isa = PBXFileReference; fileEncoding = 4; lastKnownFileType = sourcecode.cpp.objcpp; name = CustomRasterDataSourceSampleController.mm; path = AdvancedMap/CustomRasterDataSourceSampleController.mm; sourceTree = SOURCE_ROOT; };
		4DEB06CF1A10BDB7003D111C /* Overlays2DSampleController.mm */ = {isa = PBXFileReference; fileEncoding = 4; lastKnownFileType = sourcecode.cpp.objcpp; name = Overlays2DSampleController.mm; path = AdvancedMap/Overlays2DSampleController.mm; sourceTree = SOURCE_ROOT; };
		4DEB06D11A10C103003D111C /* Overlays3DSampleController.mm */ = {isa = PBXFileReference; fileEncoding = 4; lastKnownFileType = sourcecode.cpp.objcpp; name = Overlays3DSampleController.mm; path = AdvancedMap/Overlays3DSampleController.mm; sourceTree = SOURCE_ROOT; };
		4DEB06D31A10C904003D111C /* MapListenerSampleController.mm */ = {isa = PBXFileReference; fileEncoding = 4; lastKnownFileType = sourcecode.cpp.objcpp; name = MapListenerSampleController.mm; path = AdvancedMap/MapListenerSampleController.mm; sourceTree = SOURCE_ROOT; };
		4DEB06D71A10CDC0003D111C /* OfflineVectorMapSampleController.mm */ = {isa = PBXFileReference; fileEncoding = 4; lastKnownFileType = sourcecode.cpp.objcpp; name = OfflineVectorMapSampleController.mm; path = AdvancedMap/OfflineVectorMapSampleController.mm; sourceTree = SOURCE_ROOT; };
		4DEB06D91A10D3D1003D111C /* AerialMapSampleController.mm */ = {isa = PBXFileReference; fileEncoding = 4; lastKnownFileType = sourcecode.cpp.objcpp; name = AerialMapSampleController.mm; path = AdvancedMap/AerialMapSampleController.mm; sourceTree = SOURCE_ROOT; };
		4DEB06DE1A10D8B3003D111C /* README.md */ = {isa = PBXFileReference; lastKnownFileType = net.daringfireball.markdown; path = README.md; sourceTree = "<group>"; };
		4DEB06DF1A10DF0F003D111C /* LauncherListController.h */ = {isa = PBXFileReference; fileEncoding = 4; lastKnownFileType = sourcecode.c.h; name = LauncherListController.h; path = AdvancedMap/LauncherListController.h; sourceTree = SOURCE_ROOT; };
		4DFC6C641B62235100AF8E06 /* ClusteredGeoJsonController.mm */ = {isa = PBXFileReference; fileEncoding = 4; lastKnownFileType = sourcecode.cpp.objcpp; name = ClusteredGeoJsonController.mm; path = AdvancedMap/ClusteredGeoJsonController.mm; sourceTree = SOURCE_ROOT; };
		4DFC6C6C1B6224D300AF8E06 /* ClusteredRandomPointsController.mm */ = {isa = PBXFileReference; fileEncoding = 4; lastKnownFileType = sourcecode.cpp.objcpp; name = ClusteredRandomPointsController.mm; path = AdvancedMap/ClusteredRandomPointsController.mm; sourceTree = SOURCE_ROOT; };
		65284DDA3D95F82D5DF6B11D /* Pods-AdvancedMap.Objective-C.release.xcconfig */ = {isa = PBXFileReference; includeInIndex = 1; lastKnownFileType = text.xcconfig; name = "Pods-AdvancedMap.Objective-C.release.xcconfig"; path = "Pods/Target Support Files/Pods-AdvancedMap.Objective-C/Pods-AdvancedMap.Objective-C.release.xcconfig"; sourceTree = "<group>"; };
		AD7A5D1D1D9ABE0700F5EE4E /* GLKit.framework */ = {isa = PBXFileReference; lastKnownFileType = wrapper.framework; name = GLKit.framework; path = /Applications/Xcode.app/Contents/Developer/Platforms/iPhoneOS.platform/Developer/SDKs/iPhoneOS9.3.sdk/System/Library/Frameworks/GLKit.framework; sourceTree = "<absolute>"; };
		ADED5EF51D92A31800AB2D13 /* 852-map-toolbar.png */ = {isa = PBXFileReference; lastKnownFileType = image.png; name = "852-map-toolbar.png"; path = "../../Assets/852-map-toolbar.png"; sourceTree = "<group>"; };
		ADED5EF61D92A31800AB2D13 /* 852-map-toolbar@2x.png */ = {isa = PBXFileReference; lastKnownFileType = image.png; name = "852-map-toolbar@2x.png"; path = "../../Assets/852-map-toolbar@2x.png"; sourceTree = "<group>"; };
		ADED5EF71D92A31800AB2D13 /* 852-map-toolbar@3x.png */ = {isa = PBXFileReference; lastKnownFileType = image.png; name = "852-map-toolbar@3x.png"; path = "../../Assets/852-map-toolbar@3x.png"; sourceTree = "<group>"; };
		ADED5EF81D92A31800AB2D13 /* arrow.png */ = {isa = PBXFileReference; lastKnownFileType = image.png; name = arrow.png; path = ../../Assets/arrow.png; sourceTree = "<group>"; };
		ADED5EF91D92A31800AB2D13 /* arrow@2x.png */ = {isa = PBXFileReference; lastKnownFileType = image.png; name = "arrow@2x.png"; path = "../../Assets/arrow@2x.png"; sourceTree = "<group>"; };
		ADED5EFA1D92A31800AB2D13 /* basic.zip */ = {isa = PBXFileReference; lastKnownFileType = archive.zip; name = basic.zip; path = ../../Assets/basic.zip; sourceTree = "<group>"; };
		ADED5EFB1D92A31800AB2D13 /* capitals_3857.geojson */ = {isa = PBXFileReference; fileEncoding = 4; lastKnownFileType = text; name = capitals_3857.geojson; path = ../../Assets/capitals_3857.geojson; sourceTree = "<group>"; };
		ADED5EFC1D92A31800AB2D13 /* carto-fonts.zip */ = {isa = PBXFileReference; lastKnownFileType = archive.zip; name = "carto-fonts.zip"; path = "../../Assets/carto-fonts.zip"; sourceTree = "<group>"; };
		ADED5EFD1D92A31800AB2D13 /* cartodark.zip */ = {isa = PBXFileReference; lastKnownFileType = archive.zip; name = cartodark.zip; path = ../../Assets/cartodark.zip; sourceTree = "<group>"; };
		ADED5EFE1D92A31800AB2D13 /* direction_down.png */ = {isa = PBXFileReference; lastKnownFileType = image.png; name = direction_down.png; path = ../../Assets/direction_down.png; sourceTree = "<group>"; };
		ADED5EFF1D92A31800AB2D13 /* direction_up.png */ = {isa = PBXFileReference; lastKnownFileType = image.png; name = direction_up.png; path = ../../Assets/direction_up.png; sourceTree = "<group>"; };
		ADED5F001D92A31800AB2D13 /* direction_upthenleft.png */ = {isa = PBXFileReference; lastKnownFileType = image.png; name = direction_upthenleft.png; path = ../../Assets/direction_upthenleft.png; sourceTree = "<group>"; };
		ADED5F011D92A31800AB2D13 /* direction_upthenright.png */ = {isa = PBXFileReference; lastKnownFileType = image.png; name = direction_upthenright.png; path = ../../Assets/direction_upthenright.png; sourceTree = "<group>"; };
		ADED5F021D92A31800AB2D13 /* fcd_auto.nml */ = {isa = PBXFileReference; lastKnownFileType = file; name = fcd_auto.nml; path = ../../Assets/fcd_auto.nml; sourceTree = "<group>"; };
		ADED5F031D92A31800AB2D13 /* info.png */ = {isa = PBXFileReference; lastKnownFileType = image.png; name = info.png; path = ../../Assets/info.png; sourceTree = "<group>"; };
		ADED5F041D92A31800AB2D13 /* info@2x.png */ = {isa = PBXFileReference; lastKnownFileType = image.png; name = "info@2x.png"; path = "../../Assets/info@2x.png"; sourceTree = "<group>"; };
		ADED5F051D92A31800AB2D13 /* jefferson-building-ground-floor.jpg */ = {isa = PBXFileReference; lastKnownFileType = image.jpeg; name = "jefferson-building-ground-floor.jpg"; path = "../../Assets/jefferson-building-ground-floor.jpg"; sourceTree = "<group>"; };
		ADED5F061D92A31800AB2D13 /* looseleaf.zip */ = {isa = PBXFileReference; lastKnownFileType = archive.zip; name = looseleaf.zip; path = ../../Assets/looseleaf.zip; sourceTree = "<group>"; };
		ADED5F071D92A31800AB2D13 /* mapzen.zip */ = {isa = PBXFileReference; lastKnownFileType = archive.zip; name = mapzen.zip; path = ../../Assets/mapzen.zip; sourceTree = "<group>"; };
		ADED5F081D92A31800AB2D13 /* marker_black.png */ = {isa = PBXFileReference; lastKnownFileType = image.png; name = marker_black.png; path = ../../Assets/marker_black.png; sourceTree = "<group>"; };
		ADED5F091D92A31800AB2D13 /* marker_red.png */ = {isa = PBXFileReference; lastKnownFileType = image.png; name = marker_red.png; path = ../../Assets/marker_red.png; sourceTree = "<group>"; };
		ADED5F0A1D92A31800AB2D13 /* marker.png */ = {isa = PBXFileReference; lastKnownFileType = image.png; name = marker.png; path = ../../Assets/marker.png; sourceTree = "<group>"; };
		ADED5F0B1D92A31800AB2D13 /* menu.png */ = {isa = PBXFileReference; lastKnownFileType = image.png; name = menu.png; path = ../../Assets/menu.png; sourceTree = "<group>"; };
		ADED5F0C1D92A31800AB2D13 /* menu@2x.png */ = {isa = PBXFileReference; lastKnownFileType = image.png; name = "menu@2x.png"; path = "../../Assets/menu@2x.png"; sourceTree = "<group>"; };
		ADED5F0D1D92A31800AB2D13 /* milktruck.nml */ = {isa = PBXFileReference; lastKnownFileType = file; name = milktruck.nml; path = ../../Assets/milktruck.nml; sourceTree = "<group>"; };
		ADED5F0E1D92A31800AB2D13 /* nutibright-contourstyle.zip */ = {isa = PBXFileReference; lastKnownFileType = archive.zip; name = "nutibright-contourstyle.zip"; path = "../../Assets/nutibright-contourstyle.zip"; sourceTree = "<group>"; };
		ADED5F0F1D92A31800AB2D13 /* nutibright-v3.zip */ = {isa = PBXFileReference; lastKnownFileType = archive.zip; name = "nutibright-v3.zip"; path = "../../Assets/nutibright-v3.zip"; sourceTree = "<group>"; };
		ADED5F101D92A31800AB2D13 /* nutiteq-dark.zip */ = {isa = PBXFileReference; lastKnownFileType = archive.zip; name = "nutiteq-dark.zip"; path = "../../Assets/nutiteq-dark.zip"; sourceTree = "<group>"; };
		ADED5F111D92A31800AB2D13 /* positron.zip */ = {isa = PBXFileReference; lastKnownFileType = archive.zip; name = positron.zip; path = ../../Assets/positron.zip; sourceTree = "<group>"; };
		ADED5F121D92A31800AB2D13 /* rome_ntvt.mbtiles */ = {isa = PBXFileReference; lastKnownFileType = file; name = rome_ntvt.mbtiles; path = ../../Assets/rome_ntvt.mbtiles; sourceTree = "<group>"; };
		B16806BB0D561BC919810AEC /* libPods-AdvancedMap.Objective-C.a */ = {isa = PBXFileReference; explicitFileType = archive.ar; includeInIndex = 0; path = "libPods-AdvancedMap.Objective-C.a"; sourceTree = BUILT_PRODUCTS_DIR; };
/* End PBXFileReference section */

/* Begin PBXFrameworksBuildPhase section */
		2A319B3C187C4F8F0004A3CB /* Frameworks */ = {
			isa = PBXFrameworksBuildPhase;
			buildActionMask = 2147483647;
			files = (
				4D4B1F601D018C2A001C2F30 /* libz.tbd in Frameworks */,
				2A319B45187C4F8F0004A3CB /* CoreGraphics.framework in Frameworks */,
				2A319B47187C4F8F0004A3CB /* UIKit.framework in Frameworks */,
				2A319B43187C4F8F0004A3CB /* Foundation.framework in Frameworks */,
				AD7A5D1F1D9ABE0700F5EE4E /* GLKit.framework in Frameworks */,
				9A2A46DC69277B2945334956 /* libPods-AdvancedMap.Objective-C.a in Frameworks */,
			);
			runOnlyForDeploymentPostprocessing = 0;
		};
/* End PBXFrameworksBuildPhase section */

/* Begin PBXGroup section */
		228777A0AAD6EEE6DCD37725 /* Pods */ = {
			isa = PBXGroup;
			children = (
				434F72035F7288C218D7B435 /* Pods-AdvancedMap.Objective-C.debug.xcconfig */,
				65284DDA3D95F82D5DF6B11D /* Pods-AdvancedMap.Objective-C.release.xcconfig */,
			);
			name = Pods;
			sourceTree = "<group>";
		};
		2A319B36187C4F8F0004A3CB = {
			isa = PBXGroup;
			children = (
				2A319B48187C4F8F0004A3CB /* AdvancedMap.Objective-C */,
				2A319B41187C4F8F0004A3CB /* Frameworks */,
				2A319B40187C4F8F0004A3CB /* Products */,
				4DEB06DE1A10D8B3003D111C /* README.md */,
				4DB60ECD1A16614A00A6AF18 /* VPPDropDown */,
				228777A0AAD6EEE6DCD37725 /* Pods */,
			);
			sourceTree = "<group>";
		};
		2A319B40187C4F8F0004A3CB /* Products */ = {
			isa = PBXGroup;
			children = (
				2A319B3F187C4F8F0004A3CB /* AdvancedMap.Objective-C.app */,
			);
			name = Products;
			sourceTree = "<group>";
		};
		2A319B41187C4F8F0004A3CB /* Frameworks */ = {
			isa = PBXGroup;
			children = (
				4D4B1F5F1D018C2A001C2F30 /* libz.tbd */,
				AD7A5D1D1D9ABE0700F5EE4E /* GLKit.framework */,
				2A319B42187C4F8F0004A3CB /* Foundation.framework */,
				2A319B44187C4F8F0004A3CB /* CoreGraphics.framework */,
				2A319B46187C4F8F0004A3CB /* UIKit.framework */,
				B16806BB0D561BC919810AEC /* libPods-AdvancedMap.Objective-C.a */,
			);
			name = Frameworks;
			sourceTree = "<group>";
		};
		2A319B48187C4F8F0004A3CB /* AdvancedMap.Objective-C */ = {
			isa = PBXGroup;
			children = (
				ADED5EF41D92A30200AB2D13 /* Assets */,
				4DC42AAD1B622C630022CA0C /* Controllers */,
				4DEB06D61A10CD88003D111C /* Data Sources */,
				4DEB06D51A10C94E003D111C /* Listeners */,
				4D13E2811A6EB7E300FA74DC /* Vector Elements */,
				2AD24F7D18FEDAE0000969F4 /* Supporting Files */,
				2AD24F8418FEDB89000969F4 /* Images.xcassets */,
				2AD24F6918FEDAA6000969F4 /* AppDelegate.h */,
				2AD24F6A18FEDAA6000969F4 /* AppDelegate.m */,
			);
			name = "AdvancedMap.Objective-C";
			path = AdvancedMap;
			sourceTree = "<group>";
		};
		2AD24F7D18FEDAE0000969F4 /* Supporting Files */ = {
			isa = PBXGroup;
			children = (
				2AD24F7E18FEDB5C000969F4 /* InfoPlist.strings */,
				2AD24F6E18FEDAA6000969F4 /* main.m */,
				2AD24F7318FEDAA6000969F4 /* AdvancedMap.Objective-C-Info.plist */,
			);
			name = "Supporting Files";
			sourceTree = "<group>";
		};
		4D13E2811A6EB7E300FA74DC /* Vector Elements */ = {
			isa = PBXGroup;
			children = (
				4D13E2821A6EB80200FA74DC /* MyCustomPopupHandler.mm */,
				4D13E2841A6EB82600FA74DC /* MyCustomPopupHandler.h */,
			);
			name = "Vector Elements";
			sourceTree = "<group>";
		};
		4DB60ECD1A16614A00A6AF18 /* VPPDropDown */ = {
			isa = PBXGroup;
			children = (
				4D4B1F191D018B8D001C2F30 /* UITableContract.png */,
				4D4B1F1A1D018B8D001C2F30 /* UITableContract@2x.png */,
				4D4B1F1B1D018B8D001C2F30 /* UITableExpand.png */,
				4D4B1F1C1D018B8D001C2F30 /* UITableExpand@2x.png */,
				4D4B1F1D1D018B8D001C2F30 /* VPPDropDown.h */,
				4D4B1F1E1D018B8D001C2F30 /* VPPDropDown.m */,
				4D4B1F1F1D018B8D001C2F30 /* VPPDropDownDelegate.h */,
				4D4B1F201D018B8D001C2F30 /* VPPDropDownElement.h */,
				4D4B1F211D018B8D001C2F30 /* VPPDropDownElement.m */,
			);
			name = VPPDropDown;
			path = sdk_3d_ios_app;
			sourceTree = "<group>";
		};
		4DC42AAD1B622C630022CA0C /* Controllers */ = {
			isa = PBXGroup;
			children = (
				AD860A6B1D7DA103005994B2 /* Base */,
				AD860A6C1D7DA117005994B2 /* List */,
				4DFC6C6C1B6224D300AF8E06 /* ClusteredRandomPointsController.mm */,
				4D5749A41D8A856300387B2B /* BaseMapInteractivitySampleController.mm */,
				4DFC6C641B62235100AF8E06 /* ClusteredGeoJsonController.mm */,
				0C97CC461C09B26000336DF7 /* OfflineRoutingController.mm */,
				4DC8500F1A0E7A5100C5124F /* PinSampleController.mm */,
				4DEB06CF1A10BDB7003D111C /* Overlays2DSampleController.mm */,
				0C1CF0641B134D27001A64AD /* HillshadeSampleController.mm */,
				4DEB06D11A10C103003D111C /* Overlays3DSampleController.mm */,
				4DEB06D31A10C904003D111C /* MapListenerSampleController.mm */,
				4DC850111A0E7DC500C5124F /* CustomRasterDataSourceSampleController.mm */,
				4DEB06D71A10CDC0003D111C /* OfflineVectorMapSampleController.mm */,
				4DEB06D91A10D3D1003D111C /* AerialMapSampleController.mm */,
				4D13E27F1A6EB72600FA74DC /* CustomPopupSampleController.mm */,
				0C0E589D1A83CFD30072D7E8 /* PackageMapController.h */,
				0C0E589B1A83CD540072D7E8 /* PackageMapController.mm */,
				4DAF41AE1AD3C307004E7092 /* GroundOverlaySampleController.mm */,
			);
			name = Controllers;
			sourceTree = "<group>";
		};
		4DEB06D51A10C94E003D111C /* Listeners */ = {
			isa = PBXGroup;
			children = (
				2AD24F6F18FEDAA6000969F4 /* MyMapEventListener.h */,
				2AD24F7018FEDAA6000969F4 /* MyMapEventListener.mm */,
				4D4B1F611D01C37B001C2F30 /* MyVectorElementEventListener.mm */,
				4D4B1F631D01C3BB001C2F30 /* MyVectorElementEventListener.h */,
			);
			name = Listeners;
			sourceTree = "<group>";
		};
		4DEB06D61A10CD88003D111C /* Data Sources */ = {
			isa = PBXGroup;
			children = (
				2AC270561941EFF9000CA859 /* MyMergedRasterTileDataSource.h */,
				2AC270571941EFF9000CA859 /* MyMergedRasterTileDataSource.mm */,
			);
			name = "Data Sources";
			sourceTree = "<group>";
		};
		AD860A6B1D7DA103005994B2 /* Base */ = {
			isa = PBXGroup;
			children = (
				4D2BE70A1A52F89C0013ABB3 /* MapSampleBaseController.h */,
				4D2BE7081A52F86F0013ABB3 /* MapSampleBaseController.mm */,
				4DC8500A1A0E778900C5124F /* VectorMapSampleBaseController.h */,
				4DC8500B1A0E77CA00C5124F /* VectorMapSampleBaseController.mm */,
			);
			name = Base;
			sourceTree = "<group>";
		};
		AD860A6C1D7DA117005994B2 /* List */ = {
			isa = PBXGroup;
			children = (
				4DEB06DF1A10DF0F003D111C /* LauncherListController.h */,
				4DC850071A0E718100C5124F /* LauncherListController.mm */,
				4D94545D1A80E48D00D37B3B /* PackageManagerController.mm */,
			);
			name = List;
			sourceTree = "<group>";
		};
		ADED5EF41D92A30200AB2D13 /* Assets */ = {
			isa = PBXGroup;
			children = (
				ADED5EF51D92A31800AB2D13 /* 852-map-toolbar.png */,
				ADED5EF61D92A31800AB2D13 /* 852-map-toolbar@2x.png */,
				ADED5EF71D92A31800AB2D13 /* 852-map-toolbar@3x.png */,
				ADED5EF81D92A31800AB2D13 /* arrow.png */,
				ADED5EF91D92A31800AB2D13 /* arrow@2x.png */,
				ADED5EFA1D92A31800AB2D13 /* basic.zip */,
				ADED5EFB1D92A31800AB2D13 /* capitals_3857.geojson */,
				ADED5EFC1D92A31800AB2D13 /* carto-fonts.zip */,
				ADED5EFD1D92A31800AB2D13 /* cartodark.zip */,
				ADED5EFE1D92A31800AB2D13 /* direction_down.png */,
				ADED5EFF1D92A31800AB2D13 /* direction_up.png */,
				ADED5F001D92A31800AB2D13 /* direction_upthenleft.png */,
				ADED5F011D92A31800AB2D13 /* direction_upthenright.png */,
				ADED5F021D92A31800AB2D13 /* fcd_auto.nml */,
				ADED5F031D92A31800AB2D13 /* info.png */,
				ADED5F041D92A31800AB2D13 /* info@2x.png */,
				ADED5F051D92A31800AB2D13 /* jefferson-building-ground-floor.jpg */,
				ADED5F061D92A31800AB2D13 /* looseleaf.zip */,
				ADED5F071D92A31800AB2D13 /* mapzen.zip */,
				ADED5F081D92A31800AB2D13 /* marker_black.png */,
				ADED5F091D92A31800AB2D13 /* marker_red.png */,
				ADED5F0A1D92A31800AB2D13 /* marker.png */,
				ADED5F0B1D92A31800AB2D13 /* menu.png */,
				ADED5F0C1D92A31800AB2D13 /* menu@2x.png */,
				ADED5F0D1D92A31800AB2D13 /* milktruck.nml */,
				ADED5F0E1D92A31800AB2D13 /* nutibright-contourstyle.zip */,
				ADED5F0F1D92A31800AB2D13 /* nutibright-v3.zip */,
				ADED5F101D92A31800AB2D13 /* nutiteq-dark.zip */,
				ADED5F111D92A31800AB2D13 /* positron.zip */,
				ADED5F121D92A31800AB2D13 /* rome_ntvt.mbtiles */,
			);
			name = Assets;
			sourceTree = "<group>";
		};
/* End PBXGroup section */

/* Begin PBXNativeTarget section */
		2A319B3E187C4F8F0004A3CB /* AdvancedMap.Objective-C */ = {
			isa = PBXNativeTarget;
			buildConfigurationList = 2A319B74187C4F8F0004A3CB /* Build configuration list for PBXNativeTarget "AdvancedMap.Objective-C" */;
			buildPhases = (
				41279C8D40EDB3B5E58DA99F /* [CP] Check Pods Manifest.lock */,
				2A319B3B187C4F8F0004A3CB /* Sources */,
				2A319B3C187C4F8F0004A3CB /* Frameworks */,
				2A319B3D187C4F8F0004A3CB /* Resources */,
				E12017B7FB19227B0301AAC9 /* [CP] Embed Pods Frameworks */,
				DAB242C9203C6AEECA59E6DF /* [CP] Copy Pods Resources */,
			);
			buildRules = (
			);
			dependencies = (
			);
			name = "AdvancedMap.Objective-C";
			productName = sdk_3d_ios_app;
			productReference = 2A319B3F187C4F8F0004A3CB /* AdvancedMap.Objective-C.app */;
			productType = "com.apple.product-type.application";
		};
/* End PBXNativeTarget section */

/* Begin PBXProject section */
		2A319B37187C4F8F0004A3CB /* Project object */ = {
			isa = PBXProject;
			attributes = {
				LastUpgradeCheck = 0730;
				ORGANIZATIONNAME = Nutiteq;
				TargetAttributes = {
					2A319B3E187C4F8F0004A3CB = {
						DevelopmentTeam = 4SEU7F9DVX;
					};
				};
			};
			buildConfigurationList = 2A319B3A187C4F8F0004A3CB /* Build configuration list for PBXProject "AdvancedMap.Objective-C" */;
			compatibilityVersion = "Xcode 3.2";
			developmentRegion = English;
			hasScannedForEncodings = 0;
			knownRegions = (
				en,
				Base,
			);
			mainGroup = 2A319B36187C4F8F0004A3CB;
			productRefGroup = 2A319B40187C4F8F0004A3CB /* Products */;
			projectDirPath = "";
			projectRoot = "";
			targets = (
				2A319B3E187C4F8F0004A3CB /* AdvancedMap.Objective-C */,
			);
		};
/* End PBXProject section */

/* Begin PBXResourcesBuildPhase section */
		2A319B3D187C4F8F0004A3CB /* Resources */ = {
			isa = PBXResourcesBuildPhase;
			buildActionMask = 2147483647;
			files = (
				ADED5F311D92A31800AB2D13 /* rome_ntvt.mbtiles in Resources */,
				ADED5F141D92A31800AB2D13 /* 852-map-toolbar.png in Resources */,
				4D4B1F241D018B8D001C2F30 /* UITableExpand.png in Resources */,
				ADED5F271D92A31800AB2D13 /* marker_black.png in Resources */,
				ADED5F191D92A31800AB2D13 /* basic.zip in Resources */,
				ADED5F2A1D92A31800AB2D13 /* menu.png in Resources */,
				ADED5F251D92A31800AB2D13 /* looseleaf.zip in Resources */,
				ADED5F2B1D92A31800AB2D13 /* menu@2x.png in Resources */,
				2AD24F8518FEDB89000969F4 /* Images.xcassets in Resources */,
				ADED5F2E1D92A31800AB2D13 /* nutibright-v3.zip in Resources */,
				4D4B1F251D018B8D001C2F30 /* UITableExpand@2x.png in Resources */,
				ADED5F261D92A31800AB2D13 /* mapzen.zip in Resources */,
				ADED5F291D92A31800AB2D13 /* marker.png in Resources */,
				ADED5F171D92A31800AB2D13 /* arrow.png in Resources */,
				ADED5F151D92A31800AB2D13 /* 852-map-toolbar@2x.png in Resources */,
				ADED5F181D92A31800AB2D13 /* arrow@2x.png in Resources */,
				ADED5F1E1D92A31800AB2D13 /* direction_up.png in Resources */,
				ADED5F1F1D92A31800AB2D13 /* direction_upthenleft.png in Resources */,
				ADED5F1D1D92A31800AB2D13 /* direction_down.png in Resources */,
				ADED5F221D92A31800AB2D13 /* info.png in Resources */,
				ADED5F301D92A31800AB2D13 /* positron.zip in Resources */,
				ADED5F2C1D92A31800AB2D13 /* milktruck.nml in Resources */,
				ADED5F231D92A31800AB2D13 /* info@2x.png in Resources */,
				4D4B1F231D018B8D001C2F30 /* UITableContract@2x.png in Resources */,
				ADED5F201D92A31800AB2D13 /* direction_upthenright.png in Resources */,
				ADED5F161D92A31800AB2D13 /* 852-map-toolbar@3x.png in Resources */,
				ADED5F241D92A31800AB2D13 /* jefferson-building-ground-floor.jpg in Resources */,
				ADED5F2F1D92A31800AB2D13 /* nutiteq-dark.zip in Resources */,
				4D4B1F221D018B8D001C2F30 /* UITableContract.png in Resources */,
				ADED5F281D92A31800AB2D13 /* marker_red.png in Resources */,
				ADED5F1A1D92A31800AB2D13 /* capitals_3857.geojson in Resources */,
				ADED5F2D1D92A31800AB2D13 /* nutibright-contourstyle.zip in Resources */,
				ADED5F211D92A31800AB2D13 /* fcd_auto.nml in Resources */,
				ADED5F1B1D92A31800AB2D13 /* carto-fonts.zip in Resources */,
				ADED5F1C1D92A31800AB2D13 /* cartodark.zip in Resources */,
			);
			runOnlyForDeploymentPostprocessing = 0;
		};
/* End PBXResourcesBuildPhase section */

/* Begin PBXShellScriptBuildPhase section */
		41279C8D40EDB3B5E58DA99F /* [CP] Check Pods Manifest.lock */ = {
			isa = PBXShellScriptBuildPhase;
			buildActionMask = 2147483647;
			files = (
			);
			inputPaths = (
			);
			name = "[CP] Check Pods Manifest.lock";
			outputPaths = (
			);
			runOnlyForDeploymentPostprocessing = 0;
			shellPath = /bin/sh;
			shellScript = "diff \"${PODS_ROOT}/../Podfile.lock\" \"${PODS_ROOT}/Manifest.lock\" > /dev/null\nif [[ $? != 0 ]] ; then\n    cat << EOM\nerror: The sandbox is not in sync with the Podfile.lock. Run 'pod install' or update your CocoaPods installation.\nEOM\n    exit 1\nfi\n";
			showEnvVarsInLog = 0;
		};
		DAB242C9203C6AEECA59E6DF /* [CP] Copy Pods Resources */ = {
			isa = PBXShellScriptBuildPhase;
			buildActionMask = 2147483647;
			files = (
			);
			inputPaths = (
			);
			name = "[CP] Copy Pods Resources";
			outputPaths = (
			);
			runOnlyForDeploymentPostprocessing = 0;
			shellPath = /bin/sh;
			shellScript = "\"${SRCROOT}/Pods/Target Support Files/Pods-AdvancedMap.Objective-C/Pods-AdvancedMap.Objective-C-resources.sh\"\n";
			showEnvVarsInLog = 0;
		};
		E12017B7FB19227B0301AAC9 /* [CP] Embed Pods Frameworks */ = {
			isa = PBXShellScriptBuildPhase;
			buildActionMask = 2147483647;
			files = (
			);
			inputPaths = (
			);
			name = "[CP] Embed Pods Frameworks";
			outputPaths = (
			);
			runOnlyForDeploymentPostprocessing = 0;
			shellPath = /bin/sh;
			shellScript = "\"${SRCROOT}/Pods/Target Support Files/Pods-AdvancedMap.Objective-C/Pods-AdvancedMap.Objective-C-frameworks.sh\"\n";
			showEnvVarsInLog = 0;
		};
/* End PBXShellScriptBuildPhase section */

/* Begin PBXSourcesBuildPhase section */
		2A319B3B187C4F8F0004A3CB /* Sources */ = {
			isa = PBXSourcesBuildPhase;
			buildActionMask = 2147483647;
			files = (
				4DEB06D01A10BDB7003D111C /* Overlays2DSampleController.mm in Sources */,
				2AD24F7918FEDAA6000969F4 /* main.m in Sources */,
				4DFC6C6D1B6224D300AF8E06 /* ClusteredRandomPointsController.mm in Sources */,
				4D4B1F261D018B8D001C2F30 /* VPPDropDown.m in Sources */,
				4D4B1F621D01C37B001C2F30 /* MyVectorElementEventListener.mm in Sources */,
				4DFC6C651B62235100AF8E06 /* ClusteredGeoJsonController.mm in Sources */,
				4DAF41AF1AD3C307004E7092 /* GroundOverlaySampleController.mm in Sources */,
				4D2BE7091A52F86F0013ABB3 /* MapSampleBaseController.mm in Sources */,
				2AC270581941EFF9000CA859 /* MyMergedRasterTileDataSource.mm in Sources */,
				4D13E2831A6EB80200FA74DC /* MyCustomPopupHandler.mm in Sources */,
				4D94545E1A80E48D00D37B3B /* PackageManagerController.mm in Sources */,
				4DC850121A0E7DC500C5124F /* CustomRasterDataSourceSampleController.mm in Sources */,
				0C97CC471C09B26000336DF7 /* OfflineRoutingController.mm in Sources */,
				4DC8500C1A0E77CA00C5124F /* VectorMapSampleBaseController.mm in Sources */,
				4DEB06D81A10CDC0003D111C /* OfflineVectorMapSampleController.mm in Sources */,
				0C1CF0651B134D27001A64AD /* HillshadeSampleController.mm in Sources */,
				4DEB06DA1A10D3D1003D111C /* AerialMapSampleController.mm in Sources */,
				4DC850081A0E718100C5124F /* LauncherListController.mm in Sources */,
				0C0E589C1A83CD540072D7E8 /* PackageMapController.mm in Sources */,
				4D13E2801A6EB72600FA74DC /* CustomPopupSampleController.mm in Sources */,
				4DEB06D41A10C904003D111C /* MapListenerSampleController.mm in Sources */,
				4D4B1F271D018B8D001C2F30 /* VPPDropDownElement.m in Sources */,
				2AD24F7A18FEDAA6000969F4 /* MyMapEventListener.mm in Sources */,
				4DEB06D21A10C103003D111C /* Overlays3DSampleController.mm in Sources */,
				4D5749A51D8A856300387B2B /* BaseMapInteractivitySampleController.mm in Sources */,
				4DC850101A0E7A5100C5124F /* PinSampleController.mm in Sources */,
				2AD24F7518FEDAA6000969F4 /* AppDelegate.m in Sources */,
			);
			runOnlyForDeploymentPostprocessing = 0;
		};
/* End PBXSourcesBuildPhase section */

/* Begin PBXVariantGroup section */
		2AD24F7E18FEDB5C000969F4 /* InfoPlist.strings */ = {
			isa = PBXVariantGroup;
			children = (
				2AD24F7F18FEDB5C000969F4 /* en */,
			);
			name = InfoPlist.strings;
			sourceTree = "<group>";
		};
/* End PBXVariantGroup section */

/* Begin XCBuildConfiguration section */
		2A319B72187C4F8F0004A3CB /* Debug */ = {
			isa = XCBuildConfiguration;
			buildSettings = {
				ALWAYS_SEARCH_USER_PATHS = NO;
				CLANG_CXX_LANGUAGE_STANDARD = "gnu++0x";
				CLANG_CXX_LIBRARY = "libc++";
				CLANG_ENABLE_MODULES = YES;
				CLANG_ENABLE_OBJC_ARC = YES;
				CLANG_WARN_BOOL_CONVERSION = YES;
				CLANG_WARN_CONSTANT_CONVERSION = YES;
				CLANG_WARN_DIRECT_OBJC_ISA_USAGE = YES_ERROR;
				CLANG_WARN_EMPTY_BODY = YES;
				CLANG_WARN_ENUM_CONVERSION = YES;
				CLANG_WARN_INT_CONVERSION = YES;
				CLANG_WARN_OBJC_ROOT_CLASS = YES_ERROR;
				CLANG_WARN__DUPLICATE_METHOD_MATCH = YES;
				"CODE_SIGN_IDENTITY[sdk=iphoneos*]" = "iPhone Developer";
				COPY_PHASE_STRIP = NO;
				ENABLE_TESTABILITY = YES;
				GCC_C_LANGUAGE_STANDARD = gnu99;
				GCC_DYNAMIC_NO_PIC = NO;
				GCC_OPTIMIZATION_LEVEL = 0;
				GCC_PREPROCESSOR_DEFINITIONS = (
					"DEBUG=1",
					"$(inherited)",
				);
				GCC_SYMBOLS_PRIVATE_EXTERN = NO;
				GCC_WARN_64_TO_32_BIT_CONVERSION = YES;
				GCC_WARN_ABOUT_RETURN_TYPE = YES_ERROR;
				GCC_WARN_UNDECLARED_SELECTOR = YES;
				GCC_WARN_UNINITIALIZED_AUTOS = YES;
				GCC_WARN_UNUSED_FUNCTION = YES;
				GCC_WARN_UNUSED_VARIABLE = YES;
				IPHONEOS_DEPLOYMENT_TARGET = 7.0;
				ONLY_ACTIVE_ARCH = YES;
				SDKROOT = iphoneos;
				TARGETED_DEVICE_FAMILY = "1,2";
				VALID_ARCHS = "arm64 armv7 armv7s";
			};
			name = Debug;
		};
		2A319B73187C4F8F0004A3CB /* Release */ = {
			isa = XCBuildConfiguration;
			buildSettings = {
				ALWAYS_SEARCH_USER_PATHS = NO;
				CLANG_CXX_LANGUAGE_STANDARD = "gnu++0x";
				CLANG_CXX_LIBRARY = "libc++";
				CLANG_ENABLE_MODULES = YES;
				CLANG_ENABLE_OBJC_ARC = YES;
				CLANG_WARN_BOOL_CONVERSION = YES;
				CLANG_WARN_CONSTANT_CONVERSION = YES;
				CLANG_WARN_DIRECT_OBJC_ISA_USAGE = YES_ERROR;
				CLANG_WARN_EMPTY_BODY = YES;
				CLANG_WARN_ENUM_CONVERSION = YES;
				CLANG_WARN_INT_CONVERSION = YES;
				CLANG_WARN_OBJC_ROOT_CLASS = YES_ERROR;
				CLANG_WARN__DUPLICATE_METHOD_MATCH = YES;
				"CODE_SIGN_IDENTITY[sdk=iphoneos*]" = "iPhone Developer";
				COPY_PHASE_STRIP = YES;
				ENABLE_NS_ASSERTIONS = NO;
				GCC_C_LANGUAGE_STANDARD = gnu99;
				GCC_WARN_64_TO_32_BIT_CONVERSION = YES;
				GCC_WARN_ABOUT_RETURN_TYPE = YES_ERROR;
				GCC_WARN_UNDECLARED_SELECTOR = YES;
				GCC_WARN_UNINITIALIZED_AUTOS = YES;
				GCC_WARN_UNUSED_FUNCTION = YES;
				GCC_WARN_UNUSED_VARIABLE = YES;
				IPHONEOS_DEPLOYMENT_TARGET = 7.0;
				SDKROOT = iphoneos;
				TARGETED_DEVICE_FAMILY = "1,2";
				VALIDATE_PRODUCT = YES;
				VALID_ARCHS = "arm64 armv7 armv7s";
			};
			name = Release;
		};
		2A319B75187C4F8F0004A3CB /* Debug */ = {
			isa = XCBuildConfiguration;
			baseConfigurationReference = 434F72035F7288C218D7B435 /* Pods-AdvancedMap.Objective-C.debug.xcconfig */;
			buildSettings = {
				ASSETCATALOG_COMPILER_APPICON_NAME = AppIcon;
				ASSETCATALOG_COMPILER_LAUNCHIMAGE_NAME = LaunchImage;
				CODE_SIGN_IDENTITY = "iPhone Developer";
				"CODE_SIGN_IDENTITY[sdk=iphoneos*]" = "iPhone Developer";
				ENABLE_BITCODE = NO;
				FRAMEWORK_SEARCH_PATHS = "$(inherited)";
				GCC_PRECOMPILE_PREFIX_HEADER = NO;
				GCC_PREFIX_HEADER = "";
				GCC_WARN_64_TO_32_BIT_CONVERSION = NO;
				HEADER_SEARCH_PATHS = (
					"$(inherited)",
					/Applications/Xcode.app/Contents/Developer/Toolchains/XcodeDefault.xctoolchain/usr/include,
				);
				INFOPLIST_FILE = "AdvancedMap/AdvancedMap.Objective-C-Info.plist";
				IPHONEOS_DEPLOYMENT_TARGET = 7.0;
				LIBRARY_SEARCH_PATHS = "$(inherited)";
				PRECOMPS_INCLUDE_HEADERS_FROM_BUILT_PRODUCTS_DIR = NO;
				PRODUCT_BUNDLE_IDENTIFIER = "com.carto.${PRODUCT_NAME:rfc1034identifier}";
				PRODUCT_NAME = "AdvancedMap.Objective-C";
				PROVISIONING_PROFILE = "";
				USER_HEADER_SEARCH_PATHS = "";
				VALID_ARCHS = "arm64 armv7 armv7s";
				WRAPPER_EXTENSION = app;
			};
			name = Debug;
		};
		2A319B76187C4F8F0004A3CB /* Release */ = {
			isa = XCBuildConfiguration;
			baseConfigurationReference = 65284DDA3D95F82D5DF6B11D /* Pods-AdvancedMap.Objective-C.release.xcconfig */;
			buildSettings = {
				ASSETCATALOG_COMPILER_APPICON_NAME = AppIcon;
				ASSETCATALOG_COMPILER_LAUNCHIMAGE_NAME = LaunchImage;
				CODE_SIGN_IDENTITY = "iPhone Developer";
				"CODE_SIGN_IDENTITY[sdk=iphoneos*]" = "iPhone Developer";
				ENABLE_BITCODE = NO;
				FRAMEWORK_SEARCH_PATHS = "$(inherited)";
				GCC_PRECOMPILE_PREFIX_HEADER = NO;
				GCC_PREFIX_HEADER = "";
				GCC_WARN_64_TO_32_BIT_CONVERSION = NO;
				HEADER_SEARCH_PATHS = (
					"$(inherited)",
					/Applications/Xcode.app/Contents/Developer/Toolchains/XcodeDefault.xctoolchain/usr/include,
				);
				INFOPLIST_FILE = "AdvancedMap/AdvancedMap.Objective-C-Info.plist";
				IPHONEOS_DEPLOYMENT_TARGET = 7.0;
				LIBRARY_SEARCH_PATHS = "$(inherited)";
				PRECOMPS_INCLUDE_HEADERS_FROM_BUILT_PRODUCTS_DIR = NO;
				PRODUCT_BUNDLE_IDENTIFIER = "com.carto.${PRODUCT_NAME:rfc1034identifier}";
				PRODUCT_NAME = "AdvancedMap.Objective-C";
				PROVISIONING_PROFILE = "";
				USER_HEADER_SEARCH_PATHS = "";
				VALID_ARCHS = "arm64 armv7 armv7s";
				WRAPPER_EXTENSION = app;
			};
			name = Release;
		};
/* End XCBuildConfiguration section */

/* Begin XCConfigurationList section */
		2A319B3A187C4F8F0004A3CB /* Build configuration list for PBXProject "AdvancedMap.Objective-C" */ = {
			isa = XCConfigurationList;
			buildConfigurations = (
				2A319B72187C4F8F0004A3CB /* Debug */,
				2A319B73187C4F8F0004A3CB /* Release */,
			);
			defaultConfigurationIsVisible = 0;
			defaultConfigurationName = Release;
		};
		2A319B74187C4F8F0004A3CB /* Build configuration list for PBXNativeTarget "AdvancedMap.Objective-C" */ = {
			isa = XCConfigurationList;
			buildConfigurations = (
				2A319B75187C4F8F0004A3CB /* Debug */,
				2A319B76187C4F8F0004A3CB /* Release */,
			);
			defaultConfigurationIsVisible = 0;
			defaultConfigurationName = Release;
		};
/* End XCConfigurationList section */
	};
	rootObject = 2A319B37187C4F8F0004A3CB /* Project object */;
}
