// !$*UTF8*$!
{
	archiveVersion = 1;
	classes = {
	};
	objectVersion = 46;
	objects = {

/* Begin PBXBuildFile section */
		0C0E589C1A83CD540072D7E8 /* PackageMapController.mm in Sources */ = {isa = PBXBuildFile; fileRef = 0C0E589B1A83CD540072D7E8 /* PackageMapController.mm */; };
		2A319B43187C4F8F0004A3CB /* Foundation.framework in Frameworks */ = {isa = PBXBuildFile; fileRef = 2A319B42187C4F8F0004A3CB /* Foundation.framework */; };
		2A319B45187C4F8F0004A3CB /* CoreGraphics.framework in Frameworks */ = {isa = PBXBuildFile; fileRef = 2A319B44187C4F8F0004A3CB /* CoreGraphics.framework */; };
		2A319B47187C4F8F0004A3CB /* UIKit.framework in Frameworks */ = {isa = PBXBuildFile; fileRef = 2A319B46187C4F8F0004A3CB /* UIKit.framework */; };
		2AD24F7518FEDAA6000969F4 /* AppDelegate.m in Sources */ = {isa = PBXBuildFile; fileRef = 2AD24F6A18FEDAA6000969F4 /* AppDelegate.m */; };
		2AD24F7918FEDAA6000969F4 /* main.m in Sources */ = {isa = PBXBuildFile; fileRef = 2AD24F6E18FEDAA6000969F4 /* main.m */; };
		2AD24F8518FEDB89000969F4 /* Images.xcassets in Resources */ = {isa = PBXBuildFile; fileRef = 2AD24F8418FEDB89000969F4 /* Images.xcassets */; };
		34B4A0362985542DCAC73775 /* libPods-AdvancedMap.Objective-C.UITests.a in Frameworks */ = {isa = PBXBuildFile; fileRef = E918DC6CE207EA525F4C3D2C /* libPods-AdvancedMap.Objective-C.UITests.a */; };
		4D13E2801A6EB72600FA74DC /* CustomPopupController.mm in Sources */ = {isa = PBXBuildFile; fileRef = 4D13E27F1A6EB72600FA74DC /* CustomPopupController.mm */; };
		4D13E2831A6EB80200FA74DC /* MyCustomPopupHandler.mm in Sources */ = {isa = PBXBuildFile; fileRef = 4D13E2821A6EB80200FA74DC /* MyCustomPopupHandler.mm */; };
		4D2BE7091A52F86F0013ABB3 /* MapBaseController.mm in Sources */ = {isa = PBXBuildFile; fileRef = 4D2BE7081A52F86F0013ABB3 /* MapBaseController.mm */; };
		4D4B1F601D018C2A001C2F30 /* libz.tbd in Frameworks */ = {isa = PBXBuildFile; fileRef = 4D4B1F5F1D018C2A001C2F30 /* libz.tbd */; };
		4D94545E1A80E48D00D37B3B /* PackageManagerController.mm in Sources */ = {isa = PBXBuildFile; fileRef = 4D94545D1A80E48D00D37B3B /* PackageManagerController.mm */; };
		4DAF41AF1AD3C307004E7092 /* GroundOverlayController.mm in Sources */ = {isa = PBXBuildFile; fileRef = 4DAF41AE1AD3C307004E7092 /* GroundOverlayController.mm */; };
		4DC850081A0E718100C5124F /* LauncherListController.mm in Sources */ = {isa = PBXBuildFile; fileRef = 4DC850071A0E718100C5124F /* LauncherListController.mm */; };
		4DC850121A0E7DC500C5124F /* CustomRasterDataSourceController.mm in Sources */ = {isa = PBXBuildFile; fileRef = 4DC850111A0E7DC500C5124F /* CustomRasterDataSourceController.mm */; };
		4DEB06D01A10BDB7003D111C /* OverlaysController.mm in Sources */ = {isa = PBXBuildFile; fileRef = 4DEB06CF1A10BDB7003D111C /* OverlaysController.mm */; };
		4DEB06D81A10CDC0003D111C /* BundledMapController.mm in Sources */ = {isa = PBXBuildFile; fileRef = 4DEB06D71A10CDC0003D111C /* BundledMapController.mm */; };
		4DFC6C6D1B6224D300AF8E06 /* ClusteredMarkersController.mm in Sources */ = {isa = PBXBuildFile; fileRef = 4DFC6C6C1B6224D300AF8E06 /* ClusteredMarkersController.mm */; };
		9A2A46DC69277B2945334956 /* libPods-AdvancedMap.Objective-C.a in Frameworks */ = {isa = PBXBuildFile; fileRef = B16806BB0D561BC919810AEC /* libPods-AdvancedMap.Objective-C.a */; };
		AD031F241DCCE81400072781 /* styles_mapzen.zip in Resources */ = {isa = PBXBuildFile; fileRef = AD031F231DCCE81400072781 /* styles_mapzen.zip */; };
		AD2AD56F1F4B023D00F3C479 /* Package.mm in Sources */ = {isa = PBXBuildFile; fileRef = AD2AD56E1F4B023D00F3C479 /* Package.mm */; };
		AD2AD5721F4B033500F3C479 /* PackageManagerListener.mm in Sources */ = {isa = PBXBuildFile; fileRef = AD2AD5711F4B033500F3C479 /* PackageManagerListener.mm */; };
		AD2AD5761F4B0E5300F3C479 /* PackageTableViewCell.m in Sources */ = {isa = PBXBuildFile; fileRef = AD2AD5751F4B0E5300F3C479 /* PackageTableViewCell.m */; };
		AD3D62A11DD07F0F00C97356 /* icon_more.png in Resources */ = {isa = PBXBuildFile; fileRef = AD3D629F1DD07F0F00C97356 /* icon_more.png */; };
		AD3D62A21DD07F0F00C97356 /* icon_more@3x.png in Resources */ = {isa = PBXBuildFile; fileRef = AD3D62A01DD07F0F00C97356 /* icon_more@3x.png */; };
		AD443BC41DD0877E00EE65A9 /* VectorTileListener.mm in Sources */ = {isa = PBXBuildFile; fileRef = ADC731451DBFA5B000E1CDCA /* VectorTileListener.mm */; };
		AD54BF371DCB6C9900B0C190 /* icon_more@2x.png in Resources */ = {isa = PBXBuildFile; fileRef = AD54BF361DCB6C9900B0C190 /* icon_more@2x.png */; };
		AD589CE41DC0BDD3004E68B2 /* CaptureController.mm in Sources */ = {isa = PBXBuildFile; fileRef = AD589CE31DC0BDD3004E68B2 /* CaptureController.mm */; };
		AD589CE61DC0D1E7004E68B2 /* WMSMapController.m in Sources */ = {isa = PBXBuildFile; fileRef = AD589CE51DC0D1E7004E68B2 /* WMSMapController.m */; };
		AD589CE81DC105A1004E68B2 /* GPSLocationController.m in Sources */ = {isa = PBXBuildFile; fileRef = AD589CE71DC105A1004E68B2 /* GPSLocationController.m */; };
		AD589CEA1DC108E9004E68B2 /* CoreLocation.framework in Frameworks */ = {isa = PBXBuildFile; fileRef = AD589CE91DC108E9004E68B2 /* CoreLocation.framework */; };
		AD7A5D1F1D9ABE0700F5EE4E /* GLKit.framework in Frameworks */ = {isa = PBXBuildFile; fileRef = AD7A5D1D1D9ABE0700F5EE4E /* GLKit.framework */; };
		AD90F9471E096C6E00E6EF51 /* BaseRoutingController.mm in Sources */ = {isa = PBXBuildFile; fileRef = AD90F9461E096C6E00E6EF51 /* BaseRoutingController.mm */; };
		AD90F9491E096C8200E6EF51 /* OnlineRoutingController.mm in Sources */ = {isa = PBXBuildFile; fileRef = AD90F9481E096C8200E6EF51 /* OnlineRoutingController.mm */; };
		AD90F94D1E0970AD00E6EF51 /* OfflineRoutingBaseController.mm in Sources */ = {isa = PBXBuildFile; fileRef = AD90F94C1E0970AD00E6EF51 /* OfflineRoutingBaseController.mm */; };
		AD9B19B91DC1E5850025B767 /* cities15000.geojson in Resources */ = {isa = PBXBuildFile; fileRef = AD9B19B81DC1E5850025B767 /* cities15000.geojson */; };
		AD9F81511E4B67490091DB26 /* AlertMenu.m in Sources */ = {isa = PBXBuildFile; fileRef = AD9F81501E4B67490091DB26 /* AlertMenu.m */; };
		ADA1141A1DA399FF00481261 /* AdvancedMap_Objective_C_UITests.m in Sources */ = {isa = PBXBuildFile; fileRef = ADA114191DA399FF00481261 /* AdvancedMap_Objective_C_UITests.m */; };
		ADA114231DA3A24E00481261 /* libz.tbd in Frameworks */ = {isa = PBXBuildFile; fileRef = 4D4B1F5F1D018C2A001C2F30 /* libz.tbd */; };
		ADA114241DA3A25500481261 /* GLKit.framework in Frameworks */ = {isa = PBXBuildFile; fileRef = AD7A5D1D1D9ABE0700F5EE4E /* GLKit.framework */; };
		ADA114251DA3A2BD00481261 /* Foundation.framework in Frameworks */ = {isa = PBXBuildFile; fileRef = 2A319B42187C4F8F0004A3CB /* Foundation.framework */; };
		ADA114261DA3A2CE00481261 /* CoreGraphics.framework in Frameworks */ = {isa = PBXBuildFile; fileRef = 2A319B44187C4F8F0004A3CB /* CoreGraphics.framework */; };
		ADA114271DA3A2D200481261 /* UIKit.framework in Frameworks */ = {isa = PBXBuildFile; fileRef = 2A319B46187C4F8F0004A3CB /* UIKit.framework */; };
		ADA114281DA3A37600481261 /* LauncherListController.mm in Sources */ = {isa = PBXBuildFile; fileRef = 4DC850071A0E718100C5124F /* LauncherListController.mm */; };
		ADB1488E1DC09C59009A899B /* BaseMapsController.mm in Sources */ = {isa = PBXBuildFile; fileRef = ADB1488D1DC09C59009A899B /* BaseMapsController.mm */; };
		ADB148901DC0A5AD009A899B /* VectorObjectEditingController.m in Sources */ = {isa = PBXBuildFile; fileRef = ADB1488F1DC0A5AD009A899B /* VectorObjectEditingController.m */; };
		ADB148941DC0A6ED009A899B /* VectorElementSelectEventListener.mm in Sources */ = {isa = PBXBuildFile; fileRef = ADB148931DC0A6ED009A899B /* VectorElementSelectEventListener.mm */; };
		ADB148961DC0A6FB009A899B /* VectorElementDeselectEventListener.mm in Sources */ = {isa = PBXBuildFile; fileRef = ADB148951DC0A6FB009A899B /* VectorElementDeselectEventListener.mm */; };
		ADB148981DC0A708009A899B /* BasicEditEventListener.mm in Sources */ = {isa = PBXBuildFile; fileRef = ADB148971DC0A708009A899B /* BasicEditEventListener.mm */; };
		ADCF53C11DC1FFC3004AD5C3 /* MyVectorElementEventListener.mm in Sources */ = {isa = PBXBuildFile; fileRef = ADCF53C01DC1FFC3004AD5C3 /* MyVectorElementEventListener.mm */; };
		ADE5B9361DD5FC3D002ADD34 /* BasicPackageManagerController.mm in Sources */ = {isa = PBXBuildFile; fileRef = ADE5B9351DD5FC3D002ADD34 /* BasicPackageManagerController.mm */; };
		ADED5F141D92A31800AB2D13 /* 852-map-toolbar.png in Resources */ = {isa = PBXBuildFile; fileRef = ADED5EF51D92A31800AB2D13 /* 852-map-toolbar.png */; };
		ADED5F151D92A31800AB2D13 /* 852-map-toolbar@2x.png in Resources */ = {isa = PBXBuildFile; fileRef = ADED5EF61D92A31800AB2D13 /* 852-map-toolbar@2x.png */; };
		ADED5F161D92A31800AB2D13 /* 852-map-toolbar@3x.png in Resources */ = {isa = PBXBuildFile; fileRef = ADED5EF71D92A31800AB2D13 /* 852-map-toolbar@3x.png */; };
		ADED5F171D92A31800AB2D13 /* arrow.png in Resources */ = {isa = PBXBuildFile; fileRef = ADED5EF81D92A31800AB2D13 /* arrow.png */; };
		ADED5F181D92A31800AB2D13 /* arrow@2x.png in Resources */ = {isa = PBXBuildFile; fileRef = ADED5EF91D92A31800AB2D13 /* arrow@2x.png */; };
		ADED5F191D92A31800AB2D13 /* basic.zip in Resources */ = {isa = PBXBuildFile; fileRef = ADED5EFA1D92A31800AB2D13 /* basic.zip */; };
		ADED5F1A1D92A31800AB2D13 /* capitals_3857.geojson in Resources */ = {isa = PBXBuildFile; fileRef = ADED5EFB1D92A31800AB2D13 /* capitals_3857.geojson */; };
		ADED5F1B1D92A31800AB2D13 /* carto-fonts.zip in Resources */ = {isa = PBXBuildFile; fileRef = ADED5EFC1D92A31800AB2D13 /* carto-fonts.zip */; };
		ADED5F1C1D92A31800AB2D13 /* cartodark.zip in Resources */ = {isa = PBXBuildFile; fileRef = ADED5EFD1D92A31800AB2D13 /* cartodark.zip */; };
		ADED5F1D1D92A31800AB2D13 /* direction_down.png in Resources */ = {isa = PBXBuildFile; fileRef = ADED5EFE1D92A31800AB2D13 /* direction_down.png */; };
		ADED5F1E1D92A31800AB2D13 /* direction_up.png in Resources */ = {isa = PBXBuildFile; fileRef = ADED5EFF1D92A31800AB2D13 /* direction_up.png */; };
		ADED5F1F1D92A31800AB2D13 /* direction_upthenleft.png in Resources */ = {isa = PBXBuildFile; fileRef = ADED5F001D92A31800AB2D13 /* direction_upthenleft.png */; };
		ADED5F201D92A31800AB2D13 /* direction_upthenright.png in Resources */ = {isa = PBXBuildFile; fileRef = ADED5F011D92A31800AB2D13 /* direction_upthenright.png */; };
		ADED5F211D92A31800AB2D13 /* fcd_auto.nml in Resources */ = {isa = PBXBuildFile; fileRef = ADED5F021D92A31800AB2D13 /* fcd_auto.nml */; };
		ADED5F221D92A31800AB2D13 /* info.png in Resources */ = {isa = PBXBuildFile; fileRef = ADED5F031D92A31800AB2D13 /* info.png */; };
		ADED5F231D92A31800AB2D13 /* info@2x.png in Resources */ = {isa = PBXBuildFile; fileRef = ADED5F041D92A31800AB2D13 /* info@2x.png */; };
		ADED5F241D92A31800AB2D13 /* jefferson-building-ground-floor.jpg in Resources */ = {isa = PBXBuildFile; fileRef = ADED5F051D92A31800AB2D13 /* jefferson-building-ground-floor.jpg */; };
		ADED5F251D92A31800AB2D13 /* looseleaf.zip in Resources */ = {isa = PBXBuildFile; fileRef = ADED5F061D92A31800AB2D13 /* looseleaf.zip */; };
		ADED5F261D92A31800AB2D13 /* mapzen.zip in Resources */ = {isa = PBXBuildFile; fileRef = ADED5F071D92A31800AB2D13 /* mapzen.zip */; };
		ADED5F271D92A31800AB2D13 /* marker_black.png in Resources */ = {isa = PBXBuildFile; fileRef = ADED5F081D92A31800AB2D13 /* marker_black.png */; };
		ADED5F281D92A31800AB2D13 /* marker_red.png in Resources */ = {isa = PBXBuildFile; fileRef = ADED5F091D92A31800AB2D13 /* marker_red.png */; };
		ADED5F291D92A31800AB2D13 /* marker.png in Resources */ = {isa = PBXBuildFile; fileRef = ADED5F0A1D92A31800AB2D13 /* marker.png */; };
		ADED5F2A1D92A31800AB2D13 /* menu.png in Resources */ = {isa = PBXBuildFile; fileRef = ADED5F0B1D92A31800AB2D13 /* menu.png */; };
		ADED5F2B1D92A31800AB2D13 /* menu@2x.png in Resources */ = {isa = PBXBuildFile; fileRef = ADED5F0C1D92A31800AB2D13 /* menu@2x.png */; };
		ADED5F2C1D92A31800AB2D13 /* milktruck.nml in Resources */ = {isa = PBXBuildFile; fileRef = ADED5F0D1D92A31800AB2D13 /* milktruck.nml */; };
		ADED5F2D1D92A31800AB2D13 /* nutibright-contourstyle.zip in Resources */ = {isa = PBXBuildFile; fileRef = ADED5F0E1D92A31800AB2D13 /* nutibright-contourstyle.zip */; };
		ADED5F2E1D92A31800AB2D13 /* nutibright-v3.zip in Resources */ = {isa = PBXBuildFile; fileRef = ADED5F0F1D92A31800AB2D13 /* nutibright-v3.zip */; };
		ADED5F2F1D92A31800AB2D13 /* nutiteq-dark.zip in Resources */ = {isa = PBXBuildFile; fileRef = ADED5F101D92A31800AB2D13 /* nutiteq-dark.zip */; };
		ADED5F301D92A31800AB2D13 /* positron.zip in Resources */ = {isa = PBXBuildFile; fileRef = ADED5F111D92A31800AB2D13 /* positron.zip */; };
		ADED5F311D92A31800AB2D13 /* rome_ntvt.mbtiles in Resources */ = {isa = PBXBuildFile; fileRef = ADED5F121D92A31800AB2D13 /* rome_ntvt.mbtiles */; };
		ADF6725A1F331AF800527D49 /* Sources.m in Sources */ = {isa = PBXBuildFile; fileRef = ADF672581F33106B00527D49 /* Sources.m */; };
		ADFC10261E76EB10009DC903 /* BoundingBox.m in Sources */ = {isa = PBXBuildFile; fileRef = ADFC10251E76EB10009DC903 /* BoundingBox.m */; };
		ADFC102A1E76F067009DC903 /* RoutePackageManagerListener.mm in Sources */ = {isa = PBXBuildFile; fileRef = ADFC10291E76F067009DC903 /* RoutePackageManagerListener.mm */; };
		ADFC102C1E76F190009DC903 /* OfflineRoutingPackageController.mm in Sources */ = {isa = PBXBuildFile; fileRef = ADFC102B1E76F190009DC903 /* OfflineRoutingPackageController.mm */; };
		ADFC102F1E76F406009DC903 /* OfflineRoutingBBoxController.mm in Sources */ = {isa = PBXBuildFile; fileRef = ADFC102E1E76F406009DC903 /* OfflineRoutingBBoxController.mm */; };
/* End PBXBuildFile section */

/* Begin PBXContainerItemProxy section */
		ADA1141C1DA399FF00481261 /* PBXContainerItemProxy */ = {
			isa = PBXContainerItemProxy;
			containerPortal = 2A319B37187C4F8F0004A3CB /* Project object */;
			proxyType = 1;
			remoteGlobalIDString = 2A319B3E187C4F8F0004A3CB;
			remoteInfo = "AdvancedMap.Objective-C";
		};
/* End PBXContainerItemProxy section */

/* Begin PBXFileReference section */
		0C0E589B1A83CD540072D7E8 /* PackageMapController.mm */ = {isa = PBXFileReference; fileEncoding = 4; lastKnownFileType = sourcecode.cpp.objcpp; name = PackageMapController.mm; path = AdvancedMap/PackageMapController.mm; sourceTree = SOURCE_ROOT; };
		0C0E589D1A83CFD30072D7E8 /* PackageMapController.h */ = {isa = PBXFileReference; fileEncoding = 4; lastKnownFileType = sourcecode.c.h; name = PackageMapController.h; path = AdvancedMap/PackageMapController.h; sourceTree = SOURCE_ROOT; };
		2A319B3F187C4F8F0004A3CB /* AdvancedMap.Objective-C.app */ = {isa = PBXFileReference; explicitFileType = wrapper.application; includeInIndex = 0; path = "AdvancedMap.Objective-C.app"; sourceTree = BUILT_PRODUCTS_DIR; };
		2A319B42187C4F8F0004A3CB /* Foundation.framework */ = {isa = PBXFileReference; lastKnownFileType = wrapper.framework; name = Foundation.framework; path = System/Library/Frameworks/Foundation.framework; sourceTree = SDKROOT; };
		2A319B44187C4F8F0004A3CB /* CoreGraphics.framework */ = {isa = PBXFileReference; lastKnownFileType = wrapper.framework; name = CoreGraphics.framework; path = System/Library/Frameworks/CoreGraphics.framework; sourceTree = SDKROOT; };
		2A319B46187C4F8F0004A3CB /* UIKit.framework */ = {isa = PBXFileReference; lastKnownFileType = wrapper.framework; name = UIKit.framework; path = System/Library/Frameworks/UIKit.framework; sourceTree = SDKROOT; };
		2AD24F6918FEDAA6000969F4 /* AppDelegate.h */ = {isa = PBXFileReference; fileEncoding = 4; lastKnownFileType = sourcecode.c.h; name = AppDelegate.h; path = AdvancedMap/AppDelegate.h; sourceTree = SOURCE_ROOT; };
		2AD24F6A18FEDAA6000969F4 /* AppDelegate.m */ = {isa = PBXFileReference; fileEncoding = 4; lastKnownFileType = sourcecode.c.objc; name = AppDelegate.m; path = AdvancedMap/AppDelegate.m; sourceTree = SOURCE_ROOT; };
		2AD24F6E18FEDAA6000969F4 /* main.m */ = {isa = PBXFileReference; fileEncoding = 4; lastKnownFileType = sourcecode.c.objc; name = main.m; path = AdvancedMap/main.m; sourceTree = SOURCE_ROOT; };
		2AD24F7318FEDAA6000969F4 /* AdvancedMap.Objective-C-Info.plist */ = {isa = PBXFileReference; fileEncoding = 4; lastKnownFileType = text.plist.xml; name = "AdvancedMap.Objective-C-Info.plist"; path = "AdvancedMap/AdvancedMap.Objective-C-Info.plist"; sourceTree = SOURCE_ROOT; };
		2AD24F7F18FEDB5C000969F4 /* en */ = {isa = PBXFileReference; lastKnownFileType = text.plist.strings; name = en; path = AdvancedMap/en.lproj/InfoPlist.strings; sourceTree = SOURCE_ROOT; };
		2AD24F8418FEDB89000969F4 /* Images.xcassets */ = {isa = PBXFileReference; lastKnownFileType = folder.assetcatalog; name = Images.xcassets; path = AdvancedMap/Images.xcassets; sourceTree = SOURCE_ROOT; };
		41488110D30CDAF74B940709 /* Pods-AdvancedMap.Objective-C.UITests.debug.xcconfig */ = {isa = PBXFileReference; includeInIndex = 1; lastKnownFileType = text.xcconfig; name = "Pods-AdvancedMap.Objective-C.UITests.debug.xcconfig"; path = "Pods/Target Support Files/Pods-AdvancedMap.Objective-C.UITests/Pods-AdvancedMap.Objective-C.UITests.debug.xcconfig"; sourceTree = "<group>"; };
		434F72035F7288C218D7B435 /* Pods-AdvancedMap.Objective-C.debug.xcconfig */ = {isa = PBXFileReference; includeInIndex = 1; lastKnownFileType = text.xcconfig; name = "Pods-AdvancedMap.Objective-C.debug.xcconfig"; path = "Pods/Target Support Files/Pods-AdvancedMap.Objective-C/Pods-AdvancedMap.Objective-C.debug.xcconfig"; sourceTree = "<group>"; };
		4D13E27F1A6EB72600FA74DC /* CustomPopupController.mm */ = {isa = PBXFileReference; fileEncoding = 4; lastKnownFileType = sourcecode.cpp.objcpp; name = CustomPopupController.mm; path = AdvancedMap/CustomPopupController.mm; sourceTree = SOURCE_ROOT; };
		4D13E2821A6EB80200FA74DC /* MyCustomPopupHandler.mm */ = {isa = PBXFileReference; fileEncoding = 4; lastKnownFileType = sourcecode.cpp.objcpp; name = MyCustomPopupHandler.mm; path = AdvancedMap/MyCustomPopupHandler.mm; sourceTree = SOURCE_ROOT; };
		4D13E2841A6EB82600FA74DC /* MyCustomPopupHandler.h */ = {isa = PBXFileReference; fileEncoding = 4; lastKnownFileType = sourcecode.c.h; name = MyCustomPopupHandler.h; path = AdvancedMap/MyCustomPopupHandler.h; sourceTree = SOURCE_ROOT; };
		4D2BE7081A52F86F0013ABB3 /* MapBaseController.mm */ = {isa = PBXFileReference; fileEncoding = 4; lastKnownFileType = sourcecode.cpp.objcpp; name = MapBaseController.mm; path = AdvancedMap/MapBaseController.mm; sourceTree = SOURCE_ROOT; };
		4D2BE70A1A52F89C0013ABB3 /* MapBaseController.h */ = {isa = PBXFileReference; fileEncoding = 4; lastKnownFileType = sourcecode.c.h; name = MapBaseController.h; path = AdvancedMap/MapBaseController.h; sourceTree = SOURCE_ROOT; };
		4D4B1F5F1D018C2A001C2F30 /* libz.tbd */ = {isa = PBXFileReference; lastKnownFileType = "sourcecode.text-based-dylib-definition"; name = libz.tbd; path = usr/lib/libz.tbd; sourceTree = SDKROOT; };
		4D94545D1A80E48D00D37B3B /* PackageManagerController.mm */ = {isa = PBXFileReference; fileEncoding = 4; lastKnownFileType = sourcecode.cpp.objcpp; name = PackageManagerController.mm; path = AdvancedMap/PackageManagerController.mm; sourceTree = SOURCE_ROOT; };
		4DAF41AE1AD3C307004E7092 /* GroundOverlayController.mm */ = {isa = PBXFileReference; fileEncoding = 4; lastKnownFileType = sourcecode.cpp.objcpp; name = GroundOverlayController.mm; path = AdvancedMap/GroundOverlayController.mm; sourceTree = SOURCE_ROOT; };
		4DC850071A0E718100C5124F /* LauncherListController.mm */ = {isa = PBXFileReference; fileEncoding = 4; lastKnownFileType = sourcecode.cpp.objcpp; name = LauncherListController.mm; path = AdvancedMap/LauncherListController.mm; sourceTree = SOURCE_ROOT; };
		4DC850111A0E7DC500C5124F /* CustomRasterDataSourceController.mm */ = {isa = PBXFileReference; fileEncoding = 4; lastKnownFileType = sourcecode.cpp.objcpp; name = CustomRasterDataSourceController.mm; path = AdvancedMap/CustomRasterDataSourceController.mm; sourceTree = SOURCE_ROOT; };
		4DEB06CF1A10BDB7003D111C /* OverlaysController.mm */ = {isa = PBXFileReference; fileEncoding = 4; lastKnownFileType = sourcecode.cpp.objcpp; name = OverlaysController.mm; path = AdvancedMap/OverlaysController.mm; sourceTree = SOURCE_ROOT; };
		4DEB06D71A10CDC0003D111C /* BundledMapController.mm */ = {isa = PBXFileReference; fileEncoding = 4; lastKnownFileType = sourcecode.cpp.objcpp; name = BundledMapController.mm; path = AdvancedMap/BundledMapController.mm; sourceTree = SOURCE_ROOT; };
		4DEB06DF1A10DF0F003D111C /* LauncherListController.h */ = {isa = PBXFileReference; fileEncoding = 4; lastKnownFileType = sourcecode.c.h; name = LauncherListController.h; path = AdvancedMap/LauncherListController.h; sourceTree = SOURCE_ROOT; };
		4DFC6C6C1B6224D300AF8E06 /* ClusteredMarkersController.mm */ = {isa = PBXFileReference; fileEncoding = 4; lastKnownFileType = sourcecode.cpp.objcpp; name = ClusteredMarkersController.mm; path = AdvancedMap/ClusteredMarkersController.mm; sourceTree = SOURCE_ROOT; };
		65284DDA3D95F82D5DF6B11D /* Pods-AdvancedMap.Objective-C.release.xcconfig */ = {isa = PBXFileReference; includeInIndex = 1; lastKnownFileType = text.xcconfig; name = "Pods-AdvancedMap.Objective-C.release.xcconfig"; path = "Pods/Target Support Files/Pods-AdvancedMap.Objective-C/Pods-AdvancedMap.Objective-C.release.xcconfig"; sourceTree = "<group>"; };
		AD02FEE866BAAE942D33FB01 /* Pods-AdvancedMap.Objective-C.UITests.release.xcconfig */ = {isa = PBXFileReference; includeInIndex = 1; lastKnownFileType = text.xcconfig; name = "Pods-AdvancedMap.Objective-C.UITests.release.xcconfig"; path = "Pods/Target Support Files/Pods-AdvancedMap.Objective-C.UITests/Pods-AdvancedMap.Objective-C.UITests.release.xcconfig"; sourceTree = "<group>"; };
		AD031F231DCCE81400072781 /* styles_mapzen.zip */ = {isa = PBXFileReference; lastKnownFileType = archive.zip; name = styles_mapzen.zip; path = ../../Assets/styles_mapzen.zip; sourceTree = "<group>"; };
		AD2AD56D1F4B020C00F3C479 /* Package.h */ = {isa = PBXFileReference; lastKnownFileType = sourcecode.c.h; path = Package.h; sourceTree = "<group>"; };
		AD2AD56E1F4B023D00F3C479 /* Package.mm */ = {isa = PBXFileReference; fileEncoding = 4; lastKnownFileType = sourcecode.cpp.objcpp; path = Package.mm; sourceTree = "<group>"; };
		AD2AD5701F4B032600F3C479 /* PackageManagerListener.h */ = {isa = PBXFileReference; lastKnownFileType = sourcecode.c.h; path = PackageManagerListener.h; sourceTree = "<group>"; };
		AD2AD5711F4B033500F3C479 /* PackageManagerListener.mm */ = {isa = PBXFileReference; fileEncoding = 4; lastKnownFileType = sourcecode.cpp.objcpp; path = PackageManagerListener.mm; sourceTree = "<group>"; };
		AD2AD5731F4B03FB00F3C479 /* PackageManagerController.h */ = {isa = PBXFileReference; lastKnownFileType = sourcecode.c.h; path = PackageManagerController.h; sourceTree = "<group>"; };
		AD2AD5741F4B0E5300F3C479 /* PackageTableViewCell.h */ = {isa = PBXFileReference; fileEncoding = 4; lastKnownFileType = sourcecode.c.h; path = PackageTableViewCell.h; sourceTree = "<group>"; };
		AD2AD5751F4B0E5300F3C479 /* PackageTableViewCell.m */ = {isa = PBXFileReference; fileEncoding = 4; lastKnownFileType = sourcecode.c.objc; path = PackageTableViewCell.m; sourceTree = "<group>"; };
		AD3D629F1DD07F0F00C97356 /* icon_more.png */ = {isa = PBXFileReference; lastKnownFileType = image.png; name = icon_more.png; path = ../../Assets/icon_more.png; sourceTree = "<group>"; };
		AD3D62A01DD07F0F00C97356 /* icon_more@3x.png */ = {isa = PBXFileReference; lastKnownFileType = image.png; name = "icon_more@3x.png"; path = "../../Assets/icon_more@3x.png"; sourceTree = "<group>"; };
		AD54BF361DCB6C9900B0C190 /* icon_more@2x.png */ = {isa = PBXFileReference; lastKnownFileType = image.png; name = "icon_more@2x.png"; path = "../../Assets/icon_more@2x.png"; sourceTree = "<group>"; };
		AD589CE31DC0BDD3004E68B2 /* CaptureController.mm */ = {isa = PBXFileReference; fileEncoding = 4; lastKnownFileType = sourcecode.cpp.objcpp; path = CaptureController.mm; sourceTree = "<group>"; };
		AD589CE51DC0D1E7004E68B2 /* WMSMapController.m */ = {isa = PBXFileReference; fileEncoding = 4; lastKnownFileType = sourcecode.c.objc; path = WMSMapController.m; sourceTree = "<group>"; };
		AD589CE71DC105A1004E68B2 /* GPSLocationController.m */ = {isa = PBXFileReference; fileEncoding = 4; lastKnownFileType = sourcecode.c.objc; path = GPSLocationController.m; sourceTree = "<group>"; };
		AD589CE91DC108E9004E68B2 /* CoreLocation.framework */ = {isa = PBXFileReference; lastKnownFileType = wrapper.framework; name = CoreLocation.framework; path = System/Library/Frameworks/CoreLocation.framework; sourceTree = SDKROOT; };
		AD7A5D1D1D9ABE0700F5EE4E /* GLKit.framework */ = {isa = PBXFileReference; lastKnownFileType = wrapper.framework; name = GLKit.framework; path = /Applications/Xcode.app/Contents/Developer/Platforms/iPhoneOS.platform/Developer/SDKs/iPhoneOS9.3.sdk/System/Library/Frameworks/GLKit.framework; sourceTree = "<absolute>"; };
		AD90F9451E096C0E00E6EF51 /* BaseRoutingController.h */ = {isa = PBXFileReference; lastKnownFileType = sourcecode.c.h; path = BaseRoutingController.h; sourceTree = "<group>"; };
		AD90F9461E096C6E00E6EF51 /* BaseRoutingController.mm */ = {isa = PBXFileReference; fileEncoding = 4; lastKnownFileType = sourcecode.cpp.objcpp; path = BaseRoutingController.mm; sourceTree = "<group>"; };
		AD90F9481E096C8200E6EF51 /* OnlineRoutingController.mm */ = {isa = PBXFileReference; fileEncoding = 4; lastKnownFileType = sourcecode.cpp.objcpp; path = OnlineRoutingController.mm; sourceTree = "<group>"; };
		AD90F94C1E0970AD00E6EF51 /* OfflineRoutingBaseController.mm */ = {isa = PBXFileReference; fileEncoding = 4; lastKnownFileType = sourcecode.cpp.objcpp; path = OfflineRoutingBaseController.mm; sourceTree = "<group>"; };
		AD9B19B81DC1E5850025B767 /* cities15000.geojson */ = {isa = PBXFileReference; fileEncoding = 4; lastKnownFileType = text; name = cities15000.geojson; path = ../../Assets/cities15000.geojson; sourceTree = "<group>"; };
		AD9F814F1E4B67340091DB26 /* AlertMenu.h */ = {isa = PBXFileReference; lastKnownFileType = sourcecode.c.h; path = AlertMenu.h; sourceTree = "<group>"; };
		AD9F81501E4B67490091DB26 /* AlertMenu.m */ = {isa = PBXFileReference; fileEncoding = 4; lastKnownFileType = sourcecode.c.objc; path = AlertMenu.m; sourceTree = "<group>"; };
		ADA114171DA399FF00481261 /* AdvancedMap.Objective-C.UITests.xctest */ = {isa = PBXFileReference; explicitFileType = wrapper.cfbundle; includeInIndex = 0; path = "AdvancedMap.Objective-C.UITests.xctest"; sourceTree = BUILT_PRODUCTS_DIR; };
		ADA114191DA399FF00481261 /* AdvancedMap_Objective_C_UITests.m */ = {isa = PBXFileReference; lastKnownFileType = sourcecode.c.objc; path = AdvancedMap_Objective_C_UITests.m; sourceTree = "<group>"; };
		ADA1141B1DA399FF00481261 /* Info.plist */ = {isa = PBXFileReference; lastKnownFileType = text.plist.xml; path = Info.plist; sourceTree = "<group>"; };
		ADA114211DA3A04F00481261 /* libPods-AdvancedMap.Objective-C.a */ = {isa = PBXFileReference; lastKnownFileType = archive.ar; name = "libPods-AdvancedMap.Objective-C.a"; path = "../../../../Library/Developer/Xcode/DerivedData/AdvancedMap.Objective-C-eqqmxktzfefcpvcrcnopxenfhpsc/Build/Products/Debug-iphonesimulator/libPods-AdvancedMap.Objective-C.a"; sourceTree = "<group>"; };
		ADB1488D1DC09C59009A899B /* BaseMapsController.mm */ = {isa = PBXFileReference; fileEncoding = 4; lastKnownFileType = sourcecode.cpp.objcpp; path = BaseMapsController.mm; sourceTree = "<group>"; };
		ADB1488F1DC0A5AD009A899B /* VectorObjectEditingController.m */ = {isa = PBXFileReference; fileEncoding = 4; lastKnownFileType = sourcecode.c.objc; path = VectorObjectEditingController.m; sourceTree = "<group>"; };
		ADB148931DC0A6ED009A899B /* VectorElementSelectEventListener.mm */ = {isa = PBXFileReference; fileEncoding = 4; lastKnownFileType = sourcecode.cpp.objcpp; path = VectorElementSelectEventListener.mm; sourceTree = "<group>"; };
		ADB148951DC0A6FB009A899B /* VectorElementDeselectEventListener.mm */ = {isa = PBXFileReference; fileEncoding = 4; lastKnownFileType = sourcecode.cpp.objcpp; path = VectorElementDeselectEventListener.mm; sourceTree = "<group>"; };
		ADB148971DC0A708009A899B /* BasicEditEventListener.mm */ = {isa = PBXFileReference; fileEncoding = 4; lastKnownFileType = sourcecode.cpp.objcpp; path = BasicEditEventListener.mm; sourceTree = "<group>"; };
		ADB148991DC0AC33009A899B /* BasicEditEventListener.h */ = {isa = PBXFileReference; lastKnownFileType = sourcecode.c.h; path = BasicEditEventListener.h; sourceTree = "<group>"; };
		ADB1489A1DC0B073009A899B /* VectorElementDeselectEventListener.h */ = {isa = PBXFileReference; lastKnownFileType = sourcecode.c.h; path = VectorElementDeselectEventListener.h; sourceTree = "<group>"; };
		ADB1489B1DC0B0BD009A899B /* VectorElementSelectEventListener.h */ = {isa = PBXFileReference; lastKnownFileType = sourcecode.c.h; path = VectorElementSelectEventListener.h; sourceTree = "<group>"; };
		ADC731441DBFA4C400E1CDCA /* VectorTileListener.h */ = {isa = PBXFileReference; lastKnownFileType = sourcecode.c.h; path = VectorTileListener.h; sourceTree = "<group>"; };
		ADC731451DBFA5B000E1CDCA /* VectorTileListener.mm */ = {isa = PBXFileReference; fileEncoding = 4; lastKnownFileType = sourcecode.cpp.objcpp; path = VectorTileListener.mm; sourceTree = "<group>"; };
		ADCF53BF1DC1FFA8004AD5C3 /* MyVectorElementEventListener.h */ = {isa = PBXFileReference; lastKnownFileType = sourcecode.c.h; path = MyVectorElementEventListener.h; sourceTree = "<group>"; };
		ADCF53C01DC1FFC3004AD5C3 /* MyVectorElementEventListener.mm */ = {isa = PBXFileReference; fileEncoding = 4; lastKnownFileType = sourcecode.cpp.objcpp; path = MyVectorElementEventListener.mm; sourceTree = "<group>"; };
		ADE5B9351DD5FC3D002ADD34 /* BasicPackageManagerController.mm */ = {isa = PBXFileReference; fileEncoding = 4; lastKnownFileType = sourcecode.cpp.objcpp; path = BasicPackageManagerController.mm; sourceTree = "<group>"; };
		ADED5EF51D92A31800AB2D13 /* 852-map-toolbar.png */ = {isa = PBXFileReference; lastKnownFileType = image.png; name = "852-map-toolbar.png"; path = "../../Assets/852-map-toolbar.png"; sourceTree = "<group>"; };
		ADED5EF61D92A31800AB2D13 /* 852-map-toolbar@2x.png */ = {isa = PBXFileReference; lastKnownFileType = image.png; name = "852-map-toolbar@2x.png"; path = "../../Assets/852-map-toolbar@2x.png"; sourceTree = "<group>"; };
		ADED5EF71D92A31800AB2D13 /* 852-map-toolbar@3x.png */ = {isa = PBXFileReference; lastKnownFileType = image.png; name = "852-map-toolbar@3x.png"; path = "../../Assets/852-map-toolbar@3x.png"; sourceTree = "<group>"; };
		ADED5EF81D92A31800AB2D13 /* arrow.png */ = {isa = PBXFileReference; lastKnownFileType = image.png; name = arrow.png; path = ../../Assets/arrow.png; sourceTree = "<group>"; };
		ADED5EF91D92A31800AB2D13 /* arrow@2x.png */ = {isa = PBXFileReference; lastKnownFileType = image.png; name = "arrow@2x.png"; path = "../../Assets/arrow@2x.png"; sourceTree = "<group>"; };
		ADED5EFA1D92A31800AB2D13 /* basic.zip */ = {isa = PBXFileReference; lastKnownFileType = archive.zip; name = basic.zip; path = ../../Assets/basic.zip; sourceTree = "<group>"; };
		ADED5EFB1D92A31800AB2D13 /* capitals_3857.geojson */ = {isa = PBXFileReference; fileEncoding = 4; lastKnownFileType = text; name = capitals_3857.geojson; path = ../../Assets/capitals_3857.geojson; sourceTree = "<group>"; };
		ADED5EFC1D92A31800AB2D13 /* carto-fonts.zip */ = {isa = PBXFileReference; lastKnownFileType = archive.zip; name = "carto-fonts.zip"; path = "../../Assets/carto-fonts.zip"; sourceTree = "<group>"; };
		ADED5EFD1D92A31800AB2D13 /* cartodark.zip */ = {isa = PBXFileReference; lastKnownFileType = archive.zip; name = cartodark.zip; path = ../../Assets/cartodark.zip; sourceTree = "<group>"; };
		ADED5EFE1D92A31800AB2D13 /* direction_down.png */ = {isa = PBXFileReference; lastKnownFileType = image.png; name = direction_down.png; path = ../../Assets/direction_down.png; sourceTree = "<group>"; };
		ADED5EFF1D92A31800AB2D13 /* direction_up.png */ = {isa = PBXFileReference; lastKnownFileType = image.png; name = direction_up.png; path = ../../Assets/direction_up.png; sourceTree = "<group>"; };
		ADED5F001D92A31800AB2D13 /* direction_upthenleft.png */ = {isa = PBXFileReference; lastKnownFileType = image.png; name = direction_upthenleft.png; path = ../../Assets/direction_upthenleft.png; sourceTree = "<group>"; };
		ADED5F011D92A31800AB2D13 /* direction_upthenright.png */ = {isa = PBXFileReference; lastKnownFileType = image.png; name = direction_upthenright.png; path = ../../Assets/direction_upthenright.png; sourceTree = "<group>"; };
		ADED5F021D92A31800AB2D13 /* fcd_auto.nml */ = {isa = PBXFileReference; lastKnownFileType = file; name = fcd_auto.nml; path = ../../Assets/fcd_auto.nml; sourceTree = "<group>"; };
		ADED5F031D92A31800AB2D13 /* info.png */ = {isa = PBXFileReference; lastKnownFileType = image.png; name = info.png; path = ../../Assets/info.png; sourceTree = "<group>"; };
		ADED5F041D92A31800AB2D13 /* info@2x.png */ = {isa = PBXFileReference; lastKnownFileType = image.png; name = "info@2x.png"; path = "../../Assets/info@2x.png"; sourceTree = "<group>"; };
		ADED5F051D92A31800AB2D13 /* jefferson-building-ground-floor.jpg */ = {isa = PBXFileReference; lastKnownFileType = image.jpeg; name = "jefferson-building-ground-floor.jpg"; path = "../../Assets/jefferson-building-ground-floor.jpg"; sourceTree = "<group>"; };
		ADED5F061D92A31800AB2D13 /* looseleaf.zip */ = {isa = PBXFileReference; lastKnownFileType = archive.zip; name = looseleaf.zip; path = ../../Assets/looseleaf.zip; sourceTree = "<group>"; };
		ADED5F071D92A31800AB2D13 /* mapzen.zip */ = {isa = PBXFileReference; lastKnownFileType = archive.zip; name = mapzen.zip; path = ../../Assets/mapzen.zip; sourceTree = "<group>"; };
		ADED5F081D92A31800AB2D13 /* marker_black.png */ = {isa = PBXFileReference; lastKnownFileType = image.png; name = marker_black.png; path = ../../Assets/marker_black.png; sourceTree = "<group>"; };
		ADED5F091D92A31800AB2D13 /* marker_red.png */ = {isa = PBXFileReference; lastKnownFileType = image.png; name = marker_red.png; path = ../../Assets/marker_red.png; sourceTree = "<group>"; };
		ADED5F0A1D92A31800AB2D13 /* marker.png */ = {isa = PBXFileReference; lastKnownFileType = image.png; name = marker.png; path = ../../Assets/marker.png; sourceTree = "<group>"; };
		ADED5F0B1D92A31800AB2D13 /* menu.png */ = {isa = PBXFileReference; lastKnownFileType = image.png; name = menu.png; path = ../../Assets/menu.png; sourceTree = "<group>"; };
		ADED5F0C1D92A31800AB2D13 /* menu@2x.png */ = {isa = PBXFileReference; lastKnownFileType = image.png; name = "menu@2x.png"; path = "../../Assets/menu@2x.png"; sourceTree = "<group>"; };
		ADED5F0D1D92A31800AB2D13 /* milktruck.nml */ = {isa = PBXFileReference; lastKnownFileType = file; name = milktruck.nml; path = ../../Assets/milktruck.nml; sourceTree = "<group>"; };
		ADED5F0E1D92A31800AB2D13 /* nutibright-contourstyle.zip */ = {isa = PBXFileReference; lastKnownFileType = archive.zip; name = "nutibright-contourstyle.zip"; path = "../../Assets/nutibright-contourstyle.zip"; sourceTree = "<group>"; };
		ADED5F0F1D92A31800AB2D13 /* nutibright-v3.zip */ = {isa = PBXFileReference; lastKnownFileType = archive.zip; name = "nutibright-v3.zip"; path = "../../Assets/nutibright-v3.zip"; sourceTree = "<group>"; };
		ADED5F101D92A31800AB2D13 /* nutiteq-dark.zip */ = {isa = PBXFileReference; lastKnownFileType = archive.zip; name = "nutiteq-dark.zip"; path = "../../Assets/nutiteq-dark.zip"; sourceTree = "<group>"; };
		ADED5F111D92A31800AB2D13 /* positron.zip */ = {isa = PBXFileReference; lastKnownFileType = archive.zip; name = positron.zip; path = ../../Assets/positron.zip; sourceTree = "<group>"; };
		ADED5F121D92A31800AB2D13 /* rome_ntvt.mbtiles */ = {isa = PBXFileReference; lastKnownFileType = file; name = rome_ntvt.mbtiles; path = ../../Assets/rome_ntvt.mbtiles; sourceTree = "<group>"; };
		ADF672581F33106B00527D49 /* Sources.m */ = {isa = PBXFileReference; fileEncoding = 4; lastKnownFileType = sourcecode.c.objc; path = Sources.m; sourceTree = "<group>"; };
		ADF672591F33169600527D49 /* Sources.h */ = {isa = PBXFileReference; lastKnownFileType = sourcecode.c.h; path = Sources.h; sourceTree = "<group>"; };
		ADFC10241E76EAFB009DC903 /* BoundingBox.h */ = {isa = PBXFileReference; lastKnownFileType = sourcecode.c.h; path = BoundingBox.h; sourceTree = "<group>"; };
		ADFC10251E76EB10009DC903 /* BoundingBox.m */ = {isa = PBXFileReference; fileEncoding = 4; lastKnownFileType = sourcecode.c.objc; path = BoundingBox.m; sourceTree = "<group>"; };
		ADFC10271E76EF10009DC903 /* OfflineRoutingBaseController.h */ = {isa = PBXFileReference; lastKnownFileType = sourcecode.c.h; path = OfflineRoutingBaseController.h; sourceTree = "<group>"; };
		ADFC10281E76F031009DC903 /* RoutePackageManagerListener.h */ = {isa = PBXFileReference; lastKnownFileType = sourcecode.c.h; path = RoutePackageManagerListener.h; sourceTree = "<group>"; };
		ADFC10291E76F067009DC903 /* RoutePackageManagerListener.mm */ = {isa = PBXFileReference; fileEncoding = 4; lastKnownFileType = sourcecode.cpp.objcpp; path = RoutePackageManagerListener.mm; sourceTree = "<group>"; };
		ADFC102B1E76F190009DC903 /* OfflineRoutingPackageController.mm */ = {isa = PBXFileReference; fileEncoding = 4; lastKnownFileType = sourcecode.cpp.objcpp; path = OfflineRoutingPackageController.mm; sourceTree = "<group>"; };
		ADFC102E1E76F406009DC903 /* OfflineRoutingBBoxController.mm */ = {isa = PBXFileReference; fileEncoding = 4; lastKnownFileType = sourcecode.cpp.objcpp; path = OfflineRoutingBBoxController.mm; sourceTree = "<group>"; };
		B16806BB0D561BC919810AEC /* libPods-AdvancedMap.Objective-C.a */ = {isa = PBXFileReference; explicitFileType = archive.ar; includeInIndex = 0; path = "libPods-AdvancedMap.Objective-C.a"; sourceTree = BUILT_PRODUCTS_DIR; };
		E918DC6CE207EA525F4C3D2C /* libPods-AdvancedMap.Objective-C.UITests.a */ = {isa = PBXFileReference; explicitFileType = archive.ar; includeInIndex = 0; path = "libPods-AdvancedMap.Objective-C.UITests.a"; sourceTree = BUILT_PRODUCTS_DIR; };
/* End PBXFileReference section */

/* Begin PBXFrameworksBuildPhase section */
		2A319B3C187C4F8F0004A3CB /* Frameworks */ = {
			isa = PBXFrameworksBuildPhase;
			buildActionMask = 2147483647;
			files = (
				AD589CEA1DC108E9004E68B2 /* CoreLocation.framework in Frameworks */,
				4D4B1F601D018C2A001C2F30 /* libz.tbd in Frameworks */,
				2A319B45187C4F8F0004A3CB /* CoreGraphics.framework in Frameworks */,
				2A319B47187C4F8F0004A3CB /* UIKit.framework in Frameworks */,
				2A319B43187C4F8F0004A3CB /* Foundation.framework in Frameworks */,
				AD7A5D1F1D9ABE0700F5EE4E /* GLKit.framework in Frameworks */,
				9A2A46DC69277B2945334956 /* libPods-AdvancedMap.Objective-C.a in Frameworks */,
			);
			runOnlyForDeploymentPostprocessing = 0;
		};
		ADA114141DA399FF00481261 /* Frameworks */ = {
			isa = PBXFrameworksBuildPhase;
			buildActionMask = 2147483647;
			files = (
				ADA114231DA3A24E00481261 /* libz.tbd in Frameworks */,
				ADA114261DA3A2CE00481261 /* CoreGraphics.framework in Frameworks */,
				ADA114271DA3A2D200481261 /* UIKit.framework in Frameworks */,
				ADA114251DA3A2BD00481261 /* Foundation.framework in Frameworks */,
				ADA114241DA3A25500481261 /* GLKit.framework in Frameworks */,
				34B4A0362985542DCAC73775 /* libPods-AdvancedMap.Objective-C.UITests.a in Frameworks */,
			);
			runOnlyForDeploymentPostprocessing = 0;
		};
/* End PBXFrameworksBuildPhase section */

/* Begin PBXGroup section */
		228777A0AAD6EEE6DCD37725 /* Pods */ = {
			isa = PBXGroup;
			children = (
				434F72035F7288C218D7B435 /* Pods-AdvancedMap.Objective-C.debug.xcconfig */,
				65284DDA3D95F82D5DF6B11D /* Pods-AdvancedMap.Objective-C.release.xcconfig */,
				41488110D30CDAF74B940709 /* Pods-AdvancedMap.Objective-C.UITests.debug.xcconfig */,
				AD02FEE866BAAE942D33FB01 /* Pods-AdvancedMap.Objective-C.UITests.release.xcconfig */,
			);
			name = Pods;
			sourceTree = "<group>";
		};
		2A319B36187C4F8F0004A3CB = {
			isa = PBXGroup;
			children = (
				2A319B48187C4F8F0004A3CB /* AdvancedMap.Objective-C */,
				ADA114181DA399FF00481261 /* AdvancedMap.Objective-C.UITests */,
				2A319B41187C4F8F0004A3CB /* Frameworks */,
				2A319B40187C4F8F0004A3CB /* Products */,
				228777A0AAD6EEE6DCD37725 /* Pods */,
			);
			sourceTree = "<group>";
		};
		2A319B40187C4F8F0004A3CB /* Products */ = {
			isa = PBXGroup;
			children = (
				2A319B3F187C4F8F0004A3CB /* AdvancedMap.Objective-C.app */,
				ADA114171DA399FF00481261 /* AdvancedMap.Objective-C.UITests.xctest */,
			);
			name = Products;
			sourceTree = "<group>";
		};
		2A319B41187C4F8F0004A3CB /* Frameworks */ = {
			isa = PBXGroup;
			children = (
				AD589CE91DC108E9004E68B2 /* CoreLocation.framework */,
				ADA114211DA3A04F00481261 /* libPods-AdvancedMap.Objective-C.a */,
				4D4B1F5F1D018C2A001C2F30 /* libz.tbd */,
				AD7A5D1D1D9ABE0700F5EE4E /* GLKit.framework */,
				2A319B42187C4F8F0004A3CB /* Foundation.framework */,
				2A319B44187C4F8F0004A3CB /* CoreGraphics.framework */,
				2A319B46187C4F8F0004A3CB /* UIKit.framework */,
				B16806BB0D561BC919810AEC /* libPods-AdvancedMap.Objective-C.a */,
				E918DC6CE207EA525F4C3D2C /* libPods-AdvancedMap.Objective-C.UITests.a */,
			);
			name = Frameworks;
			sourceTree = "<group>";
		};
		2A319B48187C4F8F0004A3CB /* AdvancedMap.Objective-C */ = {
			isa = PBXGroup;
			children = (
				AD2AD56C1F4B01BD00F3C479 /* PackageManager */,
				ADFC10231E76EAEF009DC903 /* Utils */,
				AD860A6B1D7DA103005994B2 /* BaseClasses */,
				ADC7313A1DBFA2A400E1CDCA /* Sections */,
				4DEB06DF1A10DF0F003D111C /* LauncherListController.h */,
				4DC850071A0E718100C5124F /* LauncherListController.mm */,
				ADED5EF41D92A30200AB2D13 /* Assets */,
				2AD24F7E18FEDB5C000969F4 /* InfoPlist.strings */,
				2AD24F6E18FEDAA6000969F4 /* main.m */,
				2AD24F7318FEDAA6000969F4 /* AdvancedMap.Objective-C-Info.plist */,
				2AD24F8418FEDB89000969F4 /* Images.xcassets */,
				2AD24F6918FEDAA6000969F4 /* AppDelegate.h */,
				2AD24F6A18FEDAA6000969F4 /* AppDelegate.m */,
				ADF672591F33169600527D49 /* Sources.h */,
				ADF672581F33106B00527D49 /* Sources.m */,
			);
			name = "AdvancedMap.Objective-C";
			path = AdvancedMap;
			sourceTree = "<group>";
		};
		AD2AD56C1F4B01BD00F3C479 /* PackageManager */ = {
			isa = PBXGroup;
			children = (
				AD2AD5731F4B03FB00F3C479 /* PackageManagerController.h */,
				4D94545D1A80E48D00D37B3B /* PackageManagerController.mm */,
				AD2AD56D1F4B020C00F3C479 /* Package.h */,
				AD2AD56E1F4B023D00F3C479 /* Package.mm */,
				AD2AD5701F4B032600F3C479 /* PackageManagerListener.h */,
				AD2AD5711F4B033500F3C479 /* PackageManagerListener.mm */,
				AD2AD5741F4B0E5300F3C479 /* PackageTableViewCell.h */,
				AD2AD5751F4B0E5300F3C479 /* PackageTableViewCell.m */,
			);
			name = PackageManager;
			sourceTree = "<group>";
		};
		AD54BF351DCB601C00B0C190 /* Overlays */ = {
			isa = PBXGroup;
			children = (
				4DEB06CF1A10BDB7003D111C /* OverlaysController.mm */,
				ADCF53BF1DC1FFA8004AD5C3 /* MyVectorElementEventListener.h */,
				ADCF53C01DC1FFC3004AD5C3 /* MyVectorElementEventListener.mm */,
			);
			name = Overlays;
			sourceTree = "<group>";
		};
		AD860A6B1D7DA103005994B2 /* BaseClasses */ = {
			isa = PBXGroup;
			children = (
				ADC731491DBFAC6500E1CDCA /* Listeners */,
				ADC731481DBFAC6000E1CDCA /* Controllers */,
				AD9F814F1E4B67340091DB26 /* AlertMenu.h */,
				AD9F81501E4B67490091DB26 /* AlertMenu.m */,
			);
			name = BaseClasses;
			sourceTree = "<group>";
		};
		AD90F9441E096BF700E6EF51 /* Routing */ = {
			isa = PBXGroup;
			children = (
				ADFC102D1E76F3E4009DC903 /* Utils */,
				AD90F9481E096C8200E6EF51 /* OnlineRoutingController.mm */,
				ADFC102B1E76F190009DC903 /* OfflineRoutingPackageController.mm */,
				ADFC102E1E76F406009DC903 /* OfflineRoutingBBoxController.mm */,
			);
			name = Routing;
			sourceTree = "<group>";
		};
		ADA114181DA399FF00481261 /* AdvancedMap.Objective-C.UITests */ = {
			isa = PBXGroup;
			children = (
				ADA114191DA399FF00481261 /* AdvancedMap_Objective_C_UITests.m */,
				ADA1141B1DA399FF00481261 /* Info.plist */,
			);
			path = "AdvancedMap.Objective-C.UITests";
			sourceTree = "<group>";
		};
		ADB148911DC0A6CC009A899B /* BasicEditableOverlay */ = {
			isa = PBXGroup;
			children = (
				ADB1488F1DC0A5AD009A899B /* VectorObjectEditingController.m */,
				ADB148921DC0A6D7009A899B /* Listeners */,
			);
			name = BasicEditableOverlay;
			sourceTree = "<group>";
		};
		ADB148921DC0A6D7009A899B /* Listeners */ = {
			isa = PBXGroup;
			children = (
				ADB1489B1DC0B0BD009A899B /* VectorElementSelectEventListener.h */,
				ADB148931DC0A6ED009A899B /* VectorElementSelectEventListener.mm */,
				ADB1489A1DC0B073009A899B /* VectorElementDeselectEventListener.h */,
				ADB148951DC0A6FB009A899B /* VectorElementDeselectEventListener.mm */,
				ADB148991DC0AC33009A899B /* BasicEditEventListener.h */,
				ADB148971DC0A708009A899B /* BasicEditEventListener.mm */,
			);
			name = Listeners;
			sourceTree = "<group>";
		};
		ADC7313A1DBFA2A400E1CDCA /* Sections */ = {
			isa = PBXGroup;
			children = (
				AD90F9441E096BF700E6EF51 /* Routing */,
				ADC731421DBFA36D00E1CDCA /* BaseMap */,
				ADC731411DBFA35000E1CDCA /* OverlayDataSource */,
				ADC7313F1DBFA34000E1CDCA /* VectorObjects */,
				ADC7313E1DBFA33800E1CDCA /* OfflineMap */,
				ADC7313D1DBFA33100E1CDCA /* Other */,
			);
			name = Sections;
			sourceTree = "<group>";
		};
		ADC7313D1DBFA33100E1CDCA /* Other */ = {
			isa = PBXGroup;
			children = (
				AD589CE31DC0BDD3004E68B2 /* CaptureController.mm */,
				ADC731471DBFA78D00E1CDCA /* CustomPopup */,
				AD589CE71DC105A1004E68B2 /* GPSLocationController.m */,
			);
			name = Other;
			sourceTree = "<group>";
		};
		ADC7313E1DBFA33800E1CDCA /* OfflineMap */ = {
			isa = PBXGroup;
			children = (
				ADC731431DBFA3C200E1CDCA /* MapPackageManager */,
				4DEB06D71A10CDC0003D111C /* BundledMapController.mm */,
				ADE5B9351DD5FC3D002ADD34 /* BasicPackageManagerController.mm */,
			);
			name = OfflineMap;
			sourceTree = "<group>";
		};
		ADC7313F1DBFA34000E1CDCA /* VectorObjects */ = {
			isa = PBXGroup;
			children = (
				4DFC6C6C1B6224D300AF8E06 /* ClusteredMarkersController.mm */,
				AD54BF351DCB601C00B0C190 /* Overlays */,
				ADB148911DC0A6CC009A899B /* BasicEditableOverlay */,
			);
			name = VectorObjects;
			sourceTree = "<group>";
		};
		ADC731411DBFA35000E1CDCA /* OverlayDataSource */ = {
			isa = PBXGroup;
			children = (
				4DC850111A0E7DC500C5124F /* CustomRasterDataSourceController.mm */,
				4DAF41AE1AD3C307004E7092 /* GroundOverlayController.mm */,
				AD589CE51DC0D1E7004E68B2 /* WMSMapController.m */,
			);
			name = OverlayDataSource;
			sourceTree = "<group>";
		};
		ADC731421DBFA36D00E1CDCA /* BaseMap */ = {
			isa = PBXGroup;
			children = (
				ADB1488D1DC09C59009A899B /* BaseMapsController.mm */,
			);
			name = BaseMap;
			sourceTree = "<group>";
		};
		ADC731431DBFA3C200E1CDCA /* MapPackageManager */ = {
			isa = PBXGroup;
			children = (
				0C0E589D1A83CFD30072D7E8 /* PackageMapController.h */,
				0C0E589B1A83CD540072D7E8 /* PackageMapController.mm */,
			);
			name = MapPackageManager;
			sourceTree = "<group>";
		};
		ADC731471DBFA78D00E1CDCA /* CustomPopup */ = {
			isa = PBXGroup;
			children = (
				4D13E27F1A6EB72600FA74DC /* CustomPopupController.mm */,
				4D13E2821A6EB80200FA74DC /* MyCustomPopupHandler.mm */,
				4D13E2841A6EB82600FA74DC /* MyCustomPopupHandler.h */,
			);
			name = CustomPopup;
			sourceTree = "<group>";
		};
		ADC731481DBFAC6000E1CDCA /* Controllers */ = {
			isa = PBXGroup;
			children = (
				4D2BE70A1A52F89C0013ABB3 /* MapBaseController.h */,
				4D2BE7081A52F86F0013ABB3 /* MapBaseController.mm */,
			);
			name = Controllers;
			sourceTree = "<group>";
		};
		ADC731491DBFAC6500E1CDCA /* Listeners */ = {
			isa = PBXGroup;
			children = (
				ADC731441DBFA4C400E1CDCA /* VectorTileListener.h */,
				ADC731451DBFA5B000E1CDCA /* VectorTileListener.mm */,
			);
			name = Listeners;
			sourceTree = "<group>";
		};
		ADED5EF41D92A30200AB2D13 /* Assets */ = {
			isa = PBXGroup;
			children = (
				ADED5EF51D92A31800AB2D13 /* 852-map-toolbar.png */,
				ADED5EF61D92A31800AB2D13 /* 852-map-toolbar@2x.png */,
				ADED5EF71D92A31800AB2D13 /* 852-map-toolbar@3x.png */,
				ADED5EF81D92A31800AB2D13 /* arrow.png */,
				ADED5EF91D92A31800AB2D13 /* arrow@2x.png */,
				ADED5EFA1D92A31800AB2D13 /* basic.zip */,
				ADED5EFB1D92A31800AB2D13 /* capitals_3857.geojson */,
				ADED5EFC1D92A31800AB2D13 /* carto-fonts.zip */,
				AD54BF361DCB6C9900B0C190 /* icon_more@2x.png */,
				ADED5EFD1D92A31800AB2D13 /* cartodark.zip */,
				ADED5EFE1D92A31800AB2D13 /* direction_down.png */,
				ADED5EFF1D92A31800AB2D13 /* direction_up.png */,
				AD3D629F1DD07F0F00C97356 /* icon_more.png */,
				AD3D62A01DD07F0F00C97356 /* icon_more@3x.png */,
				ADED5F001D92A31800AB2D13 /* direction_upthenleft.png */,
				ADED5F011D92A31800AB2D13 /* direction_upthenright.png */,
				ADED5F021D92A31800AB2D13 /* fcd_auto.nml */,
				ADED5F031D92A31800AB2D13 /* info.png */,
				ADED5F041D92A31800AB2D13 /* info@2x.png */,
				ADED5F051D92A31800AB2D13 /* jefferson-building-ground-floor.jpg */,
				ADED5F061D92A31800AB2D13 /* looseleaf.zip */,
				AD031F231DCCE81400072781 /* styles_mapzen.zip */,
				ADED5F071D92A31800AB2D13 /* mapzen.zip */,
				ADED5F081D92A31800AB2D13 /* marker_black.png */,
				AD9B19B81DC1E5850025B767 /* cities15000.geojson */,
				ADED5F091D92A31800AB2D13 /* marker_red.png */,
				ADED5F0A1D92A31800AB2D13 /* marker.png */,
				ADED5F0B1D92A31800AB2D13 /* menu.png */,
				ADED5F0C1D92A31800AB2D13 /* menu@2x.png */,
				ADED5F0D1D92A31800AB2D13 /* milktruck.nml */,
				ADED5F0E1D92A31800AB2D13 /* nutibright-contourstyle.zip */,
				ADED5F0F1D92A31800AB2D13 /* nutibright-v3.zip */,
				ADED5F101D92A31800AB2D13 /* nutiteq-dark.zip */,
				ADED5F111D92A31800AB2D13 /* positron.zip */,
				ADED5F121D92A31800AB2D13 /* rome_ntvt.mbtiles */,
			);
			name = Assets;
			sourceTree = "<group>";
		};
		ADFC10231E76EAEF009DC903 /* Utils */ = {
			isa = PBXGroup;
			children = (
				ADFC10241E76EAFB009DC903 /* BoundingBox.h */,
				ADFC10251E76EB10009DC903 /* BoundingBox.m */,
			);
			name = Utils;
			sourceTree = "<group>";
		};
		ADFC102D1E76F3E4009DC903 /* Utils */ = {
			isa = PBXGroup;
			children = (
				ADFC10281E76F031009DC903 /* RoutePackageManagerListener.h */,
				ADFC10291E76F067009DC903 /* RoutePackageManagerListener.mm */,
				AD90F9451E096C0E00E6EF51 /* BaseRoutingController.h */,
				AD90F9461E096C6E00E6EF51 /* BaseRoutingController.mm */,
				ADFC10271E76EF10009DC903 /* OfflineRoutingBaseController.h */,
				AD90F94C1E0970AD00E6EF51 /* OfflineRoutingBaseController.mm */,
			);
			name = Utils;
			sourceTree = "<group>";
		};
/* End PBXGroup section */

/* Begin PBXNativeTarget section */
		2A319B3E187C4F8F0004A3CB /* AdvancedMap.Objective-C */ = {
			isa = PBXNativeTarget;
			buildConfigurationList = 2A319B74187C4F8F0004A3CB /* Build configuration list for PBXNativeTarget "AdvancedMap.Objective-C" */;
			buildPhases = (
				41279C8D40EDB3B5E58DA99F /* [CP] Check Pods Manifest.lock */,
				2A319B3B187C4F8F0004A3CB /* Sources */,
				2A319B3C187C4F8F0004A3CB /* Frameworks */,
				2A319B3D187C4F8F0004A3CB /* Resources */,
				E12017B7FB19227B0301AAC9 /* [CP] Embed Pods Frameworks */,
				DAB242C9203C6AEECA59E6DF /* [CP] Copy Pods Resources */,
			);
			buildRules = (
			);
			dependencies = (
			);
			name = "AdvancedMap.Objective-C";
			productName = sdk_3d_ios_app;
			productReference = 2A319B3F187C4F8F0004A3CB /* AdvancedMap.Objective-C.app */;
			productType = "com.apple.product-type.application";
		};
		ADA114161DA399FF00481261 /* AdvancedMap.Objective-C.UITests */ = {
			isa = PBXNativeTarget;
			buildConfigurationList = ADA114201DA399FF00481261 /* Build configuration list for PBXNativeTarget "AdvancedMap.Objective-C.UITests" */;
			buildPhases = (
				D23D83F2BDC0EEB488B16630 /* [CP] Check Pods Manifest.lock */,
				ADA114131DA399FF00481261 /* Sources */,
				ADA114141DA399FF00481261 /* Frameworks */,
				ADA114151DA399FF00481261 /* Resources */,
				5419D738B107D73308287310 /* [CP] Copy Pods Resources */,
				C4E9255CBDF4C2D40F7B914C /* [CP] Embed Pods Frameworks */,
			);
			buildRules = (
			);
			dependencies = (
				ADA1141D1DA399FF00481261 /* PBXTargetDependency */,
			);
			name = "AdvancedMap.Objective-C.UITests";
			productName = "AdvancedMap.Objective-C.UITests";
			productReference = ADA114171DA399FF00481261 /* AdvancedMap.Objective-C.UITests.xctest */;
			productType = "com.apple.product-type.bundle.ui-testing";
		};
/* End PBXNativeTarget section */

/* Begin PBXProject section */
		2A319B37187C4F8F0004A3CB /* Project object */ = {
			isa = PBXProject;
			attributes = {
				LastUpgradeCheck = 0730;
				ORGANIZATIONNAME = Nutiteq;
				TargetAttributes = {
					2A319B3E187C4F8F0004A3CB = {
						DevelopmentTeam = 79LP8BB5PK;
					};
					ADA114161DA399FF00481261 = {
						CreatedOnToolsVersion = 7.3.1;
						TestTargetID = 2A319B3E187C4F8F0004A3CB;
					};
				};
			};
			buildConfigurationList = 2A319B3A187C4F8F0004A3CB /* Build configuration list for PBXProject "AdvancedMap.Objective-C" */;
			compatibilityVersion = "Xcode 3.2";
			developmentRegion = English;
			hasScannedForEncodings = 0;
			knownRegions = (
				en,
				Base,
			);
			mainGroup = 2A319B36187C4F8F0004A3CB;
			productRefGroup = 2A319B40187C4F8F0004A3CB /* Products */;
			projectDirPath = "";
			projectRoot = "";
			targets = (
				2A319B3E187C4F8F0004A3CB /* AdvancedMap.Objective-C */,
				ADA114161DA399FF00481261 /* AdvancedMap.Objective-C.UITests */,
			);
		};
/* End PBXProject section */

/* Begin PBXResourcesBuildPhase section */
		2A319B3D187C4F8F0004A3CB /* Resources */ = {
			isa = PBXResourcesBuildPhase;
			buildActionMask = 2147483647;
			files = (
				ADED5F311D92A31800AB2D13 /* rome_ntvt.mbtiles in Resources */,
				ADED5F141D92A31800AB2D13 /* 852-map-toolbar.png in Resources */,
				ADED5F271D92A31800AB2D13 /* marker_black.png in Resources */,
				ADED5F191D92A31800AB2D13 /* basic.zip in Resources */,
				AD9B19B91DC1E5850025B767 /* cities15000.geojson in Resources */,
				ADED5F2A1D92A31800AB2D13 /* menu.png in Resources */,
				AD54BF371DCB6C9900B0C190 /* icon_more@2x.png in Resources */,
				ADED5F251D92A31800AB2D13 /* looseleaf.zip in Resources */,
				ADED5F2B1D92A31800AB2D13 /* menu@2x.png in Resources */,
				2AD24F8518FEDB89000969F4 /* Images.xcassets in Resources */,
				ADED5F2E1D92A31800AB2D13 /* nutibright-v3.zip in Resources */,
				AD031F241DCCE81400072781 /* styles_mapzen.zip in Resources */,
				ADED5F261D92A31800AB2D13 /* mapzen.zip in Resources */,
				ADED5F291D92A31800AB2D13 /* marker.png in Resources */,
				ADED5F171D92A31800AB2D13 /* arrow.png in Resources */,
				ADED5F151D92A31800AB2D13 /* 852-map-toolbar@2x.png in Resources */,
				ADED5F181D92A31800AB2D13 /* arrow@2x.png in Resources */,
				ADED5F1E1D92A31800AB2D13 /* direction_up.png in Resources */,
				ADED5F1F1D92A31800AB2D13 /* direction_upthenleft.png in Resources */,
				ADED5F1D1D92A31800AB2D13 /* direction_down.png in Resources */,
				ADED5F221D92A31800AB2D13 /* info.png in Resources */,
				ADED5F301D92A31800AB2D13 /* positron.zip in Resources */,
				AD3D62A11DD07F0F00C97356 /* icon_more.png in Resources */,
				ADED5F2C1D92A31800AB2D13 /* milktruck.nml in Resources */,
				ADED5F231D92A31800AB2D13 /* info@2x.png in Resources */,
				ADED5F201D92A31800AB2D13 /* direction_upthenright.png in Resources */,
				ADED5F161D92A31800AB2D13 /* 852-map-toolbar@3x.png in Resources */,
				ADED5F241D92A31800AB2D13 /* jefferson-building-ground-floor.jpg in Resources */,
				ADED5F2F1D92A31800AB2D13 /* nutiteq-dark.zip in Resources */,
				AD3D62A21DD07F0F00C97356 /* icon_more@3x.png in Resources */,
				ADED5F281D92A31800AB2D13 /* marker_red.png in Resources */,
				ADED5F1A1D92A31800AB2D13 /* capitals_3857.geojson in Resources */,
				ADED5F2D1D92A31800AB2D13 /* nutibright-contourstyle.zip in Resources */,
				ADED5F211D92A31800AB2D13 /* fcd_auto.nml in Resources */,
				ADED5F1B1D92A31800AB2D13 /* carto-fonts.zip in Resources */,
				ADED5F1C1D92A31800AB2D13 /* cartodark.zip in Resources */,
			);
			runOnlyForDeploymentPostprocessing = 0;
		};
		ADA114151DA399FF00481261 /* Resources */ = {
			isa = PBXResourcesBuildPhase;
			buildActionMask = 2147483647;
			files = (
			);
			runOnlyForDeploymentPostprocessing = 0;
		};
/* End PBXResourcesBuildPhase section */

/* Begin PBXShellScriptBuildPhase section */
		41279C8D40EDB3B5E58DA99F /* [CP] Check Pods Manifest.lock */ = {
			isa = PBXShellScriptBuildPhase;
			buildActionMask = 2147483647;
			files = (
			);
			inputPaths = (
			);
			name = "[CP] Check Pods Manifest.lock";
			outputPaths = (
			);
			runOnlyForDeploymentPostprocessing = 0;
			shellPath = /bin/sh;
			shellScript = "diff \"${PODS_ROOT}/../Podfile.lock\" \"${PODS_ROOT}/Manifest.lock\" > /dev/null\nif [ $? != 0 ] ; then\n    # print error to STDERR\n    echo \"error: The sandbox is not in sync with the Podfile.lock. Run 'pod install' or update your CocoaPods installation.\" >&2\n    exit 1\nfi\n";
			showEnvVarsInLog = 0;
		};
		5419D738B107D73308287310 /* [CP] Copy Pods Resources */ = {
			isa = PBXShellScriptBuildPhase;
			buildActionMask = 2147483647;
			files = (
			);
			inputPaths = (
			);
			name = "[CP] Copy Pods Resources";
			outputPaths = (
			);
			runOnlyForDeploymentPostprocessing = 0;
			shellPath = /bin/sh;
			shellScript = "\"${SRCROOT}/Pods/Target Support Files/Pods-AdvancedMap.Objective-C.UITests/Pods-AdvancedMap.Objective-C.UITests-resources.sh\"\n";
			showEnvVarsInLog = 0;
		};
		C4E9255CBDF4C2D40F7B914C /* [CP] Embed Pods Frameworks */ = {
			isa = PBXShellScriptBuildPhase;
			buildActionMask = 2147483647;
			files = (
			);
			inputPaths = (
			);
			name = "[CP] Embed Pods Frameworks";
			outputPaths = (
			);
			runOnlyForDeploymentPostprocessing = 0;
			shellPath = /bin/sh;
			shellScript = "\"${SRCROOT}/Pods/Target Support Files/Pods-AdvancedMap.Objective-C.UITests/Pods-AdvancedMap.Objective-C.UITests-frameworks.sh\"\n";
			showEnvVarsInLog = 0;
		};
		D23D83F2BDC0EEB488B16630 /* [CP] Check Pods Manifest.lock */ = {
			isa = PBXShellScriptBuildPhase;
			buildActionMask = 2147483647;
			files = (
			);
			inputPaths = (
			);
			name = "[CP] Check Pods Manifest.lock";
			outputPaths = (
			);
			runOnlyForDeploymentPostprocessing = 0;
			shellPath = /bin/sh;
			shellScript = "diff \"${PODS_ROOT}/../Podfile.lock\" \"${PODS_ROOT}/Manifest.lock\" > /dev/null\nif [ $? != 0 ] ; then\n    # print error to STDERR\n    echo \"error: The sandbox is not in sync with the Podfile.lock. Run 'pod install' or update your CocoaPods installation.\" >&2\n    exit 1\nfi\n";
			showEnvVarsInLog = 0;
		};
		DAB242C9203C6AEECA59E6DF /* [CP] Copy Pods Resources */ = {
			isa = PBXShellScriptBuildPhase;
			buildActionMask = 2147483647;
			files = (
			);
			inputPaths = (
			);
			name = "[CP] Copy Pods Resources";
			outputPaths = (
			);
			runOnlyForDeploymentPostprocessing = 0;
			shellPath = /bin/sh;
			shellScript = "\"${SRCROOT}/Pods/Target Support Files/Pods-AdvancedMap.Objective-C/Pods-AdvancedMap.Objective-C-resources.sh\"\n";
			showEnvVarsInLog = 0;
		};
		E12017B7FB19227B0301AAC9 /* [CP] Embed Pods Frameworks */ = {
			isa = PBXShellScriptBuildPhase;
			buildActionMask = 2147483647;
			files = (
			);
			inputPaths = (
			);
			name = "[CP] Embed Pods Frameworks";
			outputPaths = (
			);
			runOnlyForDeploymentPostprocessing = 0;
			shellPath = /bin/sh;
			shellScript = "\"${SRCROOT}/Pods/Target Support Files/Pods-AdvancedMap.Objective-C/Pods-AdvancedMap.Objective-C-frameworks.sh\"\n";
			showEnvVarsInLog = 0;
		};
/* End PBXShellScriptBuildPhase section */

/* Begin PBXSourcesBuildPhase section */
		2A319B3B187C4F8F0004A3CB /* Sources */ = {
			isa = PBXSourcesBuildPhase;
			buildActionMask = 2147483647;
			files = (
				ADB148981DC0A708009A899B /* BasicEditEventListener.mm in Sources */,
				ADB148941DC0A6ED009A899B /* VectorElementSelectEventListener.mm in Sources */,
				4DEB06D01A10BDB7003D111C /* OverlaysController.mm in Sources */,
				2AD24F7918FEDAA6000969F4 /* main.m in Sources */,
				ADFC102A1E76F067009DC903 /* RoutePackageManagerListener.mm in Sources */,
				ADF6725A1F331AF800527D49 /* Sources.m in Sources */,
				AD589CE61DC0D1E7004E68B2 /* WMSMapController.m in Sources */,
				4DFC6C6D1B6224D300AF8E06 /* ClusteredMarkersController.mm in Sources */,
				ADFC102C1E76F190009DC903 /* OfflineRoutingPackageController.mm in Sources */,
				ADB1488E1DC09C59009A899B /* BaseMapsController.mm in Sources */,
				AD9F81511E4B67490091DB26 /* AlertMenu.m in Sources */,
				ADB148901DC0A5AD009A899B /* VectorObjectEditingController.m in Sources */,
				AD2AD5761F4B0E5300F3C479 /* PackageTableViewCell.m in Sources */,
				AD90F94D1E0970AD00E6EF51 /* OfflineRoutingBaseController.mm in Sources */,
				AD2AD5721F4B033500F3C479 /* PackageManagerListener.mm in Sources */,
				4DAF41AF1AD3C307004E7092 /* GroundOverlayController.mm in Sources */,
				ADFC10261E76EB10009DC903 /* BoundingBox.m in Sources */,
				AD90F9491E096C8200E6EF51 /* OnlineRoutingController.mm in Sources */,
				4D2BE7091A52F86F0013ABB3 /* MapBaseController.mm in Sources */,
				4D13E2831A6EB80200FA74DC /* MyCustomPopupHandler.mm in Sources */,
				AD589CE81DC105A1004E68B2 /* GPSLocationController.m in Sources */,
				ADE5B9361DD5FC3D002ADD34 /* BasicPackageManagerController.mm in Sources */,
				ADFC102F1E76F406009DC903 /* OfflineRoutingBBoxController.mm in Sources */,
				AD90F9471E096C6E00E6EF51 /* BaseRoutingController.mm in Sources */,
				4D94545E1A80E48D00D37B3B /* PackageManagerController.mm in Sources */,
				4DC850121A0E7DC500C5124F /* CustomRasterDataSourceController.mm in Sources */,
				AD443BC41DD0877E00EE65A9 /* VectorTileListener.mm in Sources */,
				4DEB06D81A10CDC0003D111C /* BundledMapController.mm in Sources */,
				4DC850081A0E718100C5124F /* LauncherListController.mm in Sources */,
				0C0E589C1A83CD540072D7E8 /* PackageMapController.mm in Sources */,
				ADCF53C11DC1FFC3004AD5C3 /* MyVectorElementEventListener.mm in Sources */,
				4D13E2801A6EB72600FA74DC /* CustomPopupController.mm in Sources */,
				ADB148961DC0A6FB009A899B /* VectorElementDeselectEventListener.mm in Sources */,
				AD589CE41DC0BDD3004E68B2 /* CaptureController.mm in Sources */,
				AD2AD56F1F4B023D00F3C479 /* Package.mm in Sources */,
				2AD24F7518FEDAA6000969F4 /* AppDelegate.m in Sources */,
			);
			runOnlyForDeploymentPostprocessing = 0;
		};
		ADA114131DA399FF00481261 /* Sources */ = {
			isa = PBXSourcesBuildPhase;
			buildActionMask = 2147483647;
			files = (
				ADA1141A1DA399FF00481261 /* AdvancedMap_Objective_C_UITests.m in Sources */,
				ADA114281DA3A37600481261 /* LauncherListController.mm in Sources */,
			);
			runOnlyForDeploymentPostprocessing = 0;
		};
/* End PBXSourcesBuildPhase section */

/* Begin PBXTargetDependency section */
		ADA1141D1DA399FF00481261 /* PBXTargetDependency */ = {
			isa = PBXTargetDependency;
			target = 2A319B3E187C4F8F0004A3CB /* AdvancedMap.Objective-C */;
			targetProxy = ADA1141C1DA399FF00481261 /* PBXContainerItemProxy */;
		};
/* End PBXTargetDependency section */

/* Begin PBXVariantGroup section */
		2AD24F7E18FEDB5C000969F4 /* InfoPlist.strings */ = {
			isa = PBXVariantGroup;
			children = (
				2AD24F7F18FEDB5C000969F4 /* en */,
			);
			name = InfoPlist.strings;
			sourceTree = "<group>";
		};
/* End PBXVariantGroup section */

/* Begin XCBuildConfiguration section */
		2A319B72187C4F8F0004A3CB /* Debug */ = {
			isa = XCBuildConfiguration;
			buildSettings = {
				ALWAYS_SEARCH_USER_PATHS = NO;
				CLANG_CXX_LANGUAGE_STANDARD = "gnu++0x";
				CLANG_CXX_LIBRARY = "libc++";
				CLANG_ENABLE_MODULES = YES;
				CLANG_ENABLE_OBJC_ARC = YES;
				CLANG_WARN_BOOL_CONVERSION = YES;
				CLANG_WARN_CONSTANT_CONVERSION = YES;
				CLANG_WARN_DIRECT_OBJC_ISA_USAGE = YES_ERROR;
				CLANG_WARN_EMPTY_BODY = YES;
				CLANG_WARN_ENUM_CONVERSION = YES;
				CLANG_WARN_INT_CONVERSION = YES;
				CLANG_WARN_OBJC_ROOT_CLASS = YES_ERROR;
				CLANG_WARN__DUPLICATE_METHOD_MATCH = YES;
				"CODE_SIGN_IDENTITY[sdk=iphoneos*]" = "iPhone Developer";
				COPY_PHASE_STRIP = NO;
				ENABLE_TESTABILITY = YES;
				GCC_C_LANGUAGE_STANDARD = gnu99;
				GCC_DYNAMIC_NO_PIC = NO;
				GCC_OPTIMIZATION_LEVEL = 0;
				GCC_PREPROCESSOR_DEFINITIONS = (
					"DEBUG=1",
					"$(inherited)",
				);
				GCC_SYMBOLS_PRIVATE_EXTERN = NO;
				GCC_WARN_64_TO_32_BIT_CONVERSION = YES;
				GCC_WARN_ABOUT_RETURN_TYPE = YES_ERROR;
				GCC_WARN_UNDECLARED_SELECTOR = YES;
				GCC_WARN_UNINITIALIZED_AUTOS = YES;
				GCC_WARN_UNUSED_FUNCTION = YES;
				GCC_WARN_UNUSED_VARIABLE = YES;
				IPHONEOS_DEPLOYMENT_TARGET = 9.0;
				ONLY_ACTIVE_ARCH = YES;
				PROVISIONING_PROFILE = "c3d8d505-ccd8-4f29-a42c-0c8ef2e54b7e";
				SDKROOT = iphoneos;
				TARGETED_DEVICE_FAMILY = "1,2";
				VALID_ARCHS = "arm64 armv7 armv7s";
			};
			name = Debug;
		};
		2A319B73187C4F8F0004A3CB /* Release */ = {
			isa = XCBuildConfiguration;
			buildSettings = {
				ALWAYS_SEARCH_USER_PATHS = NO;
				CLANG_CXX_LANGUAGE_STANDARD = "gnu++0x";
				CLANG_CXX_LIBRARY = "libc++";
				CLANG_ENABLE_MODULES = YES;
				CLANG_ENABLE_OBJC_ARC = YES;
				CLANG_WARN_BOOL_CONVERSION = YES;
				CLANG_WARN_CONSTANT_CONVERSION = YES;
				CLANG_WARN_DIRECT_OBJC_ISA_USAGE = YES_ERROR;
				CLANG_WARN_EMPTY_BODY = YES;
				CLANG_WARN_ENUM_CONVERSION = YES;
				CLANG_WARN_INT_CONVERSION = YES;
				CLANG_WARN_OBJC_ROOT_CLASS = YES_ERROR;
				CLANG_WARN__DUPLICATE_METHOD_MATCH = YES;
				CODE_SIGN_IDENTITY = "iPhone Distribution";
				"CODE_SIGN_IDENTITY[sdk=iphoneos*]" = "iPhone Distribution: CARTODB ESTONIA OU";
				COPY_PHASE_STRIP = YES;
				ENABLE_NS_ASSERTIONS = NO;
				GCC_C_LANGUAGE_STANDARD = gnu99;
				GCC_WARN_64_TO_32_BIT_CONVERSION = YES;
				GCC_WARN_ABOUT_RETURN_TYPE = YES_ERROR;
				GCC_WARN_UNDECLARED_SELECTOR = YES;
				GCC_WARN_UNINITIALIZED_AUTOS = YES;
				GCC_WARN_UNUSED_FUNCTION = YES;
				GCC_WARN_UNUSED_VARIABLE = YES;
				IPHONEOS_DEPLOYMENT_TARGET = 9.0;
				PROVISIONING_PROFILE = "c3d8d505-ccd8-4f29-a42c-0c8ef2e54b7e";
				SDKROOT = iphoneos;
				TARGETED_DEVICE_FAMILY = "1,2";
				VALIDATE_PRODUCT = YES;
				VALID_ARCHS = "arm64 armv7 armv7s";
			};
			name = Release;
		};
		2A319B75187C4F8F0004A3CB /* Debug */ = {
			isa = XCBuildConfiguration;
			baseConfigurationReference = 434F72035F7288C218D7B435 /* Pods-AdvancedMap.Objective-C.debug.xcconfig */;
			buildSettings = {
				ASSETCATALOG_COMPILER_APPICON_NAME = AppIcon;
				ASSETCATALOG_COMPILER_LAUNCHIMAGE_NAME = LaunchImage;
				CODE_SIGN_IDENTITY = "iPhone Developer";
				"CODE_SIGN_IDENTITY[sdk=iphoneos*]" = "iPhone Developer";
				DEVELOPMENT_TEAM = 79LP8BB5PK;
				ENABLE_BITCODE = NO;
				FRAMEWORK_SEARCH_PATHS = "$(inherited)";
				GCC_PRECOMPILE_PREFIX_HEADER = NO;
				GCC_PREFIX_HEADER = "";
				GCC_WARN_64_TO_32_BIT_CONVERSION = NO;
				HEADER_SEARCH_PATHS = (
					"$(inherited)",
					/Applications/Xcode.app/Contents/Developer/Toolchains/XcodeDefault.xctoolchain/usr/include,
				);
				INFOPLIST_FILE = "AdvancedMap/AdvancedMap.Objective-C-Info.plist";
				IPHONEOS_DEPLOYMENT_TARGET = 9.0;
				LIBRARY_SEARCH_PATHS = "$(inherited)";
				PRECOMPS_INCLUDE_HEADERS_FROM_BUILT_PRODUCTS_DIR = NO;
				PRODUCT_BUNDLE_IDENTIFIER = "carto.AdvancedMap-Objective-C";
				PRODUCT_NAME = "AdvancedMap.Objective-C";
				PROVISIONING_PROFILE = "";
				USER_HEADER_SEARCH_PATHS = "";
				VALID_ARCHS = "arm64 armv7 armv7s";
				WRAPPER_EXTENSION = app;
			};
			name = Debug;
		};
		2A319B76187C4F8F0004A3CB /* Release */ = {
			isa = XCBuildConfiguration;
			baseConfigurationReference = 65284DDA3D95F82D5DF6B11D /* Pods-AdvancedMap.Objective-C.release.xcconfig */;
			buildSettings = {
				ASSETCATALOG_COMPILER_APPICON_NAME = AppIcon;
				ASSETCATALOG_COMPILER_LAUNCHIMAGE_NAME = LaunchImage;
				CODE_SIGN_IDENTITY = "iPhone Developer";
				"CODE_SIGN_IDENTITY[sdk=iphoneos*]" = "iPhone Developer";
				DEVELOPMENT_TEAM = 79LP8BB5PK;
				ENABLE_BITCODE = NO;
				FRAMEWORK_SEARCH_PATHS = "$(inherited)";
				GCC_PRECOMPILE_PREFIX_HEADER = NO;
				GCC_PREFIX_HEADER = "";
				GCC_WARN_64_TO_32_BIT_CONVERSION = NO;
				HEADER_SEARCH_PATHS = (
					"$(inherited)",
					/Applications/Xcode.app/Contents/Developer/Toolchains/XcodeDefault.xctoolchain/usr/include,
				);
				INFOPLIST_FILE = "AdvancedMap/AdvancedMap.Objective-C-Info.plist";
				IPHONEOS_DEPLOYMENT_TARGET = 9.0;
				LIBRARY_SEARCH_PATHS = "$(inherited)";
				PRECOMPS_INCLUDE_HEADERS_FROM_BUILT_PRODUCTS_DIR = NO;
				PRODUCT_BUNDLE_IDENTIFIER = "carto.AdvancedMap-Objective-C";
				PRODUCT_NAME = "AdvancedMap.Objective-C";
				PROVISIONING_PROFILE = "";
				USER_HEADER_SEARCH_PATHS = "";
				VALID_ARCHS = "arm64 armv7 armv7s";
				WRAPPER_EXTENSION = app;
			};
			name = Release;
		};
		ADA1141E1DA399FF00481261 /* Debug */ = {
			isa = XCBuildConfiguration;
			baseConfigurationReference = 41488110D30CDAF74B940709 /* Pods-AdvancedMap.Objective-C.UITests.debug.xcconfig */;
			buildSettings = {
				CLANG_ANALYZER_NONNULL = YES;
				CLANG_WARN_UNREACHABLE_CODE = YES;
				DEBUG_INFORMATION_FORMAT = dwarf;
				ENABLE_STRICT_OBJC_MSGSEND = YES;
				GCC_NO_COMMON_BLOCKS = YES;
				GCC_WARN_UNINITIALIZED_AUTOS = YES_AGGRESSIVE;
				INFOPLIST_FILE = "AdvancedMap.Objective-C.UITests/Info.plist";
				IPHONEOS_DEPLOYMENT_TARGET = 9.3;
				LD_RUNPATH_SEARCH_PATHS = "$(inherited) @executable_path/Frameworks @loader_path/Frameworks";
				MTL_ENABLE_DEBUG_INFO = YES;
				PRODUCT_BUNDLE_IDENTIFIER = "carto.AdvancedMap-Objective-C-UITests";
				PRODUCT_NAME = "$(TARGET_NAME)";
				TEST_TARGET_NAME = "AdvancedMap.Objective-C";
			};
			name = Debug;
		};
		ADA1141F1DA399FF00481261 /* Release */ = {
			isa = XCBuildConfiguration;
			baseConfigurationReference = AD02FEE866BAAE942D33FB01 /* Pods-AdvancedMap.Objective-C.UITests.release.xcconfig */;
			buildSettings = {
				CLANG_ANALYZER_NONNULL = YES;
				CLANG_WARN_UNREACHABLE_CODE = YES;
				COPY_PHASE_STRIP = NO;
				DEBUG_INFORMATION_FORMAT = "dwarf-with-dsym";
				ENABLE_STRICT_OBJC_MSGSEND = YES;
				GCC_NO_COMMON_BLOCKS = YES;
				GCC_WARN_UNINITIALIZED_AUTOS = YES_AGGRESSIVE;
				INFOPLIST_FILE = "AdvancedMap.Objective-C.UITests/Info.plist";
				IPHONEOS_DEPLOYMENT_TARGET = 9.3;
				LD_RUNPATH_SEARCH_PATHS = "$(inherited) @executable_path/Frameworks @loader_path/Frameworks";
				MTL_ENABLE_DEBUG_INFO = NO;
				PRODUCT_BUNDLE_IDENTIFIER = "carto.AdvancedMap-Objective-C-UITests";
				PRODUCT_NAME = "$(TARGET_NAME)";
				TEST_TARGET_NAME = "AdvancedMap.Objective-C";
			};
			name = Release;
		};
/* End XCBuildConfiguration section */

/* Begin XCConfigurationList section */
		2A319B3A187C4F8F0004A3CB /* Build configuration list for PBXProject "AdvancedMap.Objective-C" */ = {
			isa = XCConfigurationList;
			buildConfigurations = (
				2A319B72187C4F8F0004A3CB /* Debug */,
				2A319B73187C4F8F0004A3CB /* Release */,
			);
			defaultConfigurationIsVisible = 0;
			defaultConfigurationName = Release;
		};
		2A319B74187C4F8F0004A3CB /* Build configuration list for PBXNativeTarget "AdvancedMap.Objective-C" */ = {
			isa = XCConfigurationList;
			buildConfigurations = (
				2A319B75187C4F8F0004A3CB /* Debug */,
				2A319B76187C4F8F0004A3CB /* Release */,
			);
			defaultConfigurationIsVisible = 0;
			defaultConfigurationName = Release;
		};
		ADA114201DA399FF00481261 /* Build configuration list for PBXNativeTarget "AdvancedMap.Objective-C.UITests" */ = {
			isa = XCConfigurationList;
			buildConfigurations = (
				ADA1141E1DA399FF00481261 /* Debug */,
				ADA1141F1DA399FF00481261 /* Release */,
			);
			defaultConfigurationIsVisible = 0;
			defaultConfigurationName = Release;
		};
/* End XCConfigurationList section */
	};
	rootObject = 2A319B37187C4F8F0004A3CB /* Project object */;
}
