// !$*UTF8*$!
{
	archiveVersion = 1;
	classes = {
	};
	objectVersion = 46;
	objects = {

/* Begin PBXBuildFile section */
		ADBFDA711D786E95003DCBC9 /* CartoMobileSDK.framework in Frameworks */ = {isa = PBXBuildFile; fileRef = ADBFDA701D786E94003DCBC9 /* CartoMobileSDK.framework */; };
		ADBFDA731D786EFE003DCBC9 /* LauncherListController.mm in Sources */ = {isa = PBXBuildFile; fileRef = ADBFDA721D786EFE003DCBC9 /* LauncherListController.mm */; };
		ADBFDA791D7873E6003DCBC9 /* MapBaseController.mm in Sources */ = {isa = PBXBuildFile; fileRef = ADBFDA781D7873E6003DCBC9 /* MapBaseController.mm */; };
		ADBFDA7B1D787494003DCBC9 /* GLKit.framework in Frameworks */ = {isa = PBXBuildFile; fileRef = ADBFDA7A1D787494003DCBC9 /* GLKit.framework */; };
		ADBFDA7D1D7874B8003DCBC9 /* libz.tbd in Frameworks */ = {isa = PBXBuildFile; fileRef = ADBFDA7C1D7874B8003DCBC9 /* libz.tbd */; };
		ADBFDA801D787744003DCBC9 /* Assets in Resources */ = {isa = PBXBuildFile; fileRef = ADBFDA7F1D787744003DCBC9 /* Assets */; };
		ADBFDAA21D788082003DCBC9 /* UITableContract.png in Resources */ = {isa = PBXBuildFile; fileRef = ADBFDA981D788082003DCBC9 /* UITableContract.png */; };
		ADBFDAA31D788082003DCBC9 /* UITableContract@2x.png in Resources */ = {isa = PBXBuildFile; fileRef = ADBFDA991D788082003DCBC9 /* UITableContract@2x.png */; };
		ADBFDAA41D788082003DCBC9 /* UITableExpand.png in Resources */ = {isa = PBXBuildFile; fileRef = ADBFDA9A1D788082003DCBC9 /* UITableExpand.png */; };
		ADBFDAA51D788082003DCBC9 /* UITableExpand@2x.png in Resources */ = {isa = PBXBuildFile; fileRef = ADBFDA9B1D788082003DCBC9 /* UITableExpand@2x.png */; };
		ADBFDAA61D788082003DCBC9 /* VPPDropDown.m in Sources */ = {isa = PBXBuildFile; fileRef = ADBFDA9D1D788082003DCBC9 /* VPPDropDown.m */; };
		ADBFDAA71D788082003DCBC9 /* VPPDropDownElement.m in Sources */ = {isa = PBXBuildFile; fileRef = ADBFDAA01D788082003DCBC9 /* VPPDropDownElement.m */; };
		ADBFDAA81D788127003DCBC9 /* CartoVisJsonController.mm in Sources */ = {isa = PBXBuildFile; fileRef = ADBFDA761D78705E003DCBC9 /* CartoVisJsonController.mm */; };
		ADC28F761D782FB300796134 /* main.m in Sources */ = {isa = PBXBuildFile; fileRef = ADC28F751D782FB300796134 /* main.m */; };
		ADC28F791D782FB300796134 /* AppDelegate.m in Sources */ = {isa = PBXBuildFile; fileRef = ADC28F781D782FB300796134 /* AppDelegate.m */; };
		ADC28F7F1D782FB300796134 /* Main.storyboard in Resources */ = {isa = PBXBuildFile; fileRef = ADC28F7D1D782FB300796134 /* Main.storyboard */; };
		ADC28F811D782FB300796134 /* Assets.xcassets in Resources */ = {isa = PBXBuildFile; fileRef = ADC28F801D782FB300796134 /* Assets.xcassets */; };
		ADC28F841D782FB300796134 /* LaunchScreen.storyboard in Resources */ = {isa = PBXBuildFile; fileRef = ADC28F821D782FB300796134 /* LaunchScreen.storyboard */; };
/* End PBXBuildFile section */

/* Begin PBXContainerItemProxy section */
		ADC28F8B1D782FB400796134 /* PBXContainerItemProxy */ = {
			isa = PBXContainerItemProxy;
			containerPortal = ADC28F691D782FB300796134 /* Project object */;
			proxyType = 1;
			remoteGlobalIDString = ADC28F701D782FB300796134;
			remoteInfo = "CartoMap.Objective-C";
		};
		ADC28F961D782FB400796134 /* PBXContainerItemProxy */ = {
			isa = PBXContainerItemProxy;
			containerPortal = ADC28F691D782FB300796134 /* Project object */;
			proxyType = 1;
			remoteGlobalIDString = ADC28F701D782FB300796134;
			remoteInfo = "CartoMap.Objective-C";
		};
/* End PBXContainerItemProxy section */

/* Begin PBXFileReference section */
		ADBFDA701D786E94003DCBC9 /* CartoMobileSDK.framework */ = {isa = PBXFileReference; lastKnownFileType = wrapper.framework; path = CartoMobileSDK.framework; sourceTree = "<group>"; };
		ADBFDA721D786EFE003DCBC9 /* LauncherListController.mm */ = {isa = PBXFileReference; fileEncoding = 4; lastKnownFileType = sourcecode.cpp.objcpp; path = LauncherListController.mm; sourceTree = "<group>"; };
		ADBFDA741D786F39003DCBC9 /* LauncherListController.h */ = {isa = PBXFileReference; lastKnownFileType = sourcecode.c.h; path = LauncherListController.h; sourceTree = "<group>"; };
		ADBFDA761D78705E003DCBC9 /* CartoVisJsonController.mm */ = {isa = PBXFileReference; lastKnownFileType = sourcecode.cpp.objcpp; path = CartoVisJsonController.mm; sourceTree = "<group>"; };
		ADBFDA781D7873E6003DCBC9 /* MapBaseController.mm */ = {isa = PBXFileReference; fileEncoding = 4; lastKnownFileType = sourcecode.cpp.objcpp; path = MapBaseController.mm; sourceTree = "<group>"; };
		ADBFDA7A1D787494003DCBC9 /* GLKit.framework */ = {isa = PBXFileReference; lastKnownFileType = wrapper.framework; name = GLKit.framework; path = System/Library/Frameworks/GLKit.framework; sourceTree = SDKROOT; };
		ADBFDA7C1D7874B8003DCBC9 /* libz.tbd */ = {isa = PBXFileReference; lastKnownFileType = "sourcecode.text-based-dylib-definition"; name = libz.tbd; path = usr/lib/libz.tbd; sourceTree = SDKROOT; };
		ADBFDA7F1D787744003DCBC9 /* Assets */ = {isa = PBXFileReference; lastKnownFileType = folder; path = Assets; sourceTree = "<group>"; };
		ADBFDA851D787DB4003DCBC9 /* MapBaseController.h */ = {isa = PBXFileReference; lastKnownFileType = sourcecode.c.h; path = MapBaseController.h; sourceTree = "<group>"; };
		ADBFDA981D788082003DCBC9 /* UITableContract.png */ = {isa = PBXFileReference; lastKnownFileType = image.png; name = UITableContract.png; path = VPPDropDown/UITableContract.png; sourceTree = SOURCE_ROOT; };
		ADBFDA991D788082003DCBC9 /* UITableContract@2x.png */ = {isa = PBXFileReference; lastKnownFileType = image.png; name = "UITableContract@2x.png"; path = "VPPDropDown/UITableContract@2x.png"; sourceTree = SOURCE_ROOT; };
		ADBFDA9A1D788082003DCBC9 /* UITableExpand.png */ = {isa = PBXFileReference; lastKnownFileType = image.png; name = UITableExpand.png; path = VPPDropDown/UITableExpand.png; sourceTree = SOURCE_ROOT; };
		ADBFDA9B1D788082003DCBC9 /* UITableExpand@2x.png */ = {isa = PBXFileReference; lastKnownFileType = image.png; name = "UITableExpand@2x.png"; path = "VPPDropDown/UITableExpand@2x.png"; sourceTree = SOURCE_ROOT; };
		ADBFDA9C1D788082003DCBC9 /* VPPDropDown.h */ = {isa = PBXFileReference; fileEncoding = 4; lastKnownFileType = sourcecode.c.h; name = VPPDropDown.h; path = VPPDropDown/VPPDropDown.h; sourceTree = SOURCE_ROOT; };
		ADBFDA9D1D788082003DCBC9 /* VPPDropDown.m */ = {isa = PBXFileReference; fileEncoding = 4; lastKnownFileType = sourcecode.c.objc; name = VPPDropDown.m; path = VPPDropDown/VPPDropDown.m; sourceTree = SOURCE_ROOT; };
		ADBFDA9E1D788082003DCBC9 /* VPPDropDownDelegate.h */ = {isa = PBXFileReference; fileEncoding = 4; lastKnownFileType = sourcecode.c.h; name = VPPDropDownDelegate.h; path = VPPDropDown/VPPDropDownDelegate.h; sourceTree = SOURCE_ROOT; };
		ADBFDA9F1D788082003DCBC9 /* VPPDropDownElement.h */ = {isa = PBXFileReference; fileEncoding = 4; lastKnownFileType = sourcecode.c.h; name = VPPDropDownElement.h; path = VPPDropDown/VPPDropDownElement.h; sourceTree = SOURCE_ROOT; };
		ADBFDAA01D788082003DCBC9 /* VPPDropDownElement.m */ = {isa = PBXFileReference; fileEncoding = 4; lastKnownFileType = sourcecode.c.objc; name = VPPDropDownElement.m; path = VPPDropDown/VPPDropDownElement.m; sourceTree = SOURCE_ROOT; };
		ADC28F711D782FB300796134 /* CartoMap.Objective-C.app */ = {isa = PBXFileReference; explicitFileType = wrapper.application; includeInIndex = 0; path = "CartoMap.Objective-C.app"; sourceTree = BUILT_PRODUCTS_DIR; };
		ADC28F751D782FB300796134 /* main.m */ = {isa = PBXFileReference; lastKnownFileType = sourcecode.c.objc; path = main.m; sourceTree = "<group>"; };
		ADC28F771D782FB300796134 /* AppDelegate.h */ = {isa = PBXFileReference; lastKnownFileType = sourcecode.c.h; path = AppDelegate.h; sourceTree = "<group>"; };
		ADC28F781D782FB300796134 /* AppDelegate.m */ = {isa = PBXFileReference; lastKnownFileType = sourcecode.c.objc; path = AppDelegate.m; sourceTree = "<group>"; };
		ADC28F7E1D782FB300796134 /* Base */ = {isa = PBXFileReference; lastKnownFileType = file.storyboard; name = Base; path = Base.lproj/Main.storyboard; sourceTree = "<group>"; };
		ADC28F801D782FB300796134 /* Assets.xcassets */ = {isa = PBXFileReference; lastKnownFileType = folder.assetcatalog; path = Assets.xcassets; sourceTree = "<group>"; };
		ADC28F831D782FB300796134 /* Base */ = {isa = PBXFileReference; lastKnownFileType = file.storyboard; name = Base; path = Base.lproj/LaunchScreen.storyboard; sourceTree = "<group>"; };
		ADC28F851D782FB300796134 /* Info.plist */ = {isa = PBXFileReference; lastKnownFileType = text.plist.xml; path = Info.plist; sourceTree = "<group>"; };
		ADC28F8A1D782FB400796134 /* CartoMap.Objective-CTests.xctest */ = {isa = PBXFileReference; explicitFileType = wrapper.cfbundle; includeInIndex = 0; path = "CartoMap.Objective-CTests.xctest"; sourceTree = BUILT_PRODUCTS_DIR; };
		ADC28F951D782FB400796134 /* CartoMap.Objective-CUITests.xctest */ = {isa = PBXFileReference; explicitFileType = wrapper.cfbundle; includeInIndex = 0; path = "CartoMap.Objective-CUITests.xctest"; sourceTree = BUILT_PRODUCTS_DIR; };
/* End PBXFileReference section */

/* Begin PBXFrameworksBuildPhase section */
		ADC28F6E1D782FB300796134 /* Frameworks */ = {
			isa = PBXFrameworksBuildPhase;
			buildActionMask = 2147483647;
			files = (
				ADBFDA7D1D7874B8003DCBC9 /* libz.tbd in Frameworks */,
				ADBFDA7B1D787494003DCBC9 /* GLKit.framework in Frameworks */,
				ADBFDA711D786E95003DCBC9 /* CartoMobileSDK.framework in Frameworks */,
			);
			runOnlyForDeploymentPostprocessing = 0;
		};
		ADC28F871D782FB400796134 /* Frameworks */ = {
			isa = PBXFrameworksBuildPhase;
			buildActionMask = 2147483647;
			files = (
			);
			runOnlyForDeploymentPostprocessing = 0;
		};
		ADC28F921D782FB400796134 /* Frameworks */ = {
			isa = PBXFrameworksBuildPhase;
			buildActionMask = 2147483647;
			files = (
			);
			runOnlyForDeploymentPostprocessing = 0;
		};
/* End PBXFrameworksBuildPhase section */

/* Begin PBXGroup section */
		ADBFDA751D787027003DCBC9 /* Map */ = {
			isa = PBXGroup;
			children = (
				ADBFDA761D78705E003DCBC9 /* CartoVisJsonController.mm */,
			);
			name = Map;
			sourceTree = "<group>";
		};
		ADBFDA771D7873D0003DCBC9 /* Base */ = {
			isa = PBXGroup;
			children = (
				ADBFDA851D787DB4003DCBC9 /* MapBaseController.h */,
				ADBFDA781D7873E6003DCBC9 /* MapBaseController.mm */,
			);
			name = Base;
			sourceTree = "<group>";
		};
		ADBFDA861D787E78003DCBC9 /* List */ = {
			isa = PBXGroup;
			children = (
				ADBFDA741D786F39003DCBC9 /* LauncherListController.h */,
				ADBFDA721D786EFE003DCBC9 /* LauncherListController.mm */,
			);
			name = List;
			sourceTree = "<group>";
		};
		ADBFDA871D787F9C003DCBC9 /* Dropdown */ = {
			isa = PBXGroup;
			children = (
				ADBFDA981D788082003DCBC9 /* UITableContract.png */,
				ADBFDA991D788082003DCBC9 /* UITableContract@2x.png */,
				ADBFDA9A1D788082003DCBC9 /* UITableExpand.png */,
				ADBFDA9B1D788082003DCBC9 /* UITableExpand@2x.png */,
				ADBFDA9C1D788082003DCBC9 /* VPPDropDown.h */,
				ADBFDA9D1D788082003DCBC9 /* VPPDropDown.m */,
				ADBFDA9E1D788082003DCBC9 /* VPPDropDownDelegate.h */,
				ADBFDA9F1D788082003DCBC9 /* VPPDropDownElement.h */,
				ADBFDAA01D788082003DCBC9 /* VPPDropDownElement.m */,
			);
			name = Dropdown;
			path = ..;
			sourceTree = "<group>";
		};
		ADC28F681D782FB300796134 = {
			isa = PBXGroup;
			children = (
				ADBFDA7C1D7874B8003DCBC9 /* libz.tbd */,
				ADBFDA7A1D787494003DCBC9 /* GLKit.framework */,
				ADBFDA701D786E94003DCBC9 /* CartoMobileSDK.framework */,
				ADC28F731D782FB300796134 /* CartoMap.Objective-C */,
				ADC28F721D782FB300796134 /* Products */,
			);
			sourceTree = "<group>";
		};
		ADC28F721D782FB300796134 /* Products */ = {
			isa = PBXGroup;
			children = (
				ADC28F711D782FB300796134 /* CartoMap.Objective-C.app */,
				ADC28F8A1D782FB400796134 /* CartoMap.Objective-CTests.xctest */,
				ADC28F951D782FB400796134 /* CartoMap.Objective-CUITests.xctest */,
			);
			name = Products;
			sourceTree = "<group>";
		};
		ADC28F731D782FB300796134 /* CartoMap.Objective-C */ = {
			isa = PBXGroup;
			children = (
				ADBFDA871D787F9C003DCBC9 /* Dropdown */,
				ADBFDA861D787E78003DCBC9 /* List */,
				ADBFDA7F1D787744003DCBC9 /* Assets */,
				ADBFDA771D7873D0003DCBC9 /* Base */,
				ADBFDA751D787027003DCBC9 /* Map */,
				ADC28F771D782FB300796134 /* AppDelegate.h */,
				ADC28F781D782FB300796134 /* AppDelegate.m */,
				ADC28F7D1D782FB300796134 /* Main.storyboard */,
				ADC28F801D782FB300796134 /* Assets.xcassets */,
				ADC28F821D782FB300796134 /* LaunchScreen.storyboard */,
				ADC28F851D782FB300796134 /* Info.plist */,
				ADC28F741D782FB300796134 /* Supporting Files */,
			);
			path = "CartoMap.Objective-C";
			sourceTree = "<group>";
		};
		ADC28F741D782FB300796134 /* Supporting Files */ = {
			isa = PBXGroup;
			children = (
				ADC28F751D782FB300796134 /* main.m */,
			);
			name = "Supporting Files";
			sourceTree = "<group>";
		};
/* End PBXGroup section */

/* Begin PBXNativeTarget section */
		ADC28F701D782FB300796134 /* CartoMap.Objective-C */ = {
			isa = PBXNativeTarget;
			buildConfigurationList = ADC28F9E1D782FB400796134 /* Build configuration list for PBXNativeTarget "CartoMap.Objective-C" */;
			buildPhases = (
				ADC28F6D1D782FB300796134 /* Sources */,
				ADC28F6E1D782FB300796134 /* Frameworks */,
				ADC28F6F1D782FB300796134 /* Resources */,
			);
			buildRules = (
			);
			dependencies = (
			);
			name = "CartoMap.Objective-C";
			productName = "CartoMap.Objective-C";
			productReference = ADC28F711D782FB300796134 /* CartoMap.Objective-C.app */;
			productType = "com.apple.product-type.application";
		};
		ADC28F891D782FB400796134 /* CartoMap.Objective-CTests */ = {
			isa = PBXNativeTarget;
			buildConfigurationList = ADC28FA11D782FB400796134 /* Build configuration list for PBXNativeTarget "CartoMap.Objective-CTests" */;
			buildPhases = (
				ADC28F861D782FB400796134 /* Sources */,
				ADC28F871D782FB400796134 /* Frameworks */,
				ADC28F881D782FB400796134 /* Resources */,
			);
			buildRules = (
			);
			dependencies = (
				ADC28F8C1D782FB400796134 /* PBXTargetDependency */,
			);
			name = "CartoMap.Objective-CTests";
			productName = "CartoMap.Objective-CTests";
			productReference = ADC28F8A1D782FB400796134 /* CartoMap.Objective-CTests.xctest */;
			productType = "com.apple.product-type.bundle.unit-test";
		};
		ADC28F941D782FB400796134 /* CartoMap.Objective-CUITests */ = {
			isa = PBXNativeTarget;
			buildConfigurationList = ADC28FA41D782FB400796134 /* Build configuration list for PBXNativeTarget "CartoMap.Objective-CUITests" */;
			buildPhases = (
				ADC28F911D782FB400796134 /* Sources */,
				ADC28F921D782FB400796134 /* Frameworks */,
				ADC28F931D782FB400796134 /* Resources */,
			);
			buildRules = (
			);
			dependencies = (
				ADC28F971D782FB400796134 /* PBXTargetDependency */,
			);
			name = "CartoMap.Objective-CUITests";
			productName = "CartoMap.Objective-CUITests";
			productReference = ADC28F951D782FB400796134 /* CartoMap.Objective-CUITests.xctest */;
			productType = "com.apple.product-type.bundle.ui-testing";
		};
/* End PBXNativeTarget section */

/* Begin PBXProject section */
		ADC28F691D782FB300796134 /* Project object */ = {
			isa = PBXProject;
			attributes = {
				LastUpgradeCheck = 0730;
				ORGANIZATIONNAME = "Aare Undo";
				TargetAttributes = {
					ADC28F701D782FB300796134 = {
						CreatedOnToolsVersion = 7.3.1;
						DevelopmentTeam = 4SEU7F9DVX;
					};
					ADC28F891D782FB400796134 = {
						CreatedOnToolsVersion = 7.3.1;
						TestTargetID = ADC28F701D782FB300796134;
					};
					ADC28F941D782FB400796134 = {
						CreatedOnToolsVersion = 7.3.1;
						TestTargetID = ADC28F701D782FB300796134;
					};
				};
			};
			buildConfigurationList = ADC28F6C1D782FB300796134 /* Build configuration list for PBXProject "CartoMap.Objective-C" */;
			compatibilityVersion = "Xcode 3.2";
			developmentRegion = English;
			hasScannedForEncodings = 0;
			knownRegions = (
				en,
				Base,
			);
			mainGroup = ADC28F681D782FB300796134;
			productRefGroup = ADC28F721D782FB300796134 /* Products */;
			projectDirPath = "";
			projectRoot = "";
			targets = (
				ADC28F701D782FB300796134 /* CartoMap.Objective-C */,
				ADC28F891D782FB400796134 /* CartoMap.Objective-CTests */,
				ADC28F941D782FB400796134 /* CartoMap.Objective-CUITests */,
			);
		};
/* End PBXProject section */

/* Begin PBXResourcesBuildPhase section */
		ADC28F6F1D782FB300796134 /* Resources */ = {
			isa = PBXResourcesBuildPhase;
			buildActionMask = 2147483647;
			files = (
				ADC28F841D782FB300796134 /* LaunchScreen.storyboard in Resources */,
				ADBFDAA51D788082003DCBC9 /* UITableExpand@2x.png in Resources */,
				ADBFDAA31D788082003DCBC9 /* UITableContract@2x.png in Resources */,
				ADBFDAA41D788082003DCBC9 /* UITableExpand.png in Resources */,
				ADBFDA801D787744003DCBC9 /* Assets in Resources */,
				ADC28F811D782FB300796134 /* Assets.xcassets in Resources */,
				ADBFDAA21D788082003DCBC9 /* UITableContract.png in Resources */,
				ADC28F7F1D782FB300796134 /* Main.storyboard in Resources */,
			);
			runOnlyForDeploymentPostprocessing = 0;
		};
		ADC28F881D782FB400796134 /* Resources */ = {
			isa = PBXResourcesBuildPhase;
			buildActionMask = 2147483647;
			files = (
			);
			runOnlyForDeploymentPostprocessing = 0;
		};
		ADC28F931D782FB400796134 /* Resources */ = {
			isa = PBXResourcesBuildPhase;
			buildActionMask = 2147483647;
			files = (
			);
			runOnlyForDeploymentPostprocessing = 0;
		};
/* End PBXResourcesBuildPhase section */

/* Begin PBXSourcesBuildPhase section */
		ADC28F6D1D782FB300796134 /* Sources */ = {
			isa = PBXSourcesBuildPhase;
			buildActionMask = 2147483647;
			files = (
				ADBFDAA71D788082003DCBC9 /* VPPDropDownElement.m in Sources */,
				ADBFDA731D786EFE003DCBC9 /* LauncherListController.mm in Sources */,
				ADBFDAA81D788127003DCBC9 /* CartoVisJsonController.mm in Sources */,
				ADC28F791D782FB300796134 /* AppDelegate.m in Sources */,
				ADC28F761D782FB300796134 /* main.m in Sources */,
				ADBFDAA61D788082003DCBC9 /* VPPDropDown.m in Sources */,
				ADBFDA791D7873E6003DCBC9 /* MapBaseController.mm in Sources */,
			);
			runOnlyForDeploymentPostprocessing = 0;
		};
		ADC28F861D782FB400796134 /* Sources */ = {
			isa = PBXSourcesBuildPhase;
			buildActionMask = 2147483647;
			files = (
			);
			runOnlyForDeploymentPostprocessing = 0;
		};
		ADC28F911D782FB400796134 /* Sources */ = {
			isa = PBXSourcesBuildPhase;
			buildActionMask = 2147483647;
			files = (
			);
			runOnlyForDeploymentPostprocessing = 0;
		};
/* End PBXSourcesBuildPhase section */

/* Begin PBXTargetDependency section */
		ADC28F8C1D782FB400796134 /* PBXTargetDependency */ = {
			isa = PBXTargetDependency;
			target = ADC28F701D782FB300796134 /* CartoMap.Objective-C */;
			targetProxy = ADC28F8B1D782FB400796134 /* PBXContainerItemProxy */;
		};
		ADC28F971D782FB400796134 /* PBXTargetDependency */ = {
			isa = PBXTargetDependency;
			target = ADC28F701D782FB300796134 /* CartoMap.Objective-C */;
			targetProxy = ADC28F961D782FB400796134 /* PBXContainerItemProxy */;
		};
/* End PBXTargetDependency section */

/* Begin PBXVariantGroup section */
		ADC28F7D1D782FB300796134 /* Main.storyboard */ = {
			isa = PBXVariantGroup;
			children = (
				ADC28F7E1D782FB300796134 /* Base */,
			);
			name = Main.storyboard;
			sourceTree = "<group>";
		};
		ADC28F821D782FB300796134 /* LaunchScreen.storyboard */ = {
			isa = PBXVariantGroup;
			children = (
				ADC28F831D782FB300796134 /* Base */,
			);
			name = LaunchScreen.storyboard;
			sourceTree = "<group>";
		};
/* End PBXVariantGroup section */

/* Begin XCBuildConfiguration section */
		ADC28F9C1D782FB400796134 /* Debug */ = {
			isa = XCBuildConfiguration;
			buildSettings = {
				ALWAYS_SEARCH_USER_PATHS = NO;
				CLANG_ANALYZER_NONNULL = YES;
				CLANG_CXX_LANGUAGE_STANDARD = "gnu++0x";
				CLANG_CXX_LIBRARY = "libc++";
				CLANG_ENABLE_MODULES = YES;
				CLANG_ENABLE_OBJC_ARC = YES;
				CLANG_WARN_BOOL_CONVERSION = YES;
				CLANG_WARN_CONSTANT_CONVERSION = YES;
				CLANG_WARN_DIRECT_OBJC_ISA_USAGE = YES_ERROR;
				CLANG_WARN_EMPTY_BODY = YES;
				CLANG_WARN_ENUM_CONVERSION = YES;
				CLANG_WARN_INT_CONVERSION = YES;
				CLANG_WARN_OBJC_ROOT_CLASS = YES_ERROR;
				CLANG_WARN_UNREACHABLE_CODE = YES;
				CLANG_WARN__DUPLICATE_METHOD_MATCH = YES;
				"CODE_SIGN_IDENTITY[sdk=iphoneos*]" = "iPhone Developer";
				COPY_PHASE_STRIP = NO;
				DEBUG_INFORMATION_FORMAT = dwarf;
				ENABLE_STRICT_OBJC_MSGSEND = YES;
				ENABLE_TESTABILITY = YES;
				GCC_C_LANGUAGE_STANDARD = gnu99;
				GCC_DYNAMIC_NO_PIC = NO;
				GCC_NO_COMMON_BLOCKS = YES;
				GCC_OPTIMIZATION_LEVEL = 0;
				GCC_PREPROCESSOR_DEFINITIONS = (
					"DEBUG=1",
					"$(inherited)",
				);
				GCC_WARN_64_TO_32_BIT_CONVERSION = YES;
				GCC_WARN_ABOUT_RETURN_TYPE = YES_ERROR;
				GCC_WARN_UNDECLARED_SELECTOR = YES;
				GCC_WARN_UNINITIALIZED_AUTOS = YES_AGGRESSIVE;
				GCC_WARN_UNUSED_FUNCTION = YES;
				GCC_WARN_UNUSED_VARIABLE = YES;
				IPHONEOS_DEPLOYMENT_TARGET = 9.3;
				MTL_ENABLE_DEBUG_INFO = YES;
				ONLY_ACTIVE_ARCH = YES;
				SDKROOT = iphoneos;
				TARGETED_DEVICE_FAMILY = "1,2";
			};
			name = Debug;
		};
		ADC28F9D1D782FB400796134 /* Release */ = {
			isa = XCBuildConfiguration;
			buildSettings = {
				ALWAYS_SEARCH_USER_PATHS = NO;
				CLANG_ANALYZER_NONNULL = YES;
				CLANG_CXX_LANGUAGE_STANDARD = "gnu++0x";
				CLANG_CXX_LIBRARY = "libc++";
				CLANG_ENABLE_MODULES = YES;
				CLANG_ENABLE_OBJC_ARC = YES;
				CLANG_WARN_BOOL_CONVERSION = YES;
				CLANG_WARN_CONSTANT_CONVERSION = YES;
				CLANG_WARN_DIRECT_OBJC_ISA_USAGE = YES_ERROR;
				CLANG_WARN_EMPTY_BODY = YES;
				CLANG_WARN_ENUM_CONVERSION = YES;
				CLANG_WARN_INT_CONVERSION = YES;
				CLANG_WARN_OBJC_ROOT_CLASS = YES_ERROR;
				CLANG_WARN_UNREACHABLE_CODE = YES;
				CLANG_WARN__DUPLICATE_METHOD_MATCH = YES;
				"CODE_SIGN_IDENTITY[sdk=iphoneos*]" = "iPhone Developer";
				COPY_PHASE_STRIP = NO;
				DEBUG_INFORMATION_FORMAT = "dwarf-with-dsym";
				ENABLE_NS_ASSERTIONS = NO;
				ENABLE_STRICT_OBJC_MSGSEND = YES;
				GCC_C_LANGUAGE_STANDARD = gnu99;
				GCC_NO_COMMON_BLOCKS = YES;
				GCC_WARN_64_TO_32_BIT_CONVERSION = YES;
				GCC_WARN_ABOUT_RETURN_TYPE = YES_ERROR;
				GCC_WARN_UNDECLARED_SELECTOR = YES;
				GCC_WARN_UNINITIALIZED_AUTOS = YES_AGGRESSIVE;
				GCC_WARN_UNUSED_FUNCTION = YES;
				GCC_WARN_UNUSED_VARIABLE = YES;
				IPHONEOS_DEPLOYMENT_TARGET = 9.3;
				MTL_ENABLE_DEBUG_INFO = NO;
				SDKROOT = iphoneos;
				TARGETED_DEVICE_FAMILY = "1,2";
				VALIDATE_PRODUCT = YES;
			};
			name = Release;
		};
		ADC28F9F1D782FB400796134 /* Debug */ = {
			isa = XCBuildConfiguration;
			buildSettings = {
				ASSETCATALOG_COMPILER_APPICON_NAME = AppIcon;
				CODE_SIGN_IDENTITY = "iPhone Developer";
				FRAMEWORK_SEARCH_PATHS = (
					"$(inherited)",
					"$(PROJECT_DIR)",
				);
				INFOPLIST_FILE = "CartoMap.Objective-C/Info.plist";
				LD_RUNPATH_SEARCH_PATHS = "$(inherited) @executable_path/Frameworks";
				PRODUCT_BUNDLE_IDENTIFIER = "carto.CartoMap-Objective-C";
				PRODUCT_NAME = "$(TARGET_NAME)";
			};
			name = Debug;
		};
		ADC28FA01D782FB400796134 /* Release */ = {
			isa = XCBuildConfiguration;
			buildSettings = {
				ASSETCATALOG_COMPILER_APPICON_NAME = AppIcon;
				CODE_SIGN_IDENTITY = "iPhone Developer";
				FRAMEWORK_SEARCH_PATHS = (
					"$(inherited)",
					"$(PROJECT_DIR)",
				);
				INFOPLIST_FILE = "CartoMap.Objective-C/Info.plist";
				LD_RUNPATH_SEARCH_PATHS = "$(inherited) @executable_path/Frameworks";
				PRODUCT_BUNDLE_IDENTIFIER = "carto.CartoMap-Objective-C";
				PRODUCT_NAME = "$(TARGET_NAME)";
			};
			name = Release;
		};
		ADC28FA21D782FB400796134 /* Debug */ = {
			isa = XCBuildConfiguration;
			buildSettings = {
				BUNDLE_LOADER = "$(TEST_HOST)";
				INFOPLIST_FILE = "CartoMap.Objective-CTests/Info.plist";
				LD_RUNPATH_SEARCH_PATHS = "$(inherited) @executable_path/Frameworks @loader_path/Frameworks";
				PRODUCT_BUNDLE_IDENTIFIER = "carto.CartoMap-Objective-CTests";
				PRODUCT_NAME = "$(TARGET_NAME)";
				TEST_HOST = "$(BUILT_PRODUCTS_DIR)/CartoMap.Objective-C.app/CartoMap.Objective-C";
			};
			name = Debug;
		};
		ADC28FA31D782FB400796134 /* Release */ = {
			isa = XCBuildConfiguration;
			buildSettings = {
				BUNDLE_LOADER = "$(TEST_HOST)";
				INFOPLIST_FILE = "CartoMap.Objective-CTests/Info.plist";
				LD_RUNPATH_SEARCH_PATHS = "$(inherited) @executable_path/Frameworks @loader_path/Frameworks";
				PRODUCT_BUNDLE_IDENTIFIER = "carto.CartoMap-Objective-CTests";
				PRODUCT_NAME = "$(TARGET_NAME)";
				TEST_HOST = "$(BUILT_PRODUCTS_DIR)/CartoMap.Objective-C.app/CartoMap.Objective-C";
			};
			name = Release;
		};
		ADC28FA51D782FB400796134 /* Debug */ = {
			isa = XCBuildConfiguration;
			buildSettings = {
				INFOPLIST_FILE = "CartoMap.Objective-CUITests/Info.plist";
				LD_RUNPATH_SEARCH_PATHS = "$(inherited) @executable_path/Frameworks @loader_path/Frameworks";
				PRODUCT_BUNDLE_IDENTIFIER = "carto.CartoMap-Objective-CUITests";
				PRODUCT_NAME = "$(TARGET_NAME)";
				TEST_TARGET_NAME = "CartoMap.Objective-C";
			};
			name = Debug;
		};
		ADC28FA61D782FB400796134 /* Release */ = {
			isa = XCBuildConfiguration;
			buildSettings = {
				INFOPLIST_FILE = "CartoMap.Objective-CUITests/Info.plist";
				LD_RUNPATH_SEARCH_PATHS = "$(inherited) @executable_path/Frameworks @loader_path/Frameworks";
				PRODUCT_BUNDLE_IDENTIFIER = "carto.CartoMap-Objective-CUITests";
				PRODUCT_NAME = "$(TARGET_NAME)";
				TEST_TARGET_NAME = "CartoMap.Objective-C";
			};
			name = Release;
		};
/* End XCBuildConfiguration section */

/* Begin XCConfigurationList section */
		ADC28F6C1D782FB300796134 /* Build configuration list for PBXProject "CartoMap.Objective-C" */ = {
			isa = XCConfigurationList;
			buildConfigurations = (
				ADC28F9C1D782FB400796134 /* Debug */,
				ADC28F9D1D782FB400796134 /* Release */,
			);
			defaultConfigurationIsVisible = 0;
			defaultConfigurationName = Release;
		};
		ADC28F9E1D782FB400796134 /* Build configuration list for PBXNativeTarget "CartoMap.Objective-C" */ = {
			isa = XCConfigurationList;
			buildConfigurations = (
				ADC28F9F1D782FB400796134 /* Debug */,
				ADC28FA01D782FB400796134 /* Release */,
			);
			defaultConfigurationIsVisible = 0;
			defaultConfigurationName = Release;
		};
		ADC28FA11D782FB400796134 /* Build configuration list for PBXNativeTarget "CartoMap.Objective-CTests" */ = {
			isa = XCConfigurationList;
			buildConfigurations = (
				ADC28FA21D782FB400796134 /* Debug */,
				ADC28FA31D782FB400796134 /* Release */,
			);
			defaultConfigurationIsVisible = 0;
			defaultConfigurationName = Release;
		};
		ADC28FA41D782FB400796134 /* Build configuration list for PBXNativeTarget "CartoMap.Objective-CUITests" */ = {
			isa = XCConfigurationList;
			buildConfigurations = (
				ADC28FA51D782FB400796134 /* Debug */,
				ADC28FA61D782FB400796134 /* Release */,
			);
			defaultConfigurationIsVisible = 0;
			defaultConfigurationName = Release;
		};
/* End XCConfigurationList section */
	};
	rootObject = ADC28F691D782FB300796134 /* Project object */;
}
