PODS:
  - CartoMobileSDK (4.0.2)
  - Toast (3.1.0)

DEPENDENCIES:
  - CartoMobileSDK (~> 4.0.1)
  - Toast (~> 3.0)

SPEC CHECKSUMS:
  CartoMobileSDK: d8397c233523fca24a985a030710015e6cadab30
  Toast: 14a93686d6c8bfe2727afd342414e35660a8a1f3

PODFILE CHECKSUM: 5a70b0859470baef7822dfb386f941d56ec64101

COCOAPODS: 1.3.0
