// !$*UTF8*$!
{
	archiveVersion = 1;
	classes = {
	};
	objectVersion = 46;
	objects = {

/* Begin PBXBuildFile section */
		310CB4AB22D56A2CFE9D4055 /* libPods-HelloMap.Objective-C.a in Frameworks */ = {isa = PBXBuildFile; fileRef = 381315C658D809D0314B39B8 /* libPods-HelloMap.Objective-C.a */; };
		AD97A5FB1D8958DA00B942AC /* CartoMobileSDK.framework in Frameworks */ = {isa = PBXBuildFile; fileRef = AD97A5FA1D8958DA00B942AC /* CartoMobileSDK.framework */; };
		ADBFDA521D7840B1003DCBC9 /* main.m in Sources */ = {isa = PBXBuildFile; fileRef = ADBFDA511D7840B1003DCBC9 /* main.m */; };
		ADBFDA551D7840B1003DCBC9 /* AppDelegate.m in Sources */ = {isa = PBXBuildFile; fileRef = ADBFDA541D7840B1003DCBC9 /* AppDelegate.m */; };
		ADBFDA581D7840B1003DCBC9 /* ViewController.mm in Sources */ = {isa = PBXBuildFile; fileRef = ADBFDA571D7840B1003DCBC9 /* ViewController.mm */; };
		ADBFDA5B1D7840B1003DCBC9 /* Main.storyboard in Resources */ = {isa = PBXBuildFile; fileRef = ADBFDA591D7840B1003DCBC9 /* Main.storyboard */; };
		ADBFDA5D1D7840B1003DCBC9 /* Assets.xcassets in Resources */ = {isa = PBXBuildFile; fileRef = ADBFDA5C1D7840B1003DCBC9 /* Assets.xcassets */; };
		ADBFDA601D7840B1003DCBC9 /* LaunchScreen.storyboard in Resources */ = {isa = PBXBuildFile; fileRef = ADBFDA5E1D7840B1003DCBC9 /* LaunchScreen.storyboard */; };
		ADBFDA6C1D784DF1003DCBC9 /* GLKit.framework in Frameworks */ = {isa = PBXBuildFile; fileRef = ADBFDA6B1D784DF1003DCBC9 /* GLKit.framework */; };
		ADBFDA6E1D784E1A003DCBC9 /* libz.tbd in Frameworks */ = {isa = PBXBuildFile; fileRef = ADBFDA6D1D784E1A003DCBC9 /* libz.tbd */; };
/* End PBXBuildFile section */

/* Begin PBXFileReference section */
		381315C658D809D0314B39B8 /* libPods-HelloMap.Objective-C.a */ = {isa = PBXFileReference; explicitFileType = archive.ar; includeInIndex = 0; path = "libPods-HelloMap.Objective-C.a"; sourceTree = BUILT_PRODUCTS_DIR; };
		AD97A5FA1D8958DA00B942AC /* CartoMobileSDK.framework */ = {isa = PBXFileReference; lastKnownFileType = wrapper.framework; name = CartoMobileSDK.framework; path = ../CartoMobileSDK.framework; sourceTree = "<group>"; };
		ADBFDA4D1D7840B1003DCBC9 /* HelloMap.Objective-C.app */ = {isa = PBXFileReference; explicitFileType = wrapper.application; includeInIndex = 0; path = "HelloMap.Objective-C.app"; sourceTree = BUILT_PRODUCTS_DIR; };
		ADBFDA511D7840B1003DCBC9 /* main.m */ = {isa = PBXFileReference; lastKnownFileType = sourcecode.c.objc; path = main.m; sourceTree = "<group>"; };
		ADBFDA531D7840B1003DCBC9 /* AppDelegate.h */ = {isa = PBXFileReference; lastKnownFileType = sourcecode.c.h; path = AppDelegate.h; sourceTree = "<group>"; };
		ADBFDA541D7840B1003DCBC9 /* AppDelegate.m */ = {isa = PBXFileReference; lastKnownFileType = sourcecode.c.objc; path = AppDelegate.m; sourceTree = "<group>"; };
		ADBFDA561D7840B1003DCBC9 /* ViewController.h */ = {isa = PBXFileReference; lastKnownFileType = sourcecode.c.h; path = ViewController.h; sourceTree = "<group>"; };
		ADBFDA571D7840B1003DCBC9 /* ViewController.mm */ = {isa = PBXFileReference; lastKnownFileType = sourcecode.cpp.objcpp; path = ViewController.mm; sourceTree = "<group>"; };
		ADBFDA5A1D7840B1003DCBC9 /* Base */ = {isa = PBXFileReference; lastKnownFileType = file.storyboard; name = Base; path = Base.lproj/Main.storyboard; sourceTree = "<group>"; };
		ADBFDA5C1D7840B1003DCBC9 /* Assets.xcassets */ = {isa = PBXFileReference; lastKnownFileType = folder.assetcatalog; path = Assets.xcassets; sourceTree = "<group>"; };
		ADBFDA5F1D7840B1003DCBC9 /* Base */ = {isa = PBXFileReference; lastKnownFileType = file.storyboard; name = Base; path = Base.lproj/LaunchScreen.storyboard; sourceTree = "<group>"; };
		ADBFDA611D7840B1003DCBC9 /* Info.plist */ = {isa = PBXFileReference; lastKnownFileType = text.plist.xml; path = Info.plist; sourceTree = "<group>"; };
		ADBFDA6B1D784DF1003DCBC9 /* GLKit.framework */ = {isa = PBXFileReference; lastKnownFileType = wrapper.framework; name = GLKit.framework; path = System/Library/Frameworks/GLKit.framework; sourceTree = SDKROOT; };
		ADBFDA6D1D784E1A003DCBC9 /* libz.tbd */ = {isa = PBXFileReference; lastKnownFileType = "sourcecode.text-based-dylib-definition"; name = libz.tbd; path = usr/lib/libz.tbd; sourceTree = SDKROOT; };
		D0413114E8B9AD2969A5719B /* Pods-HelloMap.Objective-C.release.xcconfig */ = {isa = PBXFileReference; includeInIndex = 1; lastKnownFileType = text.xcconfig; name = "Pods-HelloMap.Objective-C.release.xcconfig"; path = "Pods/Target Support Files/Pods-HelloMap.Objective-C/Pods-HelloMap.Objective-C.release.xcconfig"; sourceTree = "<group>"; };
		ECCEA6A7E9F089340782DCDB /* Pods-HelloMap.Objective-C.debug.xcconfig */ = {isa = PBXFileReference; includeInIndex = 1; lastKnownFileType = text.xcconfig; name = "Pods-HelloMap.Objective-C.debug.xcconfig"; path = "Pods/Target Support Files/Pods-HelloMap.Objective-C/Pods-HelloMap.Objective-C.debug.xcconfig"; sourceTree = "<group>"; };
/* End PBXFileReference section */

/* Begin PBXFrameworksBuildPhase section */
		ADBFDA4A1D7840B1003DCBC9 /* Frameworks */ = {
			isa = PBXFrameworksBuildPhase;
			buildActionMask = 2147483647;
			files = (
				AD97A5FB1D8958DA00B942AC /* CartoMobileSDK.framework in Frameworks */,
				ADBFDA6E1D784E1A003DCBC9 /* libz.tbd in Frameworks */,
				ADBFDA6C1D784DF1003DCBC9 /* GLKit.framework in Frameworks */,
				310CB4AB22D56A2CFE9D4055 /* libPods-HelloMap.Objective-C.a in Frameworks */,
			);
			runOnlyForDeploymentPostprocessing = 0;
		};
/* End PBXFrameworksBuildPhase section */

/* Begin PBXGroup section */
		4DDB77806D20B2B5991C4838 /* Pods */ = {
			isa = PBXGroup;
			children = (
				ECCEA6A7E9F089340782DCDB /* Pods-HelloMap.Objective-C.debug.xcconfig */,
				D0413114E8B9AD2969A5719B /* Pods-HelloMap.Objective-C.release.xcconfig */,
			);
			name = Pods;
			sourceTree = "<group>";
		};
		74115CF14FCE5F271ABBCF73 /* Frameworks */ = {
			isa = PBXGroup;
			children = (
				381315C658D809D0314B39B8 /* libPods-HelloMap.Objective-C.a */,
			);
			name = Frameworks;
			sourceTree = "<group>";
		};
		ADBFDA441D7840B1003DCBC9 = {
			isa = PBXGroup;
			children = (
				AD97A5FA1D8958DA00B942AC /* CartoMobileSDK.framework */,
				ADBFDA6D1D784E1A003DCBC9 /* libz.tbd */,
				ADBFDA6B1D784DF1003DCBC9 /* GLKit.framework */,
				ADBFDA4F1D7840B1003DCBC9 /* HelloMap.Objective-C */,
				ADBFDA4E1D7840B1003DCBC9 /* Products */,
				4DDB77806D20B2B5991C4838 /* Pods */,
				74115CF14FCE5F271ABBCF73 /* Frameworks */,
			);
			sourceTree = "<group>";
		};
		ADBFDA4E1D7840B1003DCBC9 /* Products */ = {
			isa = PBXGroup;
			children = (
				ADBFDA4D1D7840B1003DCBC9 /* HelloMap.Objective-C.app */,
			);
			name = Products;
			sourceTree = "<group>";
		};
		ADBFDA4F1D7840B1003DCBC9 /* HelloMap.Objective-C */ = {
			isa = PBXGroup;
			children = (
				ADBFDA531D7840B1003DCBC9 /* AppDelegate.h */,
				ADBFDA541D7840B1003DCBC9 /* AppDelegate.m */,
				ADBFDA561D7840B1003DCBC9 /* ViewController.h */,
				ADBFDA571D7840B1003DCBC9 /* ViewController.mm */,
				ADBFDA591D7840B1003DCBC9 /* Main.storyboard */,
				ADBFDA5C1D7840B1003DCBC9 /* Assets.xcassets */,
				ADBFDA5E1D7840B1003DCBC9 /* LaunchScreen.storyboard */,
				ADBFDA611D7840B1003DCBC9 /* Info.plist */,
				ADBFDA501D7840B1003DCBC9 /* Supporting Files */,
			);
			path = "HelloMap.Objective-C";
			sourceTree = "<group>";
		};
		ADBFDA501D7840B1003DCBC9 /* Supporting Files */ = {
			isa = PBXGroup;
			children = (
				ADBFDA511D7840B1003DCBC9 /* main.m */,
			);
			name = "Supporting Files";
			sourceTree = "<group>";
		};
/* End PBXGroup section */

/* Begin PBXNativeTarget section */
		ADBFDA4C1D7840B1003DCBC9 /* HelloMap.Objective-C */ = {
			isa = PBXNativeTarget;
			buildConfigurationList = ADBFDA641D7840B1003DCBC9 /* Build configuration list for PBXNativeTarget "HelloMap.Objective-C" */;
			buildPhases = (
				4823F7FB67E7374BA989E011 /* [CP] Check Pods Manifest.lock */,
				ADBFDA491D7840B1003DCBC9 /* Sources */,
				ADBFDA4A1D7840B1003DCBC9 /* Frameworks */,
				ADBFDA4B1D7840B1003DCBC9 /* Resources */,
				FD6C046CA424CCF81C2291FC /* [CP] Embed Pods Frameworks */,
				2F48ADB5D911A228CFB5B1D7 /* [CP] Copy Pods Resources */,
			);
			buildRules = (
			);
			dependencies = (
			);
			name = "HelloMap.Objective-C";
			productName = "HelloMap.Objective-C";
			productReference = ADBFDA4D1D7840B1003DCBC9 /* HelloMap.Objective-C.app */;
			productType = "com.apple.product-type.application";
		};
/* End PBXNativeTarget section */

/* Begin PBXProject section */
		ADBFDA451D7840B1003DCBC9 /* Project object */ = {
			isa = PBXProject;
			attributes = {
				LastUpgradeCheck = 0730;
				ORGANIZATIONNAME = "Aare Undo";
				TargetAttributes = {
					ADBFDA4C1D7840B1003DCBC9 = {
						CreatedOnToolsVersion = 7.3.1;
						DevelopmentTeam = 79LP8BB5PK;
					};
				};
			};
			buildConfigurationList = ADBFDA481D7840B1003DCBC9 /* Build configuration list for PBXProject "HelloMap.Objective-C" */;
			compatibilityVersion = "Xcode 3.2";
			developmentRegion = English;
			hasScannedForEncodings = 0;
			knownRegions = (
				en,
				Base,
			);
			mainGroup = ADBFDA441D7840B1003DCBC9;
			productRefGroup = ADBFDA4E1D7840B1003DCBC9 /* Products */;
			projectDirPath = "";
			projectRoot = "";
			targets = (
				ADBFDA4C1D7840B1003DCBC9 /* HelloMap.Objective-C */,
			);
		};
/* End PBXProject section */

/* Begin PBXResourcesBuildPhase section */
		ADBFDA4B1D7840B1003DCBC9 /* Resources */ = {
			isa = PBXResourcesBuildPhase;
			buildActionMask = 2147483647;
			files = (
				ADBFDA601D7840B1003DCBC9 /* LaunchScreen.storyboard in Resources */,
				ADBFDA5D1D7840B1003DCBC9 /* Assets.xcassets in Resources */,
				ADBFDA5B1D7840B1003DCBC9 /* Main.storyboard in Resources */,
			);
			runOnlyForDeploymentPostprocessing = 0;
		};
/* End PBXResourcesBuildPhase section */

/* Begin PBXShellScriptBuildPhase section */
		2F48ADB5D911A228CFB5B1D7 /* [CP] Copy Pods Resources */ = {
			isa = PBXShellScriptBuildPhase;
			buildActionMask = 2147483647;
			files = (
			);
			inputPaths = (
			);
			name = "[CP] Copy Pods Resources";
			outputPaths = (
			);
			runOnlyForDeploymentPostprocessing = 0;
			shellPath = /bin/sh;
			shellScript = "\"${SRCROOT}/Pods/Target Support Files/Pods-HelloMap.Objective-C/Pods-HelloMap.Objective-C-resources.sh\"\n";
			showEnvVarsInLog = 0;
		};
		4823F7FB67E7374BA989E011 /* [CP] Check Pods Manifest.lock */ = {
			isa = PBXShellScriptBuildPhase;
			buildActionMask = 2147483647;
			files = (
			);
			inputPaths = (
			);
			name = "[CP] Check Pods Manifest.lock";
			outputPaths = (
			);
			runOnlyForDeploymentPostprocessing = 0;
			shellPath = /bin/sh;
			shellScript = "diff \"${PODS_ROOT}/../Podfile.lock\" \"${PODS_ROOT}/Manifest.lock\" > /dev/null\nif [[ $? != 0 ]] ; then\n    cat << EOM\nerror: The sandbox is not in sync with the Podfile.lock. Run 'pod install' or update your CocoaPods installation.\nEOM\n    exit 1\nfi\n";
			showEnvVarsInLog = 0;
		};
		FD6C046CA424CCF81C2291FC /* [CP] Embed Pods Frameworks */ = {
			isa = PBXShellScriptBuildPhase;
			buildActionMask = 2147483647;
			files = (
			);
			inputPaths = (
			);
			name = "[CP] Embed Pods Frameworks";
			outputPaths = (
			);
			runOnlyForDeploymentPostprocessing = 0;
			shellPath = /bin/sh;
			shellScript = "\"${SRCROOT}/Pods/Target Support Files/Pods-HelloMap.Objective-C/Pods-HelloMap.Objective-C-frameworks.sh\"\n";
			showEnvVarsInLog = 0;
		};
/* End PBXShellScriptBuildPhase section */

/* Begin PBXSourcesBuildPhase section */
		ADBFDA491D7840B1003DCBC9 /* Sources */ = {
			isa = PBXSourcesBuildPhase;
			buildActionMask = 2147483647;
			files = (
				ADBFDA581D7840B1003DCBC9 /* ViewController.mm in Sources */,
				ADBFDA551D7840B1003DCBC9 /* AppDelegate.m in Sources */,
				ADBFDA521D7840B1003DCBC9 /* main.m in Sources */,
			);
			runOnlyForDeploymentPostprocessing = 0;
		};
/* End PBXSourcesBuildPhase section */

/* Begin PBXVariantGroup section */
		ADBFDA591D7840B1003DCBC9 /* Main.storyboard */ = {
			isa = PBXVariantGroup;
			children = (
				ADBFDA5A1D7840B1003DCBC9 /* Base */,
			);
			name = Main.storyboard;
			sourceTree = "<group>";
		};
		ADBFDA5E1D7840B1003DCBC9 /* LaunchScreen.storyboard */ = {
			isa = PBXVariantGroup;
			children = (
				ADBFDA5F1D7840B1003DCBC9 /* Base */,
			);
			name = LaunchScreen.storyboard;
			sourceTree = "<group>";
		};
/* End PBXVariantGroup section */

/* Begin XCBuildConfiguration section */
		ADBFDA621D7840B1003DCBC9 /* Debug */ = {
			isa = XCBuildConfiguration;
			buildSettings = {
				ALWAYS_SEARCH_USER_PATHS = NO;
				CLANG_ANALYZER_NONNULL = YES;
				CLANG_CXX_LANGUAGE_STANDARD = "gnu++0x";
				CLANG_CXX_LIBRARY = "libc++";
				CLANG_ENABLE_MODULES = YES;
				CLANG_ENABLE_OBJC_ARC = YES;
				CLANG_WARN_BOOL_CONVERSION = YES;
				CLANG_WARN_CONSTANT_CONVERSION = YES;
				CLANG_WARN_DIRECT_OBJC_ISA_USAGE = YES_ERROR;
				CLANG_WARN_EMPTY_BODY = YES;
				CLANG_WARN_ENUM_CONVERSION = YES;
				CLANG_WARN_INT_CONVERSION = YES;
				CLANG_WARN_OBJC_ROOT_CLASS = YES_ERROR;
				CLANG_WARN_UNREACHABLE_CODE = YES;
				CLANG_WARN__DUPLICATE_METHOD_MATCH = YES;
				"CODE_SIGN_IDENTITY[sdk=iphoneos*]" = "iPhone Developer";
				COPY_PHASE_STRIP = NO;
				DEBUG_INFORMATION_FORMAT = dwarf;
				ENABLE_STRICT_OBJC_MSGSEND = YES;
				ENABLE_TESTABILITY = YES;
				GCC_C_LANGUAGE_STANDARD = gnu99;
				GCC_DYNAMIC_NO_PIC = NO;
				GCC_NO_COMMON_BLOCKS = YES;
				GCC_OPTIMIZATION_LEVEL = 0;
				GCC_PREPROCESSOR_DEFINITIONS = (
					"DEBUG=1",
					"$(inherited)",
				);
				GCC_WARN_64_TO_32_BIT_CONVERSION = YES;
				GCC_WARN_ABOUT_RETURN_TYPE = YES_ERROR;
				GCC_WARN_UNDECLARED_SELECTOR = YES;
				GCC_WARN_UNINITIALIZED_AUTOS = YES_AGGRESSIVE;
				GCC_WARN_UNUSED_FUNCTION = YES;
				GCC_WARN_UNUSED_VARIABLE = YES;
				IPHONEOS_DEPLOYMENT_TARGET = 9.3;
				MTL_ENABLE_DEBUG_INFO = YES;
				ONLY_ACTIVE_ARCH = YES;
				SDKROOT = iphoneos;
				TARGETED_DEVICE_FAMILY = "1,2";
			};
			name = Debug;
		};
		ADBFDA631D7840B1003DCBC9 /* Release */ = {
			isa = XCBuildConfiguration;
			buildSettings = {
				ALWAYS_SEARCH_USER_PATHS = NO;
				CLANG_ANALYZER_NONNULL = YES;
				CLANG_CXX_LANGUAGE_STANDARD = "gnu++0x";
				CLANG_CXX_LIBRARY = "libc++";
				CLANG_ENABLE_MODULES = YES;
				CLANG_ENABLE_OBJC_ARC = YES;
				CLANG_WARN_BOOL_CONVERSION = YES;
				CLANG_WARN_CONSTANT_CONVERSION = YES;
				CLANG_WARN_DIRECT_OBJC_ISA_USAGE = YES_ERROR;
				CLANG_WARN_EMPTY_BODY = YES;
				CLANG_WARN_ENUM_CONVERSION = YES;
				CLANG_WARN_INT_CONVERSION = YES;
				CLANG_WARN_OBJC_ROOT_CLASS = YES_ERROR;
				CLANG_WARN_UNREACHABLE_CODE = YES;
				CLANG_WARN__DUPLICATE_METHOD_MATCH = YES;
				"CODE_SIGN_IDENTITY[sdk=iphoneos*]" = "iPhone Developer";
				COPY_PHASE_STRIP = NO;
				DEBUG_INFORMATION_FORMAT = "dwarf-with-dsym";
				ENABLE_NS_ASSERTIONS = NO;
				ENABLE_STRICT_OBJC_MSGSEND = YES;
				GCC_C_LANGUAGE_STANDARD = gnu99;
				GCC_NO_COMMON_BLOCKS = YES;
				GCC_WARN_64_TO_32_BIT_CONVERSION = YES;
				GCC_WARN_ABOUT_RETURN_TYPE = YES_ERROR;
				GCC_WARN_UNDECLARED_SELECTOR = YES;
				GCC_WARN_UNINITIALIZED_AUTOS = YES_AGGRESSIVE;
				GCC_WARN_UNUSED_FUNCTION = YES;
				GCC_WARN_UNUSED_VARIABLE = YES;
				IPHONEOS_DEPLOYMENT_TARGET = 9.3;
				MTL_ENABLE_DEBUG_INFO = NO;
				SDKROOT = iphoneos;
				TARGETED_DEVICE_FAMILY = "1,2";
				VALIDATE_PRODUCT = YES;
			};
			name = Release;
		};
		ADBFDA651D7840B1003DCBC9 /* Debug */ = {
			isa = XCBuildConfiguration;
			baseConfigurationReference = ECCEA6A7E9F089340782DCDB /* Pods-HelloMap.Objective-C.debug.xcconfig */;
			buildSettings = {
				ASSETCATALOG_COMPILER_APPICON_NAME = AppIcon;
				CODE_SIGN_IDENTITY = "iPhone Developer";
				DEVELOPMENT_TEAM = 79LP8BB5PK;
				FRAMEWORK_SEARCH_PATHS = "$(inherited)";
				INFOPLIST_FILE = "HelloMap.Objective-C/Info.plist";
				LD_RUNPATH_SEARCH_PATHS = "$(inherited) @executable_path/Frameworks";
				PRODUCT_BUNDLE_IDENTIFIER = "carto.HelloMap-Objective-C";
				PRODUCT_NAME = "$(TARGET_NAME)";
			};
			name = Debug;
		};
		ADBFDA661D7840B1003DCBC9 /* Release */ = {
			isa = XCBuildConfiguration;
			baseConfigurationReference = D0413114E8B9AD2969A5719B /* Pods-HelloMap.Objective-C.release.xcconfig */;
			buildSettings = {
				ASSETCATALOG_COMPILER_APPICON_NAME = AppIcon;
				CODE_SIGN_IDENTITY = "iPhone Developer";
				DEVELOPMENT_TEAM = 79LP8BB5PK;
				FRAMEWORK_SEARCH_PATHS = "$(inherited)";
				INFOPLIST_FILE = "HelloMap.Objective-C/Info.plist";
				LD_RUNPATH_SEARCH_PATHS = "$(inherited) @executable_path/Frameworks";
				PRODUCT_BUNDLE_IDENTIFIER = "carto.HelloMap-Objective-C";
				PRODUCT_NAME = "$(TARGET_NAME)";
			};
			name = Release;
		};
/* End XCBuildConfiguration section */

/* Begin XCConfigurationList section */
		ADBFDA481D7840B1003DCBC9 /* Build configuration list for PBXProject "HelloMap.Objective-C" */ = {
			isa = XCConfigurationList;
			buildConfigurations = (
				ADBFDA621D7840B1003DCBC9 /* Debug */,
				ADBFDA631D7840B1003DCBC9 /* Release */,
			);
			defaultConfigurationIsVisible = 0;
			defaultConfigurationName = Release;
		};
		ADBFDA641D7840B1003DCBC9 /* Build configuration list for PBXNativeTarget "HelloMap.Objective-C" */ = {
			isa = XCConfigurationList;
			buildConfigurations = (
				ADBFDA651D7840B1003DCBC9 /* Debug */,
				ADBFDA661D7840B1003DCBC9 /* Release */,
			);
			defaultConfigurationIsVisible = 0;
			defaultConfigurationName = Release;
		};
/* End XCConfigurationList section */
	};
	rootObject = ADBFDA451D7840B1003DCBC9 /* Project object */;
}
