PODS:
  - CartoMobileSDK (4.0.0-rc.2)
  - Toast (3.1.0)

DEPENDENCIES:
  - CartoMobileSDK (~> 4.0.0-beta.086)
  - Toast (~> 3.0)

SPEC CHECKSUMS:
  CartoMobileSDK: 7be44582120da7e0ad32a8832b97b9736300d965
  Toast: 14a93686d6c8bfe2727afd342414e35660a8a1f3

PODFILE CHECKSUM: b65c3f67715561ab12191c8b1da177674ac0cc93

COCOAPODS: 1.0.1
