PODS:
  - CartoMobileSDK (4.1.2)
  - Toast (3.1.0)

DEPENDENCIES:
  - CartoMobileSDK (= 4.1.2)
  - Toast (~> 3.0)

SPEC CHECKSUMS:
  CartoMobileSDK: 2fec51c544d7cba762822600d4279ab188501263
  Toast: 14a93686d6c8bfe2727afd342414e35660a8a1f3

PODFILE CHECKSUM: bec9d43fc0fdaf387ba529de9db96f7b71026555

COCOAPODS: 1.3.1
